
Microsoft Visual Studio Solution File, Format Version 12.00
# Visual Studio Version 17
VisualStudioVersion = 17.6.33723.286
MinimumVisualStudioVersion = 10.0.40219.1
Project("{FAE04EC0-301F-11D3-BF4B-00C04F79EFBC}") = "BlazorPDFGettingStarted", "BlazorPDFGettingStarted\BlazorPDFGettingStarted.csproj", "{BA279A83-F445-4234-AF7E-BB3F31D95D4E}"
EndProject
Global
	GlobalSection(SolutionConfigurationPlatforms) = preSolution
		Debug|Any CPU = Debug|Any CPU
		Release|Any CPU = Release|Any CPU
	EndGlobalSection
	GlobalSection(ProjectConfigurationPlatforms) = postSolution
		{BA279A83-F445-4234-AF7E-BB3F31D95D4E}.Debug|Any CPU.ActiveCfg = Debug|Any CPU
		{BA279A83-F445-4234-AF7E-BB3F31D95D4E}.Debug|Any CPU.Build.0 = Debug|Any CPU
		{BA279A83-F445-4234-AF7E-BB3F31D95D4E}.Release|Any CPU.ActiveCfg = Release|Any CPU
		{BA279A83-F445-4234-AF7E-BB3F31D95D4E}.Release|Any CPU.Build.0 = Release|Any CPU
	EndGlobalSection
	GlobalSection(SolutionProperties) = preSolution
		HideSolutionNode = FALSE
	EndGlobalSection
	GlobalSection(ExtensibilityGlobals) = postSolution
		SolutionGuid = {4E522B04-97B1-49FF-B760-E40453111008}
	EndGlobalSection
EndGlobal
