
Microsoft Visual Studio Solution File, Format Version 12.00
# Visual Studio Version 17
VisualStudioVersion = 17.6.33829.357
MinimumVisualStudioVersion = 10.0.40219.1
Project("{FAE04EC0-301F-11D3-BF4B-00C04F79EFBC}") = "Redact-text-content-alone-on-the-redated-area", "Redact-text-content-alone-on-the-redated-area.csproj", "{277A9C40-8E1A-45B8-A569-0FEFBD6DE7F9}"
EndProject
Global
	GlobalSection(SolutionConfigurationPlatforms) = preSolution
		Debug|Any CPU = Debug|Any CPU
		Release|Any CPU = Release|Any CPU
	EndGlobalSection
	GlobalSection(ProjectConfigurationPlatforms) = postSolution
		{277A9C40-8E1A-45B8-A569-0FEFBD6DE7F9}.Debug|Any CPU.ActiveCfg = Debug|Any CPU
		{277A9C40-8E1A-45B8-A569-0FEFBD6DE7F9}.Debug|Any CPU.Build.0 = Debug|Any CPU
		{277A9C40-8E1A-45B8-A569-0FEFBD6DE7F9}.Release|Any CPU.ActiveCfg = Release|Any CPU
		{277A9C40-8E1A-45B8-A569-0FEFBD6DE7F9}.Release|Any CPU.Build.0 = Release|Any CPU
	EndGlobalSection
	GlobalSection(SolutionProperties) = preSolution
		HideSolutionNode = FALSE
	EndGlobalSection
	GlobalSection(ExtensibilityGlobals) = postSolution
		SolutionGuid = {C883D13A-EAC4-4DC9-9C72-F21DEBA8ABE0}
	EndGlobalSection
EndGlobal
