
Microsoft Visual Studio Solution File, Format Version 12.00
# Visual Studio Version 17
VisualStudioVersion = 17.14.37516.0 d17.14
MinimumVisualStudioVersion = 10.0.40219.1
Project("{FAE04EC0-301F-11D3-BF4B-00C04F79EFBC}") = "Converting-Metafile-to-PDF", "Converting-Metafile-to-PDF\Converting-Metafile-to-PDF.csproj", "{4AC761AC-C0CB-4022-93B4-DF27830765AF}"
EndProject
Global
	GlobalSection(SolutionConfigurationPlatforms) = preSolution
		Debug|Any CPU = Debug|Any CPU
		Release|Any CPU = Release|Any CPU
	EndGlobalSection
	GlobalSection(ProjectConfigurationPlatforms) = postSolution
		{4AC761AC-C0CB-4022-93B4-DF27830765AF}.Debug|Any CPU.ActiveCfg = Debug|Any CPU
		{4AC761AC-C0CB-4022-93B4-DF27830765AF}.Debug|Any CPU.Build.0 = Debug|Any CPU
		{4AC761AC-C0CB-4022-93B4-DF27830765AF}.Release|Any CPU.ActiveCfg = Release|Any CPU
		{4AC761AC-C0CB-4022-93B4-DF27830765AF}.Release|Any CPU.Build.0 = Release|Any CPU
	EndGlobalSection
	GlobalSection(SolutionProperties) = preSolution
		HideSolutionNode = FALSE
	EndGlobalSection
	GlobalSection(ExtensibilityGlobals) = postSolution
		SolutionGuid = {8683346D-D856-4171-A269-2B4AFB761FD7}
	EndGlobalSection
EndGlobal
