
Microsoft Visual Studio Solution File, Format Version 12.00
# Visual Studio Version 17
VisualStudioVersion = 17.1.32407.343
MinimumVisualStudioVersion = 10.0.40219.1
Project("{FAE04EC0-301F-11D3-BF4B-00C04F79EFBC}") = "Removing-the-sensitive-text-and-images-from-PDF-document", "Removing-the-sensitive-text-and-images-from-PDF-document\Removing-the-sensitive-text-and-images-from-PDF-document.csproj", "{E1B03623-5EA9-48C4-B5E6-5C7351C1BCB9}"
EndProject
Global
	GlobalSection(SolutionConfigurationPlatforms) = preSolution
		Debug|Any CPU = Debug|Any CPU
		Release|Any CPU = Release|Any CPU
	EndGlobalSection
	GlobalSection(ProjectConfigurationPlatforms) = postSolution
		{E1B03623-5EA9-48C4-B5E6-5C7351C1BCB9}.Debug|Any CPU.ActiveCfg = Debug|Any CPU
		{E1B03623-5EA9-48C4-B5E6-5C7351C1BCB9}.Debug|Any CPU.Build.0 = Debug|Any CPU
		{E1B03623-5EA9-48C4-B5E6-5C7351C1BCB9}.Release|Any CPU.ActiveCfg = Release|Any CPU
		{E1B03623-5EA9-48C4-B5E6-5C7351C1BCB9}.Release|Any CPU.Build.0 = Release|Any CPU
	EndGlobalSection
	GlobalSection(SolutionProperties) = preSolution
		HideSolutionNode = FALSE
	EndGlobalSection
	GlobalSection(ExtensibilityGlobals) = postSolution
		SolutionGuid = {15D76EA0-B3B5-4528-8B41-6EDC151BA694}
	EndGlobalSection
EndGlobal
