
Microsoft Visual Studio Solution File, Format Version 12.00
# Visual Studio Version 17
VisualStudioVersion = 17.3.32819.101
MinimumVisualStudioVersion = 10.0.40219.1
Project("{FAE04EC0-301F-11D3-BF4B-00C04F79EFBC}") = "Flatten-the-form-fields-before-saving-PDF-document", "Flatten-the-form-fields-before-saving-PDF-document\Flatten-the-form-fields-before-saving-PDF-document.csproj", "{9120284C-4306-41B1-982E-F2EF1FE90FA0}"
EndProject
Global
	GlobalSection(SolutionConfigurationPlatforms) = preSolution
		Debug|Any CPU = Debug|Any CPU
		Release|Any CPU = Release|Any CPU
	EndGlobalSection
	GlobalSection(ProjectConfigurationPlatforms) = postSolution
		{9120284C-4306-41B1-982E-F2EF1FE90FA0}.Debug|Any CPU.ActiveCfg = Debug|Any CPU
		{9120284C-4306-41B1-982E-F2EF1FE90FA0}.Debug|Any CPU.Build.0 = Debug|Any CPU
		{9120284C-4306-41B1-982E-F2EF1FE90FA0}.Release|Any CPU.ActiveCfg = Release|Any CPU
		{9120284C-4306-41B1-982E-F2EF1FE90FA0}.Release|Any CPU.Build.0 = Release|Any CPU
	EndGlobalSection
	GlobalSection(SolutionProperties) = preSolution
		HideSolutionNode = FALSE
	EndGlobalSection
	GlobalSection(ExtensibilityGlobals) = postSolution
		SolutionGuid = {5CB8692C-3AB8-4913-BD8F-4293CF123B94}
	EndGlobalSection
EndGlobal
