
Microsoft Visual Studio Solution File, Format Version 12.00
# Visual Studio Version 17
VisualStudioVersion = 17.1.32407.343
MinimumVisualStudioVersion = 10.0.40219.1
Project("{FAE04EC0-301F-11D3-BF4B-00C04F79EFBC}") = "Create_PDF_with_viewer_preference", "Create_PDF_with_viewer_preference\Create_PDF_with_viewer_preference.csproj", "{22AC4605-6353-4B6C-BA5B-CAD4B6E0F3CA}"
EndProject
Global
	GlobalSection(SolutionConfigurationPlatforms) = preSolution
		Debug|Any CPU = Debug|Any CPU
		Release|Any CPU = Release|Any CPU
	EndGlobalSection
	GlobalSection(ProjectConfigurationPlatforms) = postSolution
		{22AC4605-6353-4B6C-BA5B-CAD4B6E0F3CA}.Debug|Any CPU.ActiveCfg = Debug|Any CPU
		{22AC4605-6353-4B6C-BA5B-CAD4B6E0F3CA}.Debug|Any CPU.Build.0 = Debug|Any CPU
		{22AC4605-6353-4B6C-BA5B-CAD4B6E0F3CA}.Release|Any CPU.ActiveCfg = Release|Any CPU
		{22AC4605-6353-4B6C-BA5B-CAD4B6E0F3CA}.Release|Any CPU.Build.0 = Release|Any CPU
	EndGlobalSection
	GlobalSection(SolutionProperties) = preSolution
		HideSolutionNode = FALSE
	EndGlobalSection
	GlobalSection(ExtensibilityGlobals) = postSolution
		SolutionGuid = {459E7AC5-B81D-46A7-9D4D-65AB3A1A4B48}
	EndGlobalSection
EndGlobal
