
Microsoft Visual Studio Solution File, Format Version 12.00
# Visual Studio Version 17
VisualStudioVersion = 17.6.33417.168
MinimumVisualStudioVersion = 10.0.40219.1
Project("{FAE04EC0-301F-11D3-BF4B-00C04F79EFBC}") = "Compress_secured_PDF_NET", "Compress_secured_PDF_NET\Compress_secured_PDF_NET.csproj", "{A7643DD4-589A-41FC-AFE0-4C6316ED1AB0}"
EndProject
Global
	GlobalSection(SolutionConfigurationPlatforms) = preSolution
		Debug|Any CPU = Debug|Any CPU
		Release|Any CPU = Release|Any CPU
	EndGlobalSection
	GlobalSection(ProjectConfigurationPlatforms) = postSolution
		{A7643DD4-589A-41FC-AFE0-4C6316ED1AB0}.Debug|Any CPU.ActiveCfg = Debug|Any CPU
		{A7643DD4-589A-41FC-AFE0-4C6316ED1AB0}.Debug|Any CPU.Build.0 = Debug|Any CPU
		{A7643DD4-589A-41FC-AFE0-4C6316ED1AB0}.Release|Any CPU.ActiveCfg = Release|Any CPU
		{A7643DD4-589A-41FC-AFE0-4C6316ED1AB0}.Release|Any CPU.Build.0 = Release|Any CPU
	EndGlobalSection
	GlobalSection(SolutionProperties) = preSolution
		HideSolutionNode = FALSE
	EndGlobalSection
	GlobalSection(ExtensibilityGlobals) = postSolution
		SolutionGuid = {01627C7B-49BA-4C53-ACD4-9F9D2739263F}
	EndGlobalSection
EndGlobal
