
Microsoft Visual Studio Solution File, Format Version 12.00
# Visual Studio Version 17
VisualStudioVersion = 17.1.32407.343
MinimumVisualStudioVersion = 10.0.40219.1
Project("{FAE04EC0-301F-11D3-BF4B-00C04F79EFBC}") = "Importing-annotations-from-FDF-file-to-PDF-document", "Importing-annotations-from-FDF-file-to-PDF-document\Importing-annotations-from-FDF-file-to-PDF-document.csproj", "{276BBD22-4D1C-421C-BAFF-8C29EEECC196}"
EndProject
Global
	GlobalSection(SolutionConfigurationPlatforms) = preSolution
		Debug|Any CPU = Debug|Any CPU
		Release|Any CPU = Release|Any CPU
	EndGlobalSection
	GlobalSection(ProjectConfigurationPlatforms) = postSolution
		{276BBD22-4D1C-421C-BAFF-8C29EEECC196}.Debug|Any CPU.ActiveCfg = Debug|Any CPU
		{276BBD22-4D1C-421C-BAFF-8C29EEECC196}.Debug|Any CPU.Build.0 = Debug|Any CPU
		{276BBD22-4D1C-421C-BAFF-8C29EEECC196}.Release|Any CPU.ActiveCfg = Release|Any CPU
		{276BBD22-4D1C-421C-BAFF-8C29EEECC196}.Release|Any CPU.Build.0 = Release|Any CPU
	EndGlobalSection
	GlobalSection(SolutionProperties) = preSolution
		HideSolutionNode = FALSE
	EndGlobalSection
	GlobalSection(ExtensibilityGlobals) = postSolution
		SolutionGuid = {44BA3CBD-1602-44B5-B68D-7191717CB3B8}
	EndGlobalSection
EndGlobal
