
Microsoft Visual Studio Solution File, Format Version 12.00
# Visual Studio Version 17
VisualStudioVersion = 17.1.32407.343
MinimumVisualStudioVersion = 10.0.40219.1
Project("{FAE04EC0-301F-11D3-BF4B-00C04F79EFBC}") = "Add-graphics-elemets-by-Pantone-color-in-existing-PDF", "Add-graphics-elemets-by-Pantone-color-in-existing-PDF\Add-graphics-elemets-by-Pantone-color-in-existing-PDF.csproj", "{FCDEA0A0-1AA9-4DF5-A3F3-131992CA6445}"
EndProject
Global
	GlobalSection(SolutionConfigurationPlatforms) = preSolution
		Debug|Any CPU = Debug|Any CPU
		Release|Any CPU = Release|Any CPU
	EndGlobalSection
	GlobalSection(ProjectConfigurationPlatforms) = postSolution
		{FCDEA0A0-1AA9-4DF5-A3F3-131992CA6445}.Debug|Any CPU.ActiveCfg = Debug|Any CPU
		{FCDEA0A0-1AA9-4DF5-A3F3-131992CA6445}.Debug|Any CPU.Build.0 = Debug|Any CPU
		{FCDEA0A0-1AA9-4DF5-A3F3-131992CA6445}.Release|Any CPU.ActiveCfg = Release|Any CPU
		{FCDEA0A0-1AA9-4DF5-A3F3-131992CA6445}.Release|Any CPU.Build.0 = Release|Any CPU
	EndGlobalSection
	GlobalSection(SolutionProperties) = preSolution
		HideSolutionNode = FALSE
	EndGlobalSection
	GlobalSection(ExtensibilityGlobals) = postSolution
		SolutionGuid = {A9F35406-99D6-4773-B776-538A4871C69B}
	EndGlobalSection
EndGlobal
