
Microsoft Visual Studio Solution File, Format Version 12.00
# Visual Studio Version 17
VisualStudioVersion = 17.14.36408.4 d17.14
MinimumVisualStudioVersion = 10.0.40219.1
Project("{FAE04EC0-301F-11D3-BF4B-00C04F79EFBC}") = "Detecting-text-clipping-in-PDF-layouts", "Detecting-text-clipping-in-PDF-layouts\Detecting-text-clipping-in-PDF-layouts.csproj", "{8CD58A5D-765C-40AC-BE7A-A1CD873F7173}"
EndProject
Global
	GlobalSection(SolutionConfigurationPlatforms) = preSolution
		Debug|Any CPU = Debug|Any CPU
		Release|Any CPU = Release|Any CPU
	EndGlobalSection
	GlobalSection(ProjectConfigurationPlatforms) = postSolution
		{8CD58A5D-765C-40AC-BE7A-A1CD873F7173}.Debug|Any CPU.ActiveCfg = Debug|Any CPU
		{8CD58A5D-765C-40AC-BE7A-A1CD873F7173}.Debug|Any CPU.Build.0 = Debug|Any CPU
		{8CD58A5D-765C-40AC-BE7A-A1CD873F7173}.Release|Any CPU.ActiveCfg = Release|Any CPU
		{8CD58A5D-765C-40AC-BE7A-A1CD873F7173}.Release|Any CPU.Build.0 = Release|Any CPU
	EndGlobalSection
	GlobalSection(SolutionProperties) = preSolution
		HideSolutionNode = FALSE
	EndGlobalSection
	GlobalSection(ExtensibilityGlobals) = postSolution
		SolutionGuid = {D8632971-EA4E-4115-A622-71FA04D6ED24}
	EndGlobalSection
EndGlobal
