
Microsoft Visual Studio Solution File, Format Version 12.00
# Visual Studio Version 17
VisualStudioVersion = 17.1.32407.343
MinimumVisualStudioVersion = 10.0.40219.1
Project("{FAE04EC0-301F-11D3-BF4B-00C04F79EFBC}") = "Set-windows-status-while-converting-HTML-to-PDF", "Set-windows-status-while-converting-HTML-to-PDF\Set-windows-status-while-converting-HTML-to-PDF.csproj", "{0A208F33-638B-4304-A558-A0C265118579}"
EndProject
Global
	GlobalSection(SolutionConfigurationPlatforms) = preSolution
		Debug|Any CPU = Debug|Any CPU
		Release|Any CPU = Release|Any CPU
	EndGlobalSection
	GlobalSection(ProjectConfigurationPlatforms) = postSolution
		{0A208F33-638B-4304-A558-A0C265118579}.Debug|Any CPU.ActiveCfg = Debug|Any CPU
		{0A208F33-638B-4304-A558-A0C265118579}.Debug|Any CPU.Build.0 = Debug|Any CPU
		{0A208F33-638B-4304-A558-A0C265118579}.Release|Any CPU.ActiveCfg = Release|Any CPU
		{0A208F33-638B-4304-A558-A0C265118579}.Release|Any CPU.Build.0 = Release|Any CPU
	EndGlobalSection
	GlobalSection(SolutionProperties) = preSolution
		HideSolutionNode = FALSE
	EndGlobalSection
	GlobalSection(ExtensibilityGlobals) = postSolution
		SolutionGuid = {7DDB7605-2CB7-490B-81B5-22C84E4DC064}
	EndGlobalSection
EndGlobal
