
Microsoft Visual Studio Solution File, Format Version 12.00
# Visual Studio Version 17
VisualStudioVersion = 17.1.32407.343
MinimumVisualStudioVersion = 10.0.40219.1
Project("{FAE04EC0-301F-11D3-BF4B-00C04F79EFBC}") = "Highlight-text-in-the-newly-created-PDF-document", "Highlight-text-in-the-newly-created-PDF-document\Highlight-text-in-the-newly-created-PDF-document.csproj", "{70AF0A1A-5FC4-464B-AC50-87AA5CF0441E}"
EndProject
Global
	GlobalSection(SolutionConfigurationPlatforms) = preSolution
		Debug|Any CPU = Debug|Any CPU
		Release|Any CPU = Release|Any CPU
	EndGlobalSection
	GlobalSection(ProjectConfigurationPlatforms) = postSolution
		{70AF0A1A-5FC4-464B-AC50-87AA5CF0441E}.Debug|Any CPU.ActiveCfg = Debug|Any CPU
		{70AF0A1A-5FC4-464B-AC50-87AA5CF0441E}.Debug|Any CPU.Build.0 = Debug|Any CPU
		{70AF0A1A-5FC4-464B-AC50-87AA5CF0441E}.Release|Any CPU.ActiveCfg = Release|Any CPU
		{70AF0A1A-5FC4-464B-AC50-87AA5CF0441E}.Release|Any CPU.Build.0 = Release|Any CPU
	EndGlobalSection
	GlobalSection(SolutionProperties) = preSolution
		HideSolutionNode = FALSE
	EndGlobalSection
	GlobalSection(ExtensibilityGlobals) = postSolution
		SolutionGuid = {B795E9F4-DD6E-4130-88AB-62BAA406B166}
	EndGlobalSection
EndGlobal
