
Microsoft Visual Studio Solution File, Format Version 12.00
# Visual Studio Version 17
VisualStudioVersion = 17.1.32407.343
MinimumVisualStudioVersion = 10.0.40219.1
Project("{FAE04EC0-301F-11D3-BF4B-00C04F79EFBC}") = "Add-a-web-hyperlink-to-an-existing-PDF-document", "Add-a-web-hyperlink-to-an-existing-PDF-document\Add-a-web-hyperlink-to-an-existing-PDF-document.csproj", "{687AE7E8-EE1E-4CE0-9B28-AB5417579C63}"
EndProject
Global
	GlobalSection(SolutionConfigurationPlatforms) = preSolution
		Debug|Any CPU = Debug|Any CPU
		Release|Any CPU = Release|Any CPU
	EndGlobalSection
	GlobalSection(ProjectConfigurationPlatforms) = postSolution
		{687AE7E8-EE1E-4CE0-9B28-AB5417579C63}.Debug|Any CPU.ActiveCfg = Debug|Any CPU
		{687AE7E8-EE1E-4CE0-9B28-AB5417579C63}.Debug|Any CPU.Build.0 = Debug|Any CPU
		{687AE7E8-EE1E-4CE0-9B28-AB5417579C63}.Release|Any CPU.ActiveCfg = Release|Any CPU
		{687AE7E8-EE1E-4CE0-9B28-AB5417579C63}.Release|Any CPU.Build.0 = Release|Any CPU
	EndGlobalSection
	GlobalSection(SolutionProperties) = preSolution
		HideSolutionNode = FALSE
	EndGlobalSection
	GlobalSection(ExtensibilityGlobals) = postSolution
		SolutionGuid = {5C176A86-BFB6-4524-AD0D-85DEF15FE0D7}
	EndGlobalSection
EndGlobal
