
Microsoft Visual Studio Solution File, Format Version 12.00
# Visual Studio Version 17
VisualStudioVersion = 17.1.32407.343
MinimumVisualStudioVersion = 10.0.40219.1
Project("{FAE04EC0-301F-11D3-BF4B-00C04F79EFBC}") = "Draw-the-image-watermark-in-an-existing-PDF-document", "Draw-the-image-watermark-in-an-existing-PDF-document\Draw-the-image-watermark-in-an-existing-PDF-document.csproj", "{0F0CC674-247F-4324-941B-AF93E52F88B3}"
EndProject
Global
	GlobalSection(SolutionConfigurationPlatforms) = preSolution
		Debug|Any CPU = Debug|Any CPU
		Release|Any CPU = Release|Any CPU
	EndGlobalSection
	GlobalSection(ProjectConfigurationPlatforms) = postSolution
		{0F0CC674-247F-4324-941B-AF93E52F88B3}.Debug|Any CPU.ActiveCfg = Debug|Any CPU
		{0F0CC674-247F-4324-941B-AF93E52F88B3}.Debug|Any CPU.Build.0 = Debug|Any CPU
		{0F0CC674-247F-4324-941B-AF93E52F88B3}.Release|Any CPU.ActiveCfg = Release|Any CPU
		{0F0CC674-247F-4324-941B-AF93E52F88B3}.Release|Any CPU.Build.0 = Release|Any CPU
	EndGlobalSection
	GlobalSection(SolutionProperties) = preSolution
		HideSolutionNode = FALSE
	EndGlobalSection
	GlobalSection(ExtensibilityGlobals) = postSolution
		SolutionGuid = {2818A25E-4E58-4C9A-835A-F224DB4C472B}
	EndGlobalSection
EndGlobal
