
Microsoft Visual Studio Solution File, Format Version 12.00
# Visual Studio Version 18
VisualStudioVersion = 18.4.11626.88 stable
MinimumVisualStudioVersion = 10.0.40219.1
Project("{FAE04EC0-301F-11D3-BF4B-00C04F79EFBC}") = "Extract_Data", "Extract_Data\Extract_Data.csproj", "{0ADAC490-B880-42D1-B7F8-513300B32339}"
EndProject
Global
	GlobalSection(SolutionConfigurationPlatforms) = preSolution
		Debug|Any CPU = Debug|Any CPU
		Release|Any CPU = Release|Any CPU
	EndGlobalSection
	GlobalSection(ProjectConfigurationPlatforms) = postSolution
		{0ADAC490-B880-42D1-B7F8-513300B32339}.Debug|Any CPU.ActiveCfg = Debug|Any CPU
		{0ADAC490-B880-42D1-B7F8-513300B32339}.Debug|Any CPU.Build.0 = Debug|Any CPU
		{0ADAC490-B880-42D1-B7F8-513300B32339}.Release|Any CPU.ActiveCfg = Release|Any CPU
		{0ADAC490-B880-42D1-B7F8-513300B32339}.Release|Any CPU.Build.0 = Release|Any CPU
	EndGlobalSection
	GlobalSection(SolutionProperties) = preSolution
		HideSolutionNode = FALSE
	EndGlobalSection
	GlobalSection(ExtensibilityGlobals) = postSolution
		SolutionGuid = {3BDA1608-B98B-4F7E-AF43-150D763D716A}
	EndGlobalSection
EndGlobal
