
Microsoft Visual Studio Solution File, Format Version 12.00
# Visual Studio Version 17
VisualStudioVersion = 17.3.32819.101
MinimumVisualStudioVersion = 10.0.40219.1
Project("{FAE04EC0-301F-11D3-BF4B-00C04F79EFBC}") = "Retrieve-revocation-certificate-information", "Retrieve-revocation-certificate-information\Retrieve-revocation-certificate-information.csproj", "{9EA27203-FA1C-4E49-8D2A-939524E45CE6}"
EndProject
Global
	GlobalSection(SolutionConfigurationPlatforms) = preSolution
		Debug|Any CPU = Debug|Any CPU
		Release|Any CPU = Release|Any CPU
	EndGlobalSection
	GlobalSection(ProjectConfigurationPlatforms) = postSolution
		{9EA27203-FA1C-4E49-8D2A-939524E45CE6}.Debug|Any CPU.ActiveCfg = Debug|Any CPU
		{9EA27203-FA1C-4E49-8D2A-939524E45CE6}.Debug|Any CPU.Build.0 = Debug|Any CPU
		{9EA27203-FA1C-4E49-8D2A-939524E45CE6}.Release|Any CPU.ActiveCfg = Release|Any CPU
		{9EA27203-FA1C-4E49-8D2A-939524E45CE6}.Release|Any CPU.Build.0 = Release|Any CPU
	EndGlobalSection
	GlobalSection(SolutionProperties) = preSolution
		HideSolutionNode = FALSE
	EndGlobalSection
	GlobalSection(ExtensibilityGlobals) = postSolution
		SolutionGuid = {AA709157-7EA4-4EC8-BF32-E34F8D3590CD}
	EndGlobalSection
EndGlobal
