
Microsoft Visual Studio Solution File, Format Version 12.00
# Visual Studio Version 17
VisualStudioVersion = 17.1.32407.343
MinimumVisualStudioVersion = 10.0.40219.1
Project("{FAE04EC0-301F-11D3-BF4B-00C04F79EFBC}") = "Retrieve-the-annotation-comments-from-the-existing-PDF", "Retrieve-the-annotation-comments-from-the-existing-PDF\Retrieve-the-annotation-comments-from-the-existing-PDF.csproj", "{D3C293E5-D34E-447F-99DD-DE563FFB9BA9}"
EndProject
Global
	GlobalSection(SolutionConfigurationPlatforms) = preSolution
		Debug|Any CPU = Debug|Any CPU
		Release|Any CPU = Release|Any CPU
	EndGlobalSection
	GlobalSection(ProjectConfigurationPlatforms) = postSolution
		{D3C293E5-D34E-447F-99DD-DE563FFB9BA9}.Debug|Any CPU.ActiveCfg = Debug|Any CPU
		{D3C293E5-D34E-447F-99DD-DE563FFB9BA9}.Debug|Any CPU.Build.0 = Debug|Any CPU
		{D3C293E5-D34E-447F-99DD-DE563FFB9BA9}.Release|Any CPU.ActiveCfg = Release|Any CPU
		{D3C293E5-D34E-447F-99DD-DE563FFB9BA9}.Release|Any CPU.Build.0 = Release|Any CPU
	EndGlobalSection
	GlobalSection(SolutionProperties) = preSolution
		HideSolutionNode = FALSE
	EndGlobalSection
	GlobalSection(ExtensibilityGlobals) = postSolution
		SolutionGuid = {F4528E39-696F-420E-88E1-B6BD2E4F323D}
	EndGlobalSection
EndGlobal
