
Microsoft Visual Studio Solution File, Format Version 12.00
# Visual Studio Version 17
VisualStudioVersion = 17.1.32407.343
MinimumVisualStudioVersion = 10.0.40219.1
Project("{FAE04EC0-301F-11D3-BF4B-00C04F79EFBC}") = "Extract-ZUGFeRD-invoice-from-PDF-document", "Extract-ZUGFeRD-invoice-from-PDF-document\Extract-ZUGFeRD-invoice-from-PDF-document.csproj", "{59D9052E-F668-4BBC-B845-084FB2325885}"
EndProject
Global
	GlobalSection(SolutionConfigurationPlatforms) = preSolution
		Debug|Any CPU = Debug|Any CPU
		Release|Any CPU = Release|Any CPU
	EndGlobalSection
	GlobalSection(ProjectConfigurationPlatforms) = postSolution
		{59D9052E-F668-4BBC-B845-084FB2325885}.Debug|Any CPU.ActiveCfg = Debug|Any CPU
		{59D9052E-F668-4BBC-B845-084FB2325885}.Debug|Any CPU.Build.0 = Debug|Any CPU
		{59D9052E-F668-4BBC-B845-084FB2325885}.Release|Any CPU.ActiveCfg = Release|Any CPU
		{59D9052E-F668-4BBC-B845-084FB2325885}.Release|Any CPU.Build.0 = Release|Any CPU
	EndGlobalSection
	GlobalSection(SolutionProperties) = preSolution
		HideSolutionNode = FALSE
	EndGlobalSection
	GlobalSection(ExtensibilityGlobals) = postSolution
		SolutionGuid = {70173EFB-0AC2-43DE-AADD-478FC8A756DA}
	EndGlobalSection
EndGlobal
