
Microsoft Visual Studio Solution File, Format Version 12.00
# Visual Studio Version 17
VisualStudioVersion = 17.3.32819.101
MinimumVisualStudioVersion = 10.0.40219.1
Project("{FAE04EC0-301F-11D3-BF4B-00C04F79EFBC}") = "Create-PDF-document", "Create-PDF-document\Create-PDF-document.csproj", "{43F7BA66-D7F7-4D08-971B-0348786F6C2B}"
EndProject
Global
	GlobalSection(SolutionConfigurationPlatforms) = preSolution
		Debug|Any CPU = Debug|Any CPU
		Release|Any CPU = Release|Any CPU
	EndGlobalSection
	GlobalSection(ProjectConfigurationPlatforms) = postSolution
		{43F7BA66-D7F7-4D08-971B-0348786F6C2B}.Debug|Any CPU.ActiveCfg = Debug|Any CPU
		{43F7BA66-D7F7-4D08-971B-0348786F6C2B}.Debug|Any CPU.Build.0 = Debug|Any CPU
		{43F7BA66-D7F7-4D08-971B-0348786F6C2B}.Release|Any CPU.ActiveCfg = Release|Any CPU
		{43F7BA66-D7F7-4D08-971B-0348786F6C2B}.Release|Any CPU.Build.0 = Release|Any CPU
	EndGlobalSection
	GlobalSection(SolutionProperties) = preSolution
		HideSolutionNode = FALSE
	EndGlobalSection
	GlobalSection(ExtensibilityGlobals) = postSolution
		SolutionGuid = {D9657C6E-715B-43B7-B35C-9C5B14D816D9}
	EndGlobalSection
EndGlobal
