
Microsoft Visual Studio Solution File, Format Version 12.00
# Visual Studio Version 17
VisualStudioVersion = 17.3.32819.101
MinimumVisualStudioVersion = 10.0.40219.1
Project("{FAE04EC0-301F-11D3-BF4B-00C04F79EFBC}") = "Converting-Word-to-PDF-document", "Converting-Word-to-PDF-document\Converting-Word-to-PDF-document.csproj", "{CB4ECEC1-69FB-4232-A4F4-82F96922531E}"
EndProject
Global
	GlobalSection(SolutionConfigurationPlatforms) = preSolution
		Debug|Any CPU = Debug|Any CPU
		Release|Any CPU = Release|Any CPU
	EndGlobalSection
	GlobalSection(ProjectConfigurationPlatforms) = postSolution
		{CB4ECEC1-69FB-4232-A4F4-82F96922531E}.Debug|Any CPU.ActiveCfg = Debug|Any CPU
		{CB4ECEC1-69FB-4232-A4F4-82F96922531E}.Debug|Any CPU.Build.0 = Debug|Any CPU
		{CB4ECEC1-69FB-4232-A4F4-82F96922531E}.Release|Any CPU.ActiveCfg = Release|Any CPU
		{CB4ECEC1-69FB-4232-A4F4-82F96922531E}.Release|Any CPU.Build.0 = Release|Any CPU
	EndGlobalSection
	GlobalSection(SolutionProperties) = preSolution
		HideSolutionNode = FALSE
	EndGlobalSection
	GlobalSection(ExtensibilityGlobals) = postSolution
		SolutionGuid = {C793D5D2-49F4-4C2C-A531-BE36FA1B9AEA}
	EndGlobalSection
EndGlobal
