
Microsoft Visual Studio Solution File, Format Version 12.00
# Visual Studio Version 18
VisualStudioVersion = 18.4.11626.88 stable
MinimumVisualStudioVersion = 10.0.40219.1
Project("{FAE04EC0-301F-11D3-BF4B-00C04F79EFBC}") = "Recognize-forms-using-Pdf", "Recognize-forms-using-Pdf\Recognize-forms-using-Pdf.csproj", "{1FC58AC4-A5D4-3131-F495-152EB592B5DD}"
EndProject
Global
	GlobalSection(SolutionConfigurationPlatforms) = preSolution
		Debug|Any CPU = Debug|Any CPU
		Release|Any CPU = Release|Any CPU
	EndGlobalSection
	GlobalSection(ProjectConfigurationPlatforms) = postSolution
		{1FC58AC4-A5D4-3131-F495-152EB592B5DD}.Debug|Any CPU.ActiveCfg = Debug|Any CPU
		{1FC58AC4-A5D4-3131-F495-152EB592B5DD}.Debug|Any CPU.Build.0 = Debug|Any CPU
		{1FC58AC4-A5D4-3131-F495-152EB592B5DD}.Release|Any CPU.ActiveCfg = Release|Any CPU
		{1FC58AC4-A5D4-3131-F495-152EB592B5DD}.Release|Any CPU.Build.0 = Release|Any CPU
	EndGlobalSection
	GlobalSection(SolutionProperties) = preSolution
		HideSolutionNode = FALSE
	EndGlobalSection
	GlobalSection(ExtensibilityGlobals) = postSolution
		SolutionGuid = {8DD89E1B-090A-4FB2-A454-EE77EDDED2B1}
	EndGlobalSection
EndGlobal
