
Microsoft Visual Studio Solution File, Format Version 12.00
# Visual Studio Version 17
VisualStudioVersion = 17.12.35707.178 d17.12
MinimumVisualStudioVersion = 10.0.40219.1
Project("{FAE04EC0-301F-11D3-BF4B-00C04F79EFBC}") = "Well-Tagged-PDF", "Well-Tagged-PDF\Well-Tagged-PDF.csproj", "{27A4CC9D-7C18-4483-A89C-7A68D22AB5FC}"
EndProject
Global
	GlobalSection(SolutionConfigurationPlatforms) = preSolution
		Debug|Any CPU = Debug|Any CPU
		Release|Any CPU = Release|Any CPU
	EndGlobalSection
	GlobalSection(ProjectConfigurationPlatforms) = postSolution
		{27A4CC9D-7C18-4483-A89C-7A68D22AB5FC}.Debug|Any CPU.ActiveCfg = Debug|Any CPU
		{27A4CC9D-7C18-4483-A89C-7A68D22AB5FC}.Debug|Any CPU.Build.0 = Debug|Any CPU
		{27A4CC9D-7C18-4483-A89C-7A68D22AB5FC}.Release|Any CPU.ActiveCfg = Release|Any CPU
		{27A4CC9D-7C18-4483-A89C-7A68D22AB5FC}.Release|Any CPU.Build.0 = Release|Any CPU
	EndGlobalSection
	GlobalSection(SolutionProperties) = preSolution
		HideSolutionNode = FALSE
	EndGlobalSection
EndGlobal
