
Microsoft Visual Studio Solution File, Format Version 12.00
# Visual Studio Version 17
VisualStudioVersion = 17.1.32407.343
MinimumVisualStudioVersion = 10.0.40219.1
Project("{FAE04EC0-301F-11D3-BF4B-00C04F79EFBC}") = "Add-additional-delay-while-converting-HTML-to-PDF", "Add-additional-delay-while-converting-HTML-to-PDF\Add-additional-delay-while-converting-HTML-to-PDF.csproj", "{50907251-0BE5-4E5F-A530-1C22EB1FD477}"
EndProject
Global
	GlobalSection(SolutionConfigurationPlatforms) = preSolution
		Debug|Any CPU = Debug|Any CPU
		Release|Any CPU = Release|Any CPU
	EndGlobalSection
	GlobalSection(ProjectConfigurationPlatforms) = postSolution
		{50907251-0BE5-4E5F-A530-1C22EB1FD477}.Debug|Any CPU.ActiveCfg = Debug|Any CPU
		{50907251-0BE5-4E5F-A530-1C22EB1FD477}.Debug|Any CPU.Build.0 = Debug|Any CPU
		{50907251-0BE5-4E5F-A530-1C22EB1FD477}.Release|Any CPU.ActiveCfg = Release|Any CPU
		{50907251-0BE5-4E5F-A530-1C22EB1FD477}.Release|Any CPU.Build.0 = Release|Any CPU
	EndGlobalSection
	GlobalSection(SolutionProperties) = preSolution
		HideSolutionNode = FALSE
	EndGlobalSection
	GlobalSection(ExtensibilityGlobals) = postSolution
		SolutionGuid = {8D03BB3C-9CE8-4A03-AFB3-36744E436699}
	EndGlobalSection
EndGlobal
