
Microsoft Visual Studio Solution File, Format Version 12.00
# Visual Studio Version 17
VisualStudioVersion = 17.12.35707.178 d17.12
MinimumVisualStudioVersion = 10.0.40219.1
Project("{FAE04EC0-301F-11D3-BF4B-00C04F79EFBC}") = "Creating-a-Multiline-Text-Area-in-PDF", "Creating-a-Multiline-Text-Area-in-PDF\Creating-a-Multiline-Text-Area-in-PDF.csproj", "{A5458CC1-56B4-4377-B1A6-DE8DC72E8D43}"
EndProject
Global
	GlobalSection(SolutionConfigurationPlatforms) = preSolution
		Debug|Any CPU = Debug|Any CPU
		Release|Any CPU = Release|Any CPU
	EndGlobalSection
	GlobalSection(ProjectConfigurationPlatforms) = postSolution
		{A5458CC1-56B4-4377-B1A6-DE8DC72E8D43}.Debug|Any CPU.ActiveCfg = Debug|Any CPU
		{A5458CC1-56B4-4377-B1A6-DE8DC72E8D43}.Debug|Any CPU.Build.0 = Debug|Any CPU
		{A5458CC1-56B4-4377-B1A6-DE8DC72E8D43}.Release|Any CPU.ActiveCfg = Release|Any CPU
		{A5458CC1-56B4-4377-B1A6-DE8DC72E8D43}.Release|Any CPU.Build.0 = Release|Any CPU
	EndGlobalSection
	GlobalSection(SolutionProperties) = preSolution
		HideSolutionNode = FALSE
	EndGlobalSection
EndGlobal
