
Microsoft Visual Studio Solution File, Format Version 12.00
# Visual Studio Version 17
VisualStudioVersion = 17.1.32407.343
MinimumVisualStudioVersion = 10.0.40219.1
Project("{FAE04EC0-301F-11D3-BF4B-00C04F79EFBC}") = "Export-one-dimensional-barcode-as-image", "Export-one-dimensional-barcode-as-image\Export-one-dimensional-barcode-as-image.csproj", "{F7A1824E-FA70-48AB-AAF0-E08E0B2CB763}"
EndProject
Global
	GlobalSection(SolutionConfigurationPlatforms) = preSolution
		Debug|Any CPU = Debug|Any CPU
		Release|Any CPU = Release|Any CPU
	EndGlobalSection
	GlobalSection(ProjectConfigurationPlatforms) = postSolution
		{F7A1824E-FA70-48AB-AAF0-E08E0B2CB763}.Debug|Any CPU.ActiveCfg = Debug|Any CPU
		{F7A1824E-FA70-48AB-AAF0-E08E0B2CB763}.Debug|Any CPU.Build.0 = Debug|Any CPU
		{F7A1824E-FA70-48AB-AAF0-E08E0B2CB763}.Release|Any CPU.ActiveCfg = Release|Any CPU
		{F7A1824E-FA70-48AB-AAF0-E08E0B2CB763}.Release|Any CPU.Build.0 = Release|Any CPU
	EndGlobalSection
	GlobalSection(SolutionProperties) = preSolution
		HideSolutionNode = FALSE
	EndGlobalSection
	GlobalSection(ExtensibilityGlobals) = postSolution
		SolutionGuid = {07EAAC5F-7225-4F92-8F72-27D0C805AEE4}
	EndGlobalSection
EndGlobal
