
Microsoft Visual Studio Solution File, Format Version 12.00
# Visual Studio Version 17
VisualStudioVersion = 17.13.35617.110 d17.13
MinimumVisualStudioVersion = 10.0.40219.1
Project("{FAE04EC0-301F-11D3-BF4B-00C04F79EFBC}") = "How_to_silent_print_a_PDF_document", "How_to_silent_print_a_PDF_document\How_to_silent_print_a_PDF_document.csproj", "{C39DF450-AD95-418F-8946-A0F0FEB51117}"
EndProject
Global
	GlobalSection(SolutionConfigurationPlatforms) = preSolution
		Debug|Any CPU = Debug|Any CPU
		Release|Any CPU = Release|Any CPU
	EndGlobalSection
	GlobalSection(ProjectConfigurationPlatforms) = postSolution
		{C39DF450-AD95-418F-8946-A0F0FEB51117}.Debug|Any CPU.ActiveCfg = Debug|Any CPU
		{C39DF450-AD95-418F-8946-A0F0FEB51117}.Debug|Any CPU.Build.0 = Debug|Any CPU
		{C39DF450-AD95-418F-8946-A0F0FEB51117}.Release|Any CPU.ActiveCfg = Release|Any CPU
		{C39DF450-AD95-418F-8946-A0F0FEB51117}.Release|Any CPU.Build.0 = Release|Any CPU
	EndGlobalSection
	GlobalSection(SolutionProperties) = preSolution
		HideSolutionNode = FALSE
	EndGlobalSection
	GlobalSection(ExtensibilityGlobals) = postSolution
		SolutionGuid = {A4847A47-8765-447B-BE70-E32347BCCF00}
	EndGlobalSection
EndGlobal
