
Microsoft Visual Studio Solution File, Format Version 12.00
# Visual Studio Version 17
VisualStudioVersion = 17.1.32407.343
MinimumVisualStudioVersion = 10.0.40219.1
Project("{FAE04EC0-301F-11D3-BF4B-00C04F79EFBC}") = "Draw-a-curve-in-an-existing-PDF-document", "Draw-a-curve-in-an-existing-PDF-document\Draw-a-curve-in-an-existing-PDF-document.csproj", "{DBE58C1A-9DDA-4036-BC8B-8839CD174B5B}"
EndProject
Global
	GlobalSection(SolutionConfigurationPlatforms) = preSolution
		Debug|Any CPU = Debug|Any CPU
		Release|Any CPU = Release|Any CPU
	EndGlobalSection
	GlobalSection(ProjectConfigurationPlatforms) = postSolution
		{DBE58C1A-9DDA-4036-BC8B-8839CD174B5B}.Debug|Any CPU.ActiveCfg = Debug|Any CPU
		{DBE58C1A-9DDA-4036-BC8B-8839CD174B5B}.Debug|Any CPU.Build.0 = Debug|Any CPU
		{DBE58C1A-9DDA-4036-BC8B-8839CD174B5B}.Release|Any CPU.ActiveCfg = Release|Any CPU
		{DBE58C1A-9DDA-4036-BC8B-8839CD174B5B}.Release|Any CPU.Build.0 = Release|Any CPU
	EndGlobalSection
	GlobalSection(SolutionProperties) = preSolution
		HideSolutionNode = FALSE
	EndGlobalSection
	GlobalSection(ExtensibilityGlobals) = postSolution
		SolutionGuid = {36D4EA02-5255-47A6-9441-C13A392AE24B}
	EndGlobalSection
EndGlobal
