
Microsoft Visual Studio Solution File, Format Version 12.00
# Visual Studio Version 17
VisualStudioVersion = 17.1.32407.343
MinimumVisualStudioVersion = 10.0.40219.1
Project("{FAE04EC0-301F-11D3-BF4B-00C04F79EFBC}") = "Add-the-XFA-radio-button-field-to-an-existing-PDF-document", "Add-the-XFA-radio-button-field-to-an-existing-PDF-document\Add-the-XFA-radio-button-field-to-an-existing-PDF-document.csproj", "{D8B7A764-6A78-480E-97A6-0D7DC7F7218B}"
EndProject
Global
	GlobalSection(SolutionConfigurationPlatforms) = preSolution
		Debug|Any CPU = Debug|Any CPU
		Release|Any CPU = Release|Any CPU
	EndGlobalSection
	GlobalSection(ProjectConfigurationPlatforms) = postSolution
		{D8B7A764-6A78-480E-97A6-0D7DC7F7218B}.Debug|Any CPU.ActiveCfg = Debug|Any CPU
		{D8B7A764-6A78-480E-97A6-0D7DC7F7218B}.Debug|Any CPU.Build.0 = Debug|Any CPU
		{D8B7A764-6A78-480E-97A6-0D7DC7F7218B}.Release|Any CPU.ActiveCfg = Release|Any CPU
		{D8B7A764-6A78-480E-97A6-0D7DC7F7218B}.Release|Any CPU.Build.0 = Release|Any CPU
	EndGlobalSection
	GlobalSection(SolutionProperties) = preSolution
		HideSolutionNode = FALSE
	EndGlobalSection
	GlobalSection(ExtensibilityGlobals) = postSolution
		SolutionGuid = {11724942-DBBB-44C9-B131-901D14BA330A}
	EndGlobalSection
EndGlobal
