
Microsoft Visual Studio Solution File, Format Version 12.00
# Visual Studio Version 17
VisualStudioVersion = 17.1.32407.343
MinimumVisualStudioVersion = 10.0.40219.1
Project("{FAE04EC0-301F-11D3-BF4B-00C04F79EFBC}") = "Importing-FDF-file-to-PDF-document", "Importing-FDF-file-to-PDF-document\Importing-FDF-file-to-PDF-document.csproj", "{61F75AE5-4739-4B96-A7BA-4E83115D5ADB}"
EndProject
Global
	GlobalSection(SolutionConfigurationPlatforms) = preSolution
		Debug|Any CPU = Debug|Any CPU
		Release|Any CPU = Release|Any CPU
	EndGlobalSection
	GlobalSection(ProjectConfigurationPlatforms) = postSolution
		{61F75AE5-4739-4B96-A7BA-4E83115D5ADB}.Debug|Any CPU.ActiveCfg = Debug|Any CPU
		{61F75AE5-4739-4B96-A7BA-4E83115D5ADB}.Debug|Any CPU.Build.0 = Debug|Any CPU
		{61F75AE5-4739-4B96-A7BA-4E83115D5ADB}.Release|Any CPU.ActiveCfg = Release|Any CPU
		{61F75AE5-4739-4B96-A7BA-4E83115D5ADB}.Release|Any CPU.Build.0 = Release|Any CPU
	EndGlobalSection
	GlobalSection(SolutionProperties) = preSolution
		HideSolutionNode = FALSE
	EndGlobalSection
	GlobalSection(ExtensibilityGlobals) = postSolution
		SolutionGuid = {7B90B7CC-639E-41BB-A43B-D95235C259E1}
	EndGlobalSection
EndGlobal
