
Microsoft Visual Studio Solution File, Format Version 12.00
# Visual Studio Version 17
VisualStudioVersion = 17.5.33516.290
MinimumVisualStudioVersion = 10.0.40219.1
Project("{FAE04EC0-301F-11D3-BF4B-00C04F79EFBC}") = "CreateInvoicePDF.UWP", "CreateInvoicePDF\CreateInvoicePDF.UWP\CreateInvoicePDF.UWP.csproj", "{8932643E-B11A-42D7-89B0-97097E524D7E}"
EndProject
Project("{FAE04EC0-301F-11D3-BF4B-00C04F79EFBC}") = "CreateInvoicePDF.Android", "CreateInvoicePDF\CreateInvoicePDF.Android\CreateInvoicePDF.Android.csproj", "{4CCE1B0C-417D-4C1F-8A3D-A5D44C5CB1EC}"
EndProject
Project("{FAE04EC0-301F-11D3-BF4B-00C04F79EFBC}") = "CreateInvoicePDF.iOS", "CreateInvoicePDF\CreateInvoicePDF.iOS\CreateInvoicePDF.iOS.csproj", "{13898EAD-65DE-4058-9C6E-706CB8F4B9E1}"
EndProject
Project("{FAE04EC0-301F-11D3-BF4B-00C04F79EFBC}") = "CreateInvoicePDF", "CreateInvoicePDF\CreateInvoicePDF\CreateInvoicePDF.csproj", "{56192490-CF7C-423E-97C6-81CC9C199308}"
EndProject
Global
	GlobalSection(SolutionConfigurationPlatforms) = preSolution
		Debug|Any CPU = Debug|Any CPU
		Debug|ARM = Debug|ARM
		Debug|iPhone = Debug|iPhone
		Debug|iPhoneSimulator = Debug|iPhoneSimulator
		Debug|x64 = Debug|x64
		Debug|x86 = Debug|x86
		Release|Any CPU = Release|Any CPU
		Release|ARM = Release|ARM
		Release|iPhone = Release|iPhone
		Release|iPhoneSimulator = Release|iPhoneSimulator
		Release|x64 = Release|x64
		Release|x86 = Release|x86
	EndGlobalSection
	GlobalSection(ProjectConfigurationPlatforms) = postSolution
		{8932643E-B11A-42D7-89B0-97097E524D7E}.Debug|Any CPU.ActiveCfg = Debug|x64
		{8932643E-B11A-42D7-89B0-97097E524D7E}.Debug|Any CPU.Build.0 = Debug|x64
		{8932643E-B11A-42D7-89B0-97097E524D7E}.Debug|Any CPU.Deploy.0 = Debug|x64
		{8932643E-B11A-42D7-89B0-97097E524D7E}.Debug|ARM.ActiveCfg = Debug|ARM
		{8932643E-B11A-42D7-89B0-97097E524D7E}.Debug|ARM.Build.0 = Debug|ARM
		{8932643E-B11A-42D7-89B0-97097E524D7E}.Debug|ARM.Deploy.0 = Debug|ARM
		{8932643E-B11A-42D7-89B0-97097E524D7E}.Debug|iPhone.ActiveCfg = Debug|x64
		{8932643E-B11A-42D7-89B0-97097E524D7E}.Debug|iPhone.Build.0 = Debug|x64
		{8932643E-B11A-42D7-89B0-97097E524D7E}.Debug|iPhone.Deploy.0 = Debug|x64
		{8932643E-B11A-42D7-89B0-97097E524D7E}.Debug|iPhoneSimulator.ActiveCfg = Debug|x64
		{8932643E-B11A-42D7-89B0-97097E524D7E}.Debug|iPhoneSimulator.Build.0 = Debug|x64
		{8932643E-B11A-42D7-89B0-97097E524D7E}.Debug|iPhoneSimulator.Deploy.0 = Debug|x64
		{8932643E-B11A-42D7-89B0-97097E524D7E}.Debug|x64.ActiveCfg = Debug|x64
		{8932643E-B11A-42D7-89B0-97097E524D7E}.Debug|x64.Build.0 = Debug|x64
		{8932643E-B11A-42D7-89B0-97097E524D7E}.Debug|x64.Deploy.0 = Debug|x64
		{8932643E-B11A-42D7-89B0-97097E524D7E}.Debug|x86.ActiveCfg = Debug|x86
		{8932643E-B11A-42D7-89B0-97097E524D7E}.Debug|x86.Build.0 = Debug|x86
		{8932643E-B11A-42D7-89B0-97097E524D7E}.Debug|x86.Deploy.0 = Debug|x86
		{8932643E-B11A-42D7-89B0-97097E524D7E}.Release|Any CPU.ActiveCfg = Release|x64
		{8932643E-B11A-42D7-89B0-97097E524D7E}.Release|Any CPU.Build.0 = Release|x64
		{8932643E-B11A-42D7-89B0-97097E524D7E}.Release|Any CPU.Deploy.0 = Release|x64
		{8932643E-B11A-42D7-89B0-97097E524D7E}.Release|ARM.ActiveCfg = Release|ARM
		{8932643E-B11A-42D7-89B0-97097E524D7E}.Release|ARM.Build.0 = Release|ARM
		{8932643E-B11A-42D7-89B0-97097E524D7E}.Release|ARM.Deploy.0 = Release|ARM
		{8932643E-B11A-42D7-89B0-97097E524D7E}.Release|iPhone.ActiveCfg = Release|x64
		{8932643E-B11A-42D7-89B0-97097E524D7E}.Release|iPhone.Build.0 = Release|x64
		{8932643E-B11A-42D7-89B0-97097E524D7E}.Release|iPhone.Deploy.0 = Release|x64
		{8932643E-B11A-42D7-89B0-97097E524D7E}.Release|iPhoneSimulator.ActiveCfg = Release|x64
		{8932643E-B11A-42D7-89B0-97097E524D7E}.Release|iPhoneSimulator.Build.0 = Release|x64
		{8932643E-B11A-42D7-89B0-97097E524D7E}.Release|iPhoneSimulator.Deploy.0 = Release|x64
		{8932643E-B11A-42D7-89B0-97097E524D7E}.Release|x64.ActiveCfg = Release|x64
		{8932643E-B11A-42D7-89B0-97097E524D7E}.Release|x64.Build.0 = Release|x64
		{8932643E-B11A-42D7-89B0-97097E524D7E}.Release|x64.Deploy.0 = Release|x64
		{8932643E-B11A-42D7-89B0-97097E524D7E}.Release|x86.ActiveCfg = Release|x86
		{8932643E-B11A-42D7-89B0-97097E524D7E}.Release|x86.Build.0 = Release|x86
		{8932643E-B11A-42D7-89B0-97097E524D7E}.Release|x86.Deploy.0 = Release|x86
		{4CCE1B0C-417D-4C1F-8A3D-A5D44C5CB1EC}.Debug|Any CPU.ActiveCfg = Debug|Any CPU
		{4CCE1B0C-417D-4C1F-8A3D-A5D44C5CB1EC}.Debug|Any CPU.Build.0 = Debug|Any CPU
		{4CCE1B0C-417D-4C1F-8A3D-A5D44C5CB1EC}.Debug|Any CPU.Deploy.0 = Debug|Any CPU
		{4CCE1B0C-417D-4C1F-8A3D-A5D44C5CB1EC}.Debug|ARM.ActiveCfg = Debug|Any CPU
		{4CCE1B0C-417D-4C1F-8A3D-A5D44C5CB1EC}.Debug|ARM.Build.0 = Debug|Any CPU
		{4CCE1B0C-417D-4C1F-8A3D-A5D44C5CB1EC}.Debug|ARM.Deploy.0 = Debug|Any CPU
		{4CCE1B0C-417D-4C1F-8A3D-A5D44C5CB1EC}.Debug|iPhone.ActiveCfg = Debug|Any CPU
		{4CCE1B0C-417D-4C1F-8A3D-A5D44C5CB1EC}.Debug|iPhone.Build.0 = Debug|Any CPU
		{4CCE1B0C-417D-4C1F-8A3D-A5D44C5CB1EC}.Debug|iPhone.Deploy.0 = Debug|Any CPU
		{4CCE1B0C-417D-4C1F-8A3D-A5D44C5CB1EC}.Debug|iPhoneSimulator.ActiveCfg = Debug|Any CPU
		{4CCE1B0C-417D-4C1F-8A3D-A5D44C5CB1EC}.Debug|iPhoneSimulator.Build.0 = Debug|Any CPU
		{4CCE1B0C-417D-4C1F-8A3D-A5D44C5CB1EC}.Debug|iPhoneSimulator.Deploy.0 = Debug|Any CPU
		{4CCE1B0C-417D-4C1F-8A3D-A5D44C5CB1EC}.Debug|x64.ActiveCfg = Debug|Any CPU
		{4CCE1B0C-417D-4C1F-8A3D-A5D44C5CB1EC}.Debug|x64.Build.0 = Debug|Any CPU
		{4CCE1B0C-417D-4C1F-8A3D-A5D44C5CB1EC}.Debug|x64.Deploy.0 = Debug|Any CPU
		{4CCE1B0C-417D-4C1F-8A3D-A5D44C5CB1EC}.Debug|x86.ActiveCfg = Debug|Any CPU
		{4CCE1B0C-417D-4C1F-8A3D-A5D44C5CB1EC}.Debug|x86.Build.0 = Debug|Any CPU
		{4CCE1B0C-417D-4C1F-8A3D-A5D44C5CB1EC}.Debug|x86.Deploy.0 = Debug|Any CPU
		{4CCE1B0C-417D-4C1F-8A3D-A5D44C5CB1EC}.Release|Any CPU.ActiveCfg = Release|Any CPU
		{4CCE1B0C-417D-4C1F-8A3D-A5D44C5CB1EC}.Release|Any CPU.Build.0 = Release|Any CPU
		{4CCE1B0C-417D-4C1F-8A3D-A5D44C5CB1EC}.Release|Any CPU.Deploy.0 = Release|Any CPU
		{4CCE1B0C-417D-4C1F-8A3D-A5D44C5CB1EC}.Release|ARM.ActiveCfg = Release|Any CPU
		{4CCE1B0C-417D-4C1F-8A3D-A5D44C5CB1EC}.Release|ARM.Build.0 = Release|Any CPU
		{4CCE1B0C-417D-4C1F-8A3D-A5D44C5CB1EC}.Release|ARM.Deploy.0 = Release|Any CPU
		{4CCE1B0C-417D-4C1F-8A3D-A5D44C5CB1EC}.Release|iPhone.ActiveCfg = Release|Any CPU
		{4CCE1B0C-417D-4C1F-8A3D-A5D44C5CB1EC}.Release|iPhone.Build.0 = Release|Any CPU
		{4CCE1B0C-417D-4C1F-8A3D-A5D44C5CB1EC}.Release|iPhone.Deploy.0 = Release|Any CPU
		{4CCE1B0C-417D-4C1F-8A3D-A5D44C5CB1EC}.Release|iPhoneSimulator.ActiveCfg = Release|Any CPU
		{4CCE1B0C-417D-4C1F-8A3D-A5D44C5CB1EC}.Release|iPhoneSimulator.Build.0 = Release|Any CPU
		{4CCE1B0C-417D-4C1F-8A3D-A5D44C5CB1EC}.Release|iPhoneSimulator.Deploy.0 = Release|Any CPU
		{4CCE1B0C-417D-4C1F-8A3D-A5D44C5CB1EC}.Release|x64.ActiveCfg = Release|Any CPU
		{4CCE1B0C-417D-4C1F-8A3D-A5D44C5CB1EC}.Release|x64.Build.0 = Release|Any CPU
		{4CCE1B0C-417D-4C1F-8A3D-A5D44C5CB1EC}.Release|x64.Deploy.0 = Release|Any CPU
		{4CCE1B0C-417D-4C1F-8A3D-A5D44C5CB1EC}.Release|x86.ActiveCfg = Release|Any CPU
		{4CCE1B0C-417D-4C1F-8A3D-A5D44C5CB1EC}.Release|x86.Build.0 = Release|Any CPU
		{4CCE1B0C-417D-4C1F-8A3D-A5D44C5CB1EC}.Release|x86.Deploy.0 = Release|Any CPU
		{13898EAD-65DE-4058-9C6E-706CB8F4B9E1}.Debug|Any CPU.ActiveCfg = Debug|iPhoneSimulator
		{13898EAD-65DE-4058-9C6E-706CB8F4B9E1}.Debug|Any CPU.Build.0 = Debug|iPhoneSimulator
		{13898EAD-65DE-4058-9C6E-706CB8F4B9E1}.Debug|Any CPU.Deploy.0 = Debug|iPhoneSimulator
		{13898EAD-65DE-4058-9C6E-706CB8F4B9E1}.Debug|ARM.ActiveCfg = Debug|iPhoneSimulator
		{13898EAD-65DE-4058-9C6E-706CB8F4B9E1}.Debug|ARM.Build.0 = Debug|iPhoneSimulator
		{13898EAD-65DE-4058-9C6E-706CB8F4B9E1}.Debug|ARM.Deploy.0 = Debug|iPhoneSimulator
		{13898EAD-65DE-4058-9C6E-706CB8F4B9E1}.Debug|iPhone.ActiveCfg = Debug|iPhone
		{13898EAD-65DE-4058-9C6E-706CB8F4B9E1}.Debug|iPhone.Build.0 = Debug|iPhone
		{13898EAD-65DE-4058-9C6E-706CB8F4B9E1}.Debug|iPhone.Deploy.0 = Debug|iPhone
		{13898EAD-65DE-4058-9C6E-706CB8F4B9E1}.Debug|iPhoneSimulator.ActiveCfg = Debug|iPhoneSimulator
		{13898EAD-65DE-4058-9C6E-706CB8F4B9E1}.Debug|iPhoneSimulator.Build.0 = Debug|iPhoneSimulator
		{13898EAD-65DE-4058-9C6E-706CB8F4B9E1}.Debug|iPhoneSimulator.Deploy.0 = Debug|iPhoneSimulator
		{13898EAD-65DE-4058-9C6E-706CB8F4B9E1}.Debug|x64.ActiveCfg = Debug|iPhone
		{13898EAD-65DE-4058-9C6E-706CB8F4B9E1}.Debug|x64.Build.0 = Debug|iPhone
		{13898EAD-65DE-4058-9C6E-706CB8F4B9E1}.Debug|x64.Deploy.0 = Debug|iPhone
		{13898EAD-65DE-4058-9C6E-706CB8F4B9E1}.Debug|x86.ActiveCfg = Debug|iPhoneSimulator
		{13898EAD-65DE-4058-9C6E-706CB8F4B9E1}.Debug|x86.Build.0 = Debug|iPhoneSimulator
		{13898EAD-65DE-4058-9C6E-706CB8F4B9E1}.Debug|x86.Deploy.0 = Debug|iPhoneSimulator
		{13898EAD-65DE-4058-9C6E-706CB8F4B9E1}.Release|Any CPU.ActiveCfg = Release|iPhoneSimulator
		{13898EAD-65DE-4058-9C6E-706CB8F4B9E1}.Release|Any CPU.Build.0 = Release|iPhoneSimulator
		{13898EAD-65DE-4058-9C6E-706CB8F4B9E1}.Release|Any CPU.Deploy.0 = Release|iPhoneSimulator
		{13898EAD-65DE-4058-9C6E-706CB8F4B9E1}.Release|ARM.ActiveCfg = Release|iPhoneSimulator
		{13898EAD-65DE-4058-9C6E-706CB8F4B9E1}.Release|ARM.Build.0 = Release|iPhoneSimulator
		{13898EAD-65DE-4058-9C6E-706CB8F4B9E1}.Release|ARM.Deploy.0 = Release|iPhoneSimulator
		{13898EAD-65DE-4058-9C6E-706CB8F4B9E1}.Release|iPhone.ActiveCfg = Release|iPhone
		{13898EAD-65DE-4058-9C6E-706CB8F4B9E1}.Release|iPhone.Build.0 = Release|iPhone
		{13898EAD-65DE-4058-9C6E-706CB8F4B9E1}.Release|iPhone.Deploy.0 = Release|iPhone
		{13898EAD-65DE-4058-9C6E-706CB8F4B9E1}.Release|iPhoneSimulator.ActiveCfg = Release|iPhoneSimulator
		{13898EAD-65DE-4058-9C6E-706CB8F4B9E1}.Release|iPhoneSimulator.Build.0 = Release|iPhoneSimulator
		{13898EAD-65DE-4058-9C6E-706CB8F4B9E1}.Release|iPhoneSimulator.Deploy.0 = Release|iPhoneSimulator
		{13898EAD-65DE-4058-9C6E-706CB8F4B9E1}.Release|x64.ActiveCfg = Release|iPhoneSimulator
		{13898EAD-65DE-4058-9C6E-706CB8F4B9E1}.Release|x64.Build.0 = Release|iPhoneSimulator
		{13898EAD-65DE-4058-9C6E-706CB8F4B9E1}.Release|x64.Deploy.0 = Release|iPhoneSimulator
		{13898EAD-65DE-4058-9C6E-706CB8F4B9E1}.Release|x86.ActiveCfg = Release|iPhoneSimulator
		{13898EAD-65DE-4058-9C6E-706CB8F4B9E1}.Release|x86.Build.0 = Release|iPhoneSimulator
		{13898EAD-65DE-4058-9C6E-706CB8F4B9E1}.Release|x86.Deploy.0 = Release|iPhoneSimulator
		{56192490-CF7C-423E-97C6-81CC9C199308}.Debug|Any CPU.ActiveCfg = Debug|Any CPU
		{56192490-CF7C-423E-97C6-81CC9C199308}.Debug|Any CPU.Build.0 = Debug|Any CPU
		{56192490-CF7C-423E-97C6-81CC9C199308}.Debug|Any CPU.Deploy.0 = Debug|Any CPU
		{56192490-CF7C-423E-97C6-81CC9C199308}.Debug|ARM.ActiveCfg = Debug|Any CPU
		{56192490-CF7C-423E-97C6-81CC9C199308}.Debug|ARM.Build.0 = Debug|Any CPU
		{56192490-CF7C-423E-97C6-81CC9C199308}.Debug|ARM.Deploy.0 = Debug|Any CPU
		{56192490-CF7C-423E-97C6-81CC9C199308}.Debug|iPhone.ActiveCfg = Debug|Any CPU
		{56192490-CF7C-423E-97C6-81CC9C199308}.Debug|iPhone.Build.0 = Debug|Any CPU
		{56192490-CF7C-423E-97C6-81CC9C199308}.Debug|iPhone.Deploy.0 = Debug|Any CPU
		{56192490-CF7C-423E-97C6-81CC9C199308}.Debug|iPhoneSimulator.ActiveCfg = Debug|Any CPU
		{56192490-CF7C-423E-97C6-81CC9C199308}.Debug|iPhoneSimulator.Build.0 = Debug|Any CPU
		{56192490-CF7C-423E-97C6-81CC9C199308}.Debug|iPhoneSimulator.Deploy.0 = Debug|Any CPU
		{56192490-CF7C-423E-97C6-81CC9C199308}.Debug|x64.ActiveCfg = Debug|Any CPU
		{56192490-CF7C-423E-97C6-81CC9C199308}.Debug|x64.Build.0 = Debug|Any CPU
		{56192490-CF7C-423E-97C6-81CC9C199308}.Debug|x64.Deploy.0 = Debug|Any CPU
		{56192490-CF7C-423E-97C6-81CC9C199308}.Debug|x86.ActiveCfg = Debug|Any CPU
		{56192490-CF7C-423E-97C6-81CC9C199308}.Debug|x86.Build.0 = Debug|Any CPU
		{56192490-CF7C-423E-97C6-81CC9C199308}.Debug|x86.Deploy.0 = Debug|Any CPU
		{56192490-CF7C-423E-97C6-81CC9C199308}.Release|Any CPU.ActiveCfg = Release|Any CPU
		{56192490-CF7C-423E-97C6-81CC9C199308}.Release|Any CPU.Build.0 = Release|Any CPU
		{56192490-CF7C-423E-97C6-81CC9C199308}.Release|Any CPU.Deploy.0 = Release|Any CPU
		{56192490-CF7C-423E-97C6-81CC9C199308}.Release|ARM.ActiveCfg = Release|Any CPU
		{56192490-CF7C-423E-97C6-81CC9C199308}.Release|ARM.Build.0 = Release|Any CPU
		{56192490-CF7C-423E-97C6-81CC9C199308}.Release|ARM.Deploy.0 = Release|Any CPU
		{56192490-CF7C-423E-97C6-81CC9C199308}.Release|iPhone.ActiveCfg = Release|Any CPU
		{56192490-CF7C-423E-97C6-81CC9C199308}.Release|iPhone.Build.0 = Release|Any CPU
		{56192490-CF7C-423E-97C6-81CC9C199308}.Release|iPhone.Deploy.0 = Release|Any CPU
		{56192490-CF7C-423E-97C6-81CC9C199308}.Release|iPhoneSimulator.ActiveCfg = Release|Any CPU
		{56192490-CF7C-423E-97C6-81CC9C199308}.Release|iPhoneSimulator.Build.0 = Release|Any CPU
		{56192490-CF7C-423E-97C6-81CC9C199308}.Release|iPhoneSimulator.Deploy.0 = Release|Any CPU
		{56192490-CF7C-423E-97C6-81CC9C199308}.Release|x64.ActiveCfg = Release|Any CPU
		{56192490-CF7C-423E-97C6-81CC9C199308}.Release|x64.Build.0 = Release|Any CPU
		{56192490-CF7C-423E-97C6-81CC9C199308}.Release|x64.Deploy.0 = Release|Any CPU
		{56192490-CF7C-423E-97C6-81CC9C199308}.Release|x86.ActiveCfg = Release|Any CPU
		{56192490-CF7C-423E-97C6-81CC9C199308}.Release|x86.Build.0 = Release|Any CPU
		{56192490-CF7C-423E-97C6-81CC9C199308}.Release|x86.Deploy.0 = Release|Any CPU
	EndGlobalSection
	GlobalSection(SolutionProperties) = preSolution
		HideSolutionNode = FALSE
	EndGlobalSection
	GlobalSection(ExtensibilityGlobals) = postSolution
		SolutionGuid = {FC5EE497-BC18-4F53-A9B3-B77175BC4DA6}
	EndGlobalSection
EndGlobal
