
Microsoft Visual Studio Solution File, Format Version 12.00
# Visual Studio Version 17
VisualStudioVersion = 17.1.32407.343
MinimumVisualStudioVersion = 10.0.40219.1
Project("{FAE04EC0-301F-11D3-BF4B-00C04F79EFBC}") = "Paginate-table-in-a-PDF-document", "Paginate-table-in-a-PDF-document\Paginate-table-in-a-PDF-document.csproj", "{3243487A-59C0-44AA-B55E-68DF00613916}"
EndProject
Global
	GlobalSection(SolutionConfigurationPlatforms) = preSolution
		Debug|Any CPU = Debug|Any CPU
		Release|Any CPU = Release|Any CPU
	EndGlobalSection
	GlobalSection(ProjectConfigurationPlatforms) = postSolution
		{3243487A-59C0-44AA-B55E-68DF00613916}.Debug|Any CPU.ActiveCfg = Debug|Any CPU
		{3243487A-59C0-44AA-B55E-68DF00613916}.Debug|Any CPU.Build.0 = Debug|Any CPU
		{3243487A-59C0-44AA-B55E-68DF00613916}.Release|Any CPU.ActiveCfg = Release|Any CPU
		{3243487A-59C0-44AA-B55E-68DF00613916}.Release|Any CPU.Build.0 = Release|Any CPU
	EndGlobalSection
	GlobalSection(SolutionProperties) = preSolution
		HideSolutionNode = FALSE
	EndGlobalSection
	GlobalSection(ExtensibilityGlobals) = postSolution
		SolutionGuid = {69A7AB3A-DF00-446B-9001-94E8EF069A47}
	EndGlobalSection
EndGlobal
