
Microsoft Visual Studio Solution File, Format Version 12.00
# Visual Studio Version 17
VisualStudioVersion = 17.3.32819.101
MinimumVisualStudioVersion = 10.0.40219.1
Project("{FAE04EC0-301F-11D3-BF4B-00C04F79EFBC}") = "Creating-individual-PDF-document-for-each-worksheet", "Creating-individual-PDF-document-for-each-worksheet\Creating-individual-PDF-document-for-each-worksheet.csproj", "{17E3DB3A-3EF7-4493-9494-C1F7D0E42CB4}"
EndProject
Global
	GlobalSection(SolutionConfigurationPlatforms) = preSolution
		Debug|Any CPU = Debug|Any CPU
		Release|Any CPU = Release|Any CPU
	EndGlobalSection
	GlobalSection(ProjectConfigurationPlatforms) = postSolution
		{17E3DB3A-3EF7-4493-9494-C1F7D0E42CB4}.Debug|Any CPU.ActiveCfg = Debug|Any CPU
		{17E3DB3A-3EF7-4493-9494-C1F7D0E42CB4}.Debug|Any CPU.Build.0 = Debug|Any CPU
		{17E3DB3A-3EF7-4493-9494-C1F7D0E42CB4}.Release|Any CPU.ActiveCfg = Release|Any CPU
		{17E3DB3A-3EF7-4493-9494-C1F7D0E42CB4}.Release|Any CPU.Build.0 = Release|Any CPU
	EndGlobalSection
	GlobalSection(SolutionProperties) = preSolution
		HideSolutionNode = FALSE
	EndGlobalSection
	GlobalSection(ExtensibilityGlobals) = postSolution
		SolutionGuid = {4C73E679-604F-4E9B-9A2B-F8CEAFCF514D}
	EndGlobalSection
EndGlobal
