
Microsoft Visual Studio Solution File, Format Version 12.00
# Visual Studio Version 17
VisualStudioVersion = 17.3.32819.101
MinimumVisualStudioVersion = 10.0.40219.1
Project("{FAE04EC0-301F-11D3-BF4B-00C04F79EFBC}") = "Perform-OCR-AWS-Textract", "Perform-OCR-AWS-Textract\Perform-OCR-AWS-Textract.csproj", "{5E130BCC-E31C-4B60-AE1C-DD02937C32DA}"
EndProject
Global
	GlobalSection(SolutionConfigurationPlatforms) = preSolution
		Debug|Any CPU = Debug|Any CPU
		Release|Any CPU = Release|Any CPU
	EndGlobalSection
	GlobalSection(ProjectConfigurationPlatforms) = postSolution
		{5E130BCC-E31C-4B60-AE1C-DD02937C32DA}.Debug|Any CPU.ActiveCfg = Debug|Any CPU
		{5E130BCC-E31C-4B60-AE1C-DD02937C32DA}.Debug|Any CPU.Build.0 = Debug|Any CPU
		{5E130BCC-E31C-4B60-AE1C-DD02937C32DA}.Release|Any CPU.ActiveCfg = Release|Any CPU
		{5E130BCC-E31C-4B60-AE1C-DD02937C32DA}.Release|Any CPU.Build.0 = Release|Any CPU
	EndGlobalSection
	GlobalSection(SolutionProperties) = preSolution
		HideSolutionNode = FALSE
	EndGlobalSection
	GlobalSection(ExtensibilityGlobals) = postSolution
		SolutionGuid = {C33A5020-F48D-4553-922B-094C1D344A93}
	EndGlobalSection
EndGlobal
