
Microsoft Visual Studio Solution File, Format Version 12.00
# Visual Studio Version 17
VisualStudioVersion = 17.1.32407.343
MinimumVisualStudioVersion = 10.0.40219.1
Project("{FAE04EC0-301F-11D3-BF4B-00C04F79EFBC}") = "Creating-a-new-PDFA4F-document", "Creating-a-new-PDFA4F-document\Creating-a-new-PDFA4F-document.csproj", "{EBD66809-3428-4FE6-8B2F-2069E1106C13}"
EndProject
Global
	GlobalSection(SolutionConfigurationPlatforms) = preSolution
		Debug|Any CPU = Debug|Any CPU
		Release|Any CPU = Release|Any CPU
	EndGlobalSection
	GlobalSection(ProjectConfigurationPlatforms) = postSolution
		{EBD66809-3428-4FE6-8B2F-2069E1106C13}.Debug|Any CPU.ActiveCfg = Debug|Any CPU
		{EBD66809-3428-4FE6-8B2F-2069E1106C13}.Debug|Any CPU.Build.0 = Debug|Any CPU
		{EBD66809-3428-4FE6-8B2F-2069E1106C13}.Release|Any CPU.ActiveCfg = Release|Any CPU
		{EBD66809-3428-4FE6-8B2F-2069E1106C13}.Release|Any CPU.Build.0 = Release|Any CPU
	EndGlobalSection
	GlobalSection(SolutionProperties) = preSolution
		HideSolutionNode = FALSE
	EndGlobalSection
	GlobalSection(ExtensibilityGlobals) = postSolution
		SolutionGuid = {25E29812-F394-4FC5-A68D-C485EE002827}
	EndGlobalSection
EndGlobal
