
Microsoft Visual Studio Solution File, Format Version 12.00
# Visual Studio Version 17
VisualStudioVersion = 17.1.32407.343
MinimumVisualStudioVersion = 10.0.40219.1
Project("{FAE04EC0-301F-11D3-BF4B-00C04F79EFBC}") = "Get-number-of-pages-from-PDF-document", "Get-number-of-pages-from-PDF-document\Get-number-of-pages-from-PDF-document.csproj", "{51CCBE31-9D25-4288-96BA-9BF51FFF412D}"
EndProject
Global
	GlobalSection(SolutionConfigurationPlatforms) = preSolution
		Debug|Any CPU = Debug|Any CPU
		Release|Any CPU = Release|Any CPU
	EndGlobalSection
	GlobalSection(ProjectConfigurationPlatforms) = postSolution
		{51CCBE31-9D25-4288-96BA-9BF51FFF412D}.Debug|Any CPU.ActiveCfg = Debug|Any CPU
		{51CCBE31-9D25-4288-96BA-9BF51FFF412D}.Debug|Any CPU.Build.0 = Debug|Any CPU
		{51CCBE31-9D25-4288-96BA-9BF51FFF412D}.Release|Any CPU.ActiveCfg = Release|Any CPU
		{51CCBE31-9D25-4288-96BA-9BF51FFF412D}.Release|Any CPU.Build.0 = Release|Any CPU
	EndGlobalSection
	GlobalSection(SolutionProperties) = preSolution
		HideSolutionNode = FALSE
	EndGlobalSection
	GlobalSection(ExtensibilityGlobals) = postSolution
		SolutionGuid = {0D4AB7EB-D901-4B57-8CB3-82EEAC641DD7}
	EndGlobalSection
EndGlobal
