
Microsoft Visual Studio Solution File, Format Version 12.00
# Visual Studio Version 17
VisualStudioVersion = 17.1.32407.343
MinimumVisualStudioVersion = 10.0.40219.1
Project("{FAE04EC0-301F-11D3-BF4B-00C04F79EFBC}") = "Encrypt-PDF-with-RC4-using-user-password", "Encrypt-PDF-with-RC4-using-user-password\Encrypt-PDF-with-RC4-using-user-password.csproj", "{52FDE382-7384-46E1-B10F-EE9C639C5A53}"
EndProject
Global
	GlobalSection(SolutionConfigurationPlatforms) = preSolution
		Debug|Any CPU = Debug|Any CPU
		Release|Any CPU = Release|Any CPU
	EndGlobalSection
	GlobalSection(ProjectConfigurationPlatforms) = postSolution
		{52FDE382-7384-46E1-B10F-EE9C639C5A53}.Debug|Any CPU.ActiveCfg = Debug|Any CPU
		{52FDE382-7384-46E1-B10F-EE9C639C5A53}.Debug|Any CPU.Build.0 = Debug|Any CPU
		{52FDE382-7384-46E1-B10F-EE9C639C5A53}.Release|Any CPU.ActiveCfg = Release|Any CPU
		{52FDE382-7384-46E1-B10F-EE9C639C5A53}.Release|Any CPU.Build.0 = Release|Any CPU
	EndGlobalSection
	GlobalSection(SolutionProperties) = preSolution
		HideSolutionNode = FALSE
	EndGlobalSection
	GlobalSection(ExtensibilityGlobals) = postSolution
		SolutionGuid = {1F4FCC8A-28DA-494C-BDC9-A6AF7B37421A}
	EndGlobalSection
EndGlobal
