
Microsoft Visual Studio Solution File, Format Version 12.00
# Visual Studio Version 17
VisualStudioVersion = 17.3.32819.101
MinimumVisualStudioVersion = 10.0.40219.1
Project("{FAE04EC0-301F-11D3-BF4B-00C04F79EFBC}") = "Draw-borderless-table-in-PDF-document", "Draw-borderless-table-in-PDF-document\Draw-borderless-table-in-PDF-document.csproj", "{08E8EA2A-6894-45B1-A072-8F27816A8389}"
EndProject
Global
	GlobalSection(SolutionConfigurationPlatforms) = preSolution
		Debug|Any CPU = Debug|Any CPU
		Release|Any CPU = Release|Any CPU
	EndGlobalSection
	GlobalSection(ProjectConfigurationPlatforms) = postSolution
		{08E8EA2A-6894-45B1-A072-8F27816A8389}.Debug|Any CPU.ActiveCfg = Debug|Any CPU
		{08E8EA2A-6894-45B1-A072-8F27816A8389}.Debug|Any CPU.Build.0 = Debug|Any CPU
		{08E8EA2A-6894-45B1-A072-8F27816A8389}.Release|Any CPU.ActiveCfg = Release|Any CPU
		{08E8EA2A-6894-45B1-A072-8F27816A8389}.Release|Any CPU.Build.0 = Release|Any CPU
	EndGlobalSection
	GlobalSection(SolutionProperties) = preSolution
		HideSolutionNode = FALSE
	EndGlobalSection
	GlobalSection(ExtensibilityGlobals) = postSolution
		SolutionGuid = {96C1FCAC-D8A1-4F64-8B40-FD0AD9403185}
	EndGlobalSection
EndGlobal
