
Microsoft Visual Studio Solution File, Format Version 12.00
# Visual Studio Version 17
VisualStudioVersion = 17.1.32407.343
MinimumVisualStudioVersion = 10.0.40219.1
Project("{FAE04EC0-301F-11D3-BF4B-00C04F79EFBC}") = "Add-row-spanning-in-a-PDF-table", "Add-row-spanning-in-a-PDF-table\Add-row-spanning-in-a-PDF-table.csproj", "{22DB9048-CC92-46BC-A090-1108B76D0DCF}"
EndProject
Global
	GlobalSection(SolutionConfigurationPlatforms) = preSolution
		Debug|Any CPU = Debug|Any CPU
		Release|Any CPU = Release|Any CPU
	EndGlobalSection
	GlobalSection(ProjectConfigurationPlatforms) = postSolution
		{22DB9048-CC92-46BC-A090-1108B76D0DCF}.Debug|Any CPU.ActiveCfg = Debug|Any CPU
		{22DB9048-CC92-46BC-A090-1108B76D0DCF}.Debug|Any CPU.Build.0 = Debug|Any CPU
		{22DB9048-CC92-46BC-A090-1108B76D0DCF}.Release|Any CPU.ActiveCfg = Release|Any CPU
		{22DB9048-CC92-46BC-A090-1108B76D0DCF}.Release|Any CPU.Build.0 = Release|Any CPU
	EndGlobalSection
	GlobalSection(SolutionProperties) = preSolution
		HideSolutionNode = FALSE
	EndGlobalSection
	GlobalSection(ExtensibilityGlobals) = postSolution
		SolutionGuid = {50BFCDC8-873A-493F-AFC4-D6278AE40C00}
	EndGlobalSection
EndGlobal
