
Microsoft Visual Studio Solution File, Format Version 12.00
# Visual Studio Version 17
VisualStudioVersion = 17.1.32407.343
MinimumVisualStudioVersion = 10.0.40219.1
Project("{FAE04EC0-301F-11D3-BF4B-00C04F79EFBC}") = "Create-a-dynamic-XFA-forms-in-a-PDF-document", "Create-a-dynamic-XFA-forms-in-a-PDF-document\Create-a-dynamic-XFA-forms-in-a-PDF-document.csproj", "{68F96648-6F43-4709-B8A3-99C1687006F9}"
EndProject
Global
	GlobalSection(SolutionConfigurationPlatforms) = preSolution
		Debug|Any CPU = Debug|Any CPU
		Release|Any CPU = Release|Any CPU
	EndGlobalSection
	GlobalSection(ProjectConfigurationPlatforms) = postSolution
		{68F96648-6F43-4709-B8A3-99C1687006F9}.Debug|Any CPU.ActiveCfg = Debug|Any CPU
		{68F96648-6F43-4709-B8A3-99C1687006F9}.Debug|Any CPU.Build.0 = Debug|Any CPU
		{68F96648-6F43-4709-B8A3-99C1687006F9}.Release|Any CPU.ActiveCfg = Release|Any CPU
		{68F96648-6F43-4709-B8A3-99C1687006F9}.Release|Any CPU.Build.0 = Release|Any CPU
	EndGlobalSection
	GlobalSection(SolutionProperties) = preSolution
		HideSolutionNode = FALSE
	EndGlobalSection
	GlobalSection(ExtensibilityGlobals) = postSolution
		SolutionGuid = {26573429-59F6-46F5-B913-922793799164}
	EndGlobalSection
EndGlobal
