
Microsoft Visual Studio Solution File, Format Version 12.00
# Visual Studio Version 17
VisualStudioVersion = 17.6.33417.168
MinimumVisualStudioVersion = 10.0.40219.1
Project("{FAE04EC0-301F-11D3-BF4B-00C04F79EFBC}") = "HTML-Header-and-Footer", "HTML-Header-and-Footer\HTML-Header-and-Footer.csproj", "{AE86576C-B426-4EB6-BE05-D07A860BB5B1}"
EndProject
Global
	GlobalSection(SolutionConfigurationPlatforms) = preSolution
		Debug|Any CPU = Debug|Any CPU
		Release|Any CPU = Release|Any CPU
	EndGlobalSection
	GlobalSection(ProjectConfigurationPlatforms) = postSolution
		{AE86576C-B426-4EB6-BE05-D07A860BB5B1}.Debug|Any CPU.ActiveCfg = Debug|Any CPU
		{AE86576C-B426-4EB6-BE05-D07A860BB5B1}.Debug|Any CPU.Build.0 = Debug|Any CPU
		{AE86576C-B426-4EB6-BE05-D07A860BB5B1}.Release|Any CPU.ActiveCfg = Release|Any CPU
		{AE86576C-B426-4EB6-BE05-D07A860BB5B1}.Release|Any CPU.Build.0 = Release|Any CPU
	EndGlobalSection
	GlobalSection(SolutionProperties) = preSolution
		HideSolutionNode = FALSE
	EndGlobalSection
	GlobalSection(ExtensibilityGlobals) = postSolution
		SolutionGuid = {666C424D-4703-4323-A2B0-6424B87A7BD1}
	EndGlobalSection
EndGlobal
