
Microsoft Visual Studio Solution File, Format Version 12.00
# Visual Studio Version 17
VisualStudioVersion = 17.3.32819.101
MinimumVisualStudioVersion = 10.0.40219.1
Project("{FAE04EC0-301F-11D3-BF4B-00C04F79EFBC}") = "Creating-the-table-in-an-existing-PDF-document", "Creating-the-table-in-an-existing-PDF-document\Creating-the-table-in-an-existing-PDF-document.csproj", "{C885715D-15BB-436D-92EB-3CB7AF596C58}"
EndProject
Global
	GlobalSection(SolutionConfigurationPlatforms) = preSolution
		Debug|Any CPU = Debug|Any CPU
		Release|Any CPU = Release|Any CPU
	EndGlobalSection
	GlobalSection(ProjectConfigurationPlatforms) = postSolution
		{C885715D-15BB-436D-92EB-3CB7AF596C58}.Debug|Any CPU.ActiveCfg = Debug|Any CPU
		{C885715D-15BB-436D-92EB-3CB7AF596C58}.Debug|Any CPU.Build.0 = Debug|Any CPU
		{C885715D-15BB-436D-92EB-3CB7AF596C58}.Release|Any CPU.ActiveCfg = Release|Any CPU
		{C885715D-15BB-436D-92EB-3CB7AF596C58}.Release|Any CPU.Build.0 = Release|Any CPU
	EndGlobalSection
	GlobalSection(SolutionProperties) = preSolution
		HideSolutionNode = FALSE
	EndGlobalSection
	GlobalSection(ExtensibilityGlobals) = postSolution
		SolutionGuid = {333E484E-0131-4574-8B34-44BE254B601A}
	EndGlobalSection
EndGlobal
