
Microsoft Visual Studio Solution File, Format Version 12.00
# Visual Studio Version 17
VisualStudioVersion = 17.9.34723.18
MinimumVisualStudioVersion = 10.0.40219.1
Project("{FAE04EC0-301F-11D3-BF4B-00C04F79EFBC}") = "HTML-to-PDF-TOC-Arabic-Text", "HTML-to-PDF-TOC-Arabic-Text\HTML-to-PDF-TOC-Arabic-Text.csproj", "{83D3E7AB-E207-4347-A023-94BAD363D60D}"
EndProject
Global
	GlobalSection(SolutionConfigurationPlatforms) = preSolution
		Debug|Any CPU = Debug|Any CPU
		Release|Any CPU = Release|Any CPU
	EndGlobalSection
	GlobalSection(ProjectConfigurationPlatforms) = postSolution
		{83D3E7AB-E207-4347-A023-94BAD363D60D}.Debug|Any CPU.ActiveCfg = Debug|Any CPU
		{83D3E7AB-E207-4347-A023-94BAD363D60D}.Debug|Any CPU.Build.0 = Debug|Any CPU
		{83D3E7AB-E207-4347-A023-94BAD363D60D}.Release|Any CPU.ActiveCfg = Release|Any CPU
		{83D3E7AB-E207-4347-A023-94BAD363D60D}.Release|Any CPU.Build.0 = Release|Any CPU
	EndGlobalSection
	GlobalSection(SolutionProperties) = preSolution
		HideSolutionNode = FALSE
	EndGlobalSection
	GlobalSection(ExtensibilityGlobals) = postSolution
		SolutionGuid = {F9754656-D265-4374-9538-9B1BE77201C5}
	EndGlobalSection
EndGlobal
