
Microsoft Visual Studio Solution File, Format Version 12.00
# Visual Studio Version 17
VisualStudioVersion = 17.1.32407.343
MinimumVisualStudioVersion = 10.0.40219.1
Project("{FAE04EC0-301F-11D3-BF4B-00C04F79EFBC}") = "Draw-text-in-an-existing-PDF-document", "Draw-text-in-an-existing-PDF-document\Draw-text-in-an-existing-PDF-document.csproj", "{4FBD76AD-6AA4-4282-88CD-6787F795C009}"
EndProject
Global
	GlobalSection(SolutionConfigurationPlatforms) = preSolution
		Debug|Any CPU = Debug|Any CPU
		Release|Any CPU = Release|Any CPU
	EndGlobalSection
	GlobalSection(ProjectConfigurationPlatforms) = postSolution
		{4FBD76AD-6AA4-4282-88CD-6787F795C009}.Debug|Any CPU.ActiveCfg = Debug|Any CPU
		{4FBD76AD-6AA4-4282-88CD-6787F795C009}.Debug|Any CPU.Build.0 = Debug|Any CPU
		{4FBD76AD-6AA4-4282-88CD-6787F795C009}.Release|Any CPU.ActiveCfg = Release|Any CPU
		{4FBD76AD-6AA4-4282-88CD-6787F795C009}.Release|Any CPU.Build.0 = Release|Any CPU
	EndGlobalSection
	GlobalSection(SolutionProperties) = preSolution
		HideSolutionNode = FALSE
	EndGlobalSection
	GlobalSection(ExtensibilityGlobals) = postSolution
		SolutionGuid = {15AEC273-2CB8-404D-A5A4-7CB1A11F18F2}
	EndGlobalSection
EndGlobal
