
Microsoft Visual Studio Solution File, Format Version 12.00
# Visual Studio 15
VisualStudioVersion = 15.0.28307.1000
MinimumVisualStudioVersion = 10.0.40219.1
Project("{FAE04EC0-301F-11D3-BF4B-00C04F79EFBC}") = "Create-PDF-document-with-basic-elemets", "Create-PDF-document-with-basic-elemets\Create-PDF-document-with-basic-elemets.csproj", "{699B3045-015D-40A1-8534-8EAE53419587}"
EndProject
Global
	GlobalSection(SolutionConfigurationPlatforms) = preSolution
		Debug|Any CPU = Debug|Any CPU
		Release|Any CPU = Release|Any CPU
	EndGlobalSection
	GlobalSection(ProjectConfigurationPlatforms) = postSolution
		{699B3045-015D-40A1-8534-8EAE53419587}.Debug|Any CPU.ActiveCfg = Debug|Any CPU
		{699B3045-015D-40A1-8534-8EAE53419587}.Debug|Any CPU.Build.0 = Debug|Any CPU
		{699B3045-015D-40A1-8534-8EAE53419587}.Release|Any CPU.ActiveCfg = Release|Any CPU
		{699B3045-015D-40A1-8534-8EAE53419587}.Release|Any CPU.Build.0 = Release|Any CPU
	EndGlobalSection
	GlobalSection(SolutionProperties) = preSolution
		HideSolutionNode = FALSE
	EndGlobalSection
	GlobalSection(ExtensibilityGlobals) = postSolution
		SolutionGuid = {27528FD1-C417-4B88-B28E-F56DEAF0D2A2}
	EndGlobalSection
EndGlobal
