
Microsoft Visual Studio Solution File, Format Version 12.00
# Visual Studio Version 17
VisualStudioVersion = 17.3.32819.101
MinimumVisualStudioVersion = 10.0.40219.1
Project("{FAE04EC0-301F-11D3-BF4B-00C04F79EFBC}") = "Retrieve-signed-revision-information", "Retrieve-signed-revision-information\Retrieve-signed-revision-information.csproj", "{5DD50125-0663-48A7-9CC5-2E16EC7DC04C}"
EndProject
Global
	GlobalSection(SolutionConfigurationPlatforms) = preSolution
		Debug|Any CPU = Debug|Any CPU
		Release|Any CPU = Release|Any CPU
	EndGlobalSection
	GlobalSection(ProjectConfigurationPlatforms) = postSolution
		{5DD50125-0663-48A7-9CC5-2E16EC7DC04C}.Debug|Any CPU.ActiveCfg = Debug|Any CPU
		{5DD50125-0663-48A7-9CC5-2E16EC7DC04C}.Debug|Any CPU.Build.0 = Debug|Any CPU
		{5DD50125-0663-48A7-9CC5-2E16EC7DC04C}.Release|Any CPU.ActiveCfg = Release|Any CPU
		{5DD50125-0663-48A7-9CC5-2E16EC7DC04C}.Release|Any CPU.Build.0 = Release|Any CPU
	EndGlobalSection
	GlobalSection(SolutionProperties) = preSolution
		HideSolutionNode = FALSE
	EndGlobalSection
	GlobalSection(ExtensibilityGlobals) = postSolution
		SolutionGuid = {A1473603-B9C2-4CC2-96A6-DEA2522FA572}
	EndGlobalSection
EndGlobal
