
Microsoft Visual Studio Solution File, Format Version 12.00
# Visual Studio Version 17
VisualStudioVersion = 17.1.32407.343
MinimumVisualStudioVersion = 10.0.40219.1
Project("{FAE04EC0-301F-11D3-BF4B-00C04F79EFBC}") = "Fill-an-object-with-gradient-brush-in-a-PDF", "Fill-an-object-with-gradient-brush-in-a-PDF\Fill-an-object-with-gradient-brush-in-a-PDF.csproj", "{73E58804-F26A-46EE-8FB3-BFB4CE620B23}"
EndProject
Global
	GlobalSection(SolutionConfigurationPlatforms) = preSolution
		Debug|Any CPU = Debug|Any CPU
		Release|Any CPU = Release|Any CPU
	EndGlobalSection
	GlobalSection(ProjectConfigurationPlatforms) = postSolution
		{73E58804-F26A-46EE-8FB3-BFB4CE620B23}.Debug|Any CPU.ActiveCfg = Debug|Any CPU
		{73E58804-F26A-46EE-8FB3-BFB4CE620B23}.Debug|Any CPU.Build.0 = Debug|Any CPU
		{73E58804-F26A-46EE-8FB3-BFB4CE620B23}.Release|Any CPU.ActiveCfg = Release|Any CPU
		{73E58804-F26A-46EE-8FB3-BFB4CE620B23}.Release|Any CPU.Build.0 = Release|Any CPU
	EndGlobalSection
	GlobalSection(SolutionProperties) = preSolution
		HideSolutionNode = FALSE
	EndGlobalSection
	GlobalSection(ExtensibilityGlobals) = postSolution
		SolutionGuid = {512AF057-0616-48F4-B849-3D6BE3789514}
	EndGlobalSection
EndGlobal
