
Microsoft Visual Studio Solution File, Format Version 12.00
# Visual Studio Version 17
VisualStudioVersion = 17.1.32407.343
MinimumVisualStudioVersion = 10.0.40219.1
Project("{FAE04EC0-301F-11D3-BF4B-00C04F79EFBC}") = "Remove-review-status-to-the-existing-PDF-document", "Remove-review-status-to-the-existing-PDF-document\Remove-review-status-to-the-existing-PDF-document.csproj", "{2BD72A6D-29CC-4620-878E-2F533DAC1EAF}"
EndProject
Global
	GlobalSection(SolutionConfigurationPlatforms) = preSolution
		Debug|Any CPU = Debug|Any CPU
		Release|Any CPU = Release|Any CPU
	EndGlobalSection
	GlobalSection(ProjectConfigurationPlatforms) = postSolution
		{2BD72A6D-29CC-4620-878E-2F533DAC1EAF}.Debug|Any CPU.ActiveCfg = Debug|Any CPU
		{2BD72A6D-29CC-4620-878E-2F533DAC1EAF}.Debug|Any CPU.Build.0 = Debug|Any CPU
		{2BD72A6D-29CC-4620-878E-2F533DAC1EAF}.Release|Any CPU.ActiveCfg = Release|Any CPU
		{2BD72A6D-29CC-4620-878E-2F533DAC1EAF}.Release|Any CPU.Build.0 = Release|Any CPU
	EndGlobalSection
	GlobalSection(SolutionProperties) = preSolution
		HideSolutionNode = FALSE
	EndGlobalSection
	GlobalSection(ExtensibilityGlobals) = postSolution
		SolutionGuid = {8525B252-F75F-4EBC-8333-F9436FAEE870}
	EndGlobalSection
EndGlobal
