
Microsoft Visual Studio Solution File, Format Version 12.00
# Visual Studio Version 17
VisualStudioVersion = 17.1.32407.343
MinimumVisualStudioVersion = 10.0.40219.1
Project("{FAE04EC0-301F-11D3-BF4B-00C04F79EFBC}") = "Add-XFA-nested-subforms-in-a-PDF-document", "Add-XFA-nested-subforms-in-a-PDF-document\Add-XFA-nested-subforms-in-a-PDF-document.csproj", "{B8BEC387-1A7F-48FB-BDB7-8317559E1E3F}"
EndProject
Global
	GlobalSection(SolutionConfigurationPlatforms) = preSolution
		Debug|Any CPU = Debug|Any CPU
		Release|Any CPU = Release|Any CPU
	EndGlobalSection
	GlobalSection(ProjectConfigurationPlatforms) = postSolution
		{B8BEC387-1A7F-48FB-BDB7-8317559E1E3F}.Debug|Any CPU.ActiveCfg = Debug|Any CPU
		{B8BEC387-1A7F-48FB-BDB7-8317559E1E3F}.Debug|Any CPU.Build.0 = Debug|Any CPU
		{B8BEC387-1A7F-48FB-BDB7-8317559E1E3F}.Release|Any CPU.ActiveCfg = Release|Any CPU
		{B8BEC387-1A7F-48FB-BDB7-8317559E1E3F}.Release|Any CPU.Build.0 = Release|Any CPU
	EndGlobalSection
	GlobalSection(SolutionProperties) = preSolution
		HideSolutionNode = FALSE
	EndGlobalSection
	GlobalSection(ExtensibilityGlobals) = postSolution
		SolutionGuid = {7DC26F5C-5182-430D-A23B-C19C1B8221DF}
	EndGlobalSection
EndGlobal
