
Microsoft Visual Studio Solution File, Format Version 12.00
# Visual Studio Version 17
VisualStudioVersion = 17.1.32407.343
MinimumVisualStudioVersion = 10.0.40219.1
Project("{FAE04EC0-301F-11D3-BF4B-00C04F79EFBC}") = "Compress-the-content-of-the-PDF-document", "Compress-the-content-of-the-PDF-document\Compress-the-content-of-the-PDF-document.csproj", "{7D5A7C38-B433-4DB0-B9EB-72272FBFFBAE}"
EndProject
Global
	GlobalSection(SolutionConfigurationPlatforms) = preSolution
		Debug|Any CPU = Debug|Any CPU
		Release|Any CPU = Release|Any CPU
	EndGlobalSection
	GlobalSection(ProjectConfigurationPlatforms) = postSolution
		{7D5A7C38-B433-4DB0-B9EB-72272FBFFBAE}.Debug|Any CPU.ActiveCfg = Debug|Any CPU
		{7D5A7C38-B433-4DB0-B9EB-72272FBFFBAE}.Debug|Any CPU.Build.0 = Debug|Any CPU
		{7D5A7C38-B433-4DB0-B9EB-72272FBFFBAE}.Release|Any CPU.ActiveCfg = Release|Any CPU
		{7D5A7C38-B433-4DB0-B9EB-72272FBFFBAE}.Release|Any CPU.Build.0 = Release|Any CPU
	EndGlobalSection
	GlobalSection(SolutionProperties) = preSolution
		HideSolutionNode = FALSE
	EndGlobalSection
	GlobalSection(ExtensibilityGlobals) = postSolution
		SolutionGuid = {36B06312-26FB-4AA1-9FBD-6A8DBBCB2FAD}
	EndGlobalSection
EndGlobal
