
Microsoft Visual Studio Solution File, Format Version 12.00
# Visual Studio Version 17
VisualStudioVersion = 17.1.32407.343
MinimumVisualStudioVersion = 10.0.40219.1
Project("{FAE04EC0-301F-11D3-BF4B-00C04F79EFBC}") = "Add-JavaScript-action-to-the-PDF-document", "Add-JavaScript-action-to-the-PDF-document\Add-JavaScript-action-to-the-PDF-document.csproj", "{40525944-D0EC-4D13-8036-5C5F43D38223}"
EndProject
Global
	GlobalSection(SolutionConfigurationPlatforms) = preSolution
		Debug|Any CPU = Debug|Any CPU
		Release|Any CPU = Release|Any CPU
	EndGlobalSection
	GlobalSection(ProjectConfigurationPlatforms) = postSolution
		{40525944-D0EC-4D13-8036-5C5F43D38223}.Debug|Any CPU.ActiveCfg = Debug|Any CPU
		{40525944-D0EC-4D13-8036-5C5F43D38223}.Debug|Any CPU.Build.0 = Debug|Any CPU
		{40525944-D0EC-4D13-8036-5C5F43D38223}.Release|Any CPU.ActiveCfg = Release|Any CPU
		{40525944-D0EC-4D13-8036-5C5F43D38223}.Release|Any CPU.Build.0 = Release|Any CPU
	EndGlobalSection
	GlobalSection(SolutionProperties) = preSolution
		HideSolutionNode = FALSE
	EndGlobalSection
	GlobalSection(ExtensibilityGlobals) = postSolution
		SolutionGuid = {80C5D336-83E1-4F1B-B12E-4E9A00D607FF}
	EndGlobalSection
EndGlobal
