
Microsoft Visual Studio Solution File, Format Version 12.00
# Visual Studio Version 17
VisualStudioVersion = 17.1.32407.343
MinimumVisualStudioVersion = 10.0.40219.1
Project("{FAE04EC0-301F-11D3-BF4B-00C04F79EFBC}") = "Compress-the-images-in-an-existing-PDF-document", "Compress-the-images-in-an-existing-PDF-document\Compress-the-images-in-an-existing-PDF-document.csproj", "{892A0714-A25F-431B-B98E-FBA85B8BED0E}"
EndProject
Global
	GlobalSection(SolutionConfigurationPlatforms) = preSolution
		Debug|Any CPU = Debug|Any CPU
		Release|Any CPU = Release|Any CPU
	EndGlobalSection
	GlobalSection(ProjectConfigurationPlatforms) = postSolution
		{892A0714-A25F-431B-B98E-FBA85B8BED0E}.Debug|Any CPU.ActiveCfg = Debug|Any CPU
		{892A0714-A25F-431B-B98E-FBA85B8BED0E}.Debug|Any CPU.Build.0 = Debug|Any CPU
		{892A0714-A25F-431B-B98E-FBA85B8BED0E}.Release|Any CPU.ActiveCfg = Release|Any CPU
		{892A0714-A25F-431B-B98E-FBA85B8BED0E}.Release|Any CPU.Build.0 = Release|Any CPU
	EndGlobalSection
	GlobalSection(SolutionProperties) = preSolution
		HideSolutionNode = FALSE
	EndGlobalSection
	GlobalSection(ExtensibilityGlobals) = postSolution
		SolutionGuid = {9EBF2A06-3AE8-48FE-90DA-056AD0C9CD66}
	EndGlobalSection
EndGlobal
