
Microsoft Visual Studio Solution File, Format Version 12.00
# Visual Studio Version 17
VisualStudioVersion = 17.14.36616.10 d17.14
MinimumVisualStudioVersion = 10.0.40219.1
Project("{FAE04EC0-301F-11D3-BF4B-00C04F79EFBC}") = "Clipping-and-graphics-state", "Clipping-and-graphics-state\Clipping-and-graphics-state.csproj", "{D3AD004B-8B2A-4230-9AA7-E0EC9CFC6C9C}"
EndProject
Global
	GlobalSection(SolutionConfigurationPlatforms) = preSolution
		Debug|Any CPU = Debug|Any CPU
		Release|Any CPU = Release|Any CPU
	EndGlobalSection
	GlobalSection(ProjectConfigurationPlatforms) = postSolution
		{D3AD004B-8B2A-4230-9AA7-E0EC9CFC6C9C}.Debug|Any CPU.ActiveCfg = Debug|Any CPU
		{D3AD004B-8B2A-4230-9AA7-E0EC9CFC6C9C}.Debug|Any CPU.Build.0 = Debug|Any CPU
		{D3AD004B-8B2A-4230-9AA7-E0EC9CFC6C9C}.Release|Any CPU.ActiveCfg = Release|Any CPU
		{D3AD004B-8B2A-4230-9AA7-E0EC9CFC6C9C}.Release|Any CPU.Build.0 = Release|Any CPU
	EndGlobalSection
	GlobalSection(SolutionProperties) = preSolution
		HideSolutionNode = FALSE
	EndGlobalSection
	GlobalSection(ExtensibilityGlobals) = postSolution
		SolutionGuid = {820F8B8B-A228-4044-AE9F-406099112325}
	EndGlobalSection
EndGlobal
