
Microsoft Visual Studio Solution File, Format Version 12.00
# Visual Studio Version 17
VisualStudioVersion = 17.1.32407.343
MinimumVisualStudioVersion = 10.0.40219.1
Project("{FAE04EC0-301F-11D3-BF4B-00C04F79EFBC}") = "Rearrange-pages-in-an-existing-PDF-document", "Rearrange-pages-in-an-existing-PDF-document\Rearrange-pages-in-an-existing-PDF-document.csproj", "{BA5E990F-5BC1-4DF3-8F2F-7065A2ED00E3}"
EndProject
Global
	GlobalSection(SolutionConfigurationPlatforms) = preSolution
		Debug|Any CPU = Debug|Any CPU
		Release|Any CPU = Release|Any CPU
	EndGlobalSection
	GlobalSection(ProjectConfigurationPlatforms) = postSolution
		{BA5E990F-5BC1-4DF3-8F2F-7065A2ED00E3}.Debug|Any CPU.ActiveCfg = Debug|Any CPU
		{BA5E990F-5BC1-4DF3-8F2F-7065A2ED00E3}.Debug|Any CPU.Build.0 = Debug|Any CPU
		{BA5E990F-5BC1-4DF3-8F2F-7065A2ED00E3}.Release|Any CPU.ActiveCfg = Release|Any CPU
		{BA5E990F-5BC1-4DF3-8F2F-7065A2ED00E3}.Release|Any CPU.Build.0 = Release|Any CPU
	EndGlobalSection
	GlobalSection(SolutionProperties) = preSolution
		HideSolutionNode = FALSE
	EndGlobalSection
	GlobalSection(ExtensibilityGlobals) = postSolution
		SolutionGuid = {51CDBEEE-F0D4-490B-9C4E-655F102C85E7}
	EndGlobalSection
EndGlobal
