
Microsoft Visual Studio Solution File, Format Version 12.00
# Visual Studio Version 17
VisualStudioVersion = 17.1.32407.343
MinimumVisualStudioVersion = 10.0.40219.1
Project("{FAE04EC0-301F-11D3-BF4B-00C04F79EFBC}") = "Adding-named-destination-to-a-PDF-document", "Adding-named-destination-to-a-PDF-document\Adding-named-destination-to-a-PDF-document.csproj", "{E26B3BC2-75C1-4C13-BE11-BC9ED3E79C73}"
EndProject
Global
	GlobalSection(SolutionConfigurationPlatforms) = preSolution
		Debug|Any CPU = Debug|Any CPU
		Release|Any CPU = Release|Any CPU
	EndGlobalSection
	GlobalSection(ProjectConfigurationPlatforms) = postSolution
		{E26B3BC2-75C1-4C13-BE11-BC9ED3E79C73}.Debug|Any CPU.ActiveCfg = Debug|Any CPU
		{E26B3BC2-75C1-4C13-BE11-BC9ED3E79C73}.Debug|Any CPU.Build.0 = Debug|Any CPU
		{E26B3BC2-75C1-4C13-BE11-BC9ED3E79C73}.Release|Any CPU.ActiveCfg = Release|Any CPU
		{E26B3BC2-75C1-4C13-BE11-BC9ED3E79C73}.Release|Any CPU.Build.0 = Release|Any CPU
	EndGlobalSection
	GlobalSection(SolutionProperties) = preSolution
		HideSolutionNode = FALSE
	EndGlobalSection
	GlobalSection(ExtensibilityGlobals) = postSolution
		SolutionGuid = {CC8DF657-89C0-4D6C-9BEF-0E9320617310}
	EndGlobalSection
EndGlobal
