
Microsoft Visual Studio Solution File, Format Version 12.00
# Visual Studio 15
VisualStudioVersion = 15.0.28307.1000
MinimumVisualStudioVersion = 10.0.40219.1
Project("{FAE04EC0-301F-11D3-BF4B-00C04F79EFBC}") = "Converting-HTML-string-to-PDF-document", "Converting-HTML-string-to-PDF-document\Converting-HTML-string-to-PDF-document.csproj", "{2CDE4E24-22E9-465E-A8EA-9CFE1A56A3EF}"
EndProject
Global
	GlobalSection(SolutionConfigurationPlatforms) = preSolution
		Debug|Any CPU = Debug|Any CPU
		Release|Any CPU = Release|Any CPU
	EndGlobalSection
	GlobalSection(ProjectConfigurationPlatforms) = postSolution
		{2CDE4E24-22E9-465E-A8EA-9CFE1A56A3EF}.Debug|Any CPU.ActiveCfg = Debug|Any CPU
		{2CDE4E24-22E9-465E-A8EA-9CFE1A56A3EF}.Debug|Any CPU.Build.0 = Debug|Any CPU
		{2CDE4E24-22E9-465E-A8EA-9CFE1A56A3EF}.Release|Any CPU.ActiveCfg = Release|Any CPU
		{2CDE4E24-22E9-465E-A8EA-9CFE1A56A3EF}.Release|Any CPU.Build.0 = Release|Any CPU
	EndGlobalSection
	GlobalSection(SolutionProperties) = preSolution
		HideSolutionNode = FALSE
	EndGlobalSection
	GlobalSection(ExtensibilityGlobals) = postSolution
		SolutionGuid = {0953A4E1-5B05-475B-BD37-9BCF389409CE}
	EndGlobalSection
EndGlobal
