
Microsoft Visual Studio Solution File, Format Version 12.00
# Visual Studio Version 17
VisualStudioVersion = 17.3.32819.101
MinimumVisualStudioVersion = 10.0.40219.1
Project("{FAE04EC0-301F-11D3-BF4B-00C04F79EFBC}") = "Convert-HTML-to-SVG", "Convert-HTML-to-SVG\Convert-HTML-to-SVG.csproj", "{A7A62B80-B3AA-4412-B5A2-82E7E931DC84}"
EndProject
Global
	GlobalSection(SolutionConfigurationPlatforms) = preSolution
		Debug|Any CPU = Debug|Any CPU
		Release|Any CPU = Release|Any CPU
	EndGlobalSection
	GlobalSection(ProjectConfigurationPlatforms) = postSolution
		{A7A62B80-B3AA-4412-B5A2-82E7E931DC84}.Debug|Any CPU.ActiveCfg = Debug|Any CPU
		{A7A62B80-B3AA-4412-B5A2-82E7E931DC84}.Debug|Any CPU.Build.0 = Debug|Any CPU
		{A7A62B80-B3AA-4412-B5A2-82E7E931DC84}.Release|Any CPU.ActiveCfg = Release|Any CPU
		{A7A62B80-B3AA-4412-B5A2-82E7E931DC84}.Release|Any CPU.Build.0 = Release|Any CPU
	EndGlobalSection
	GlobalSection(SolutionProperties) = preSolution
		HideSolutionNode = FALSE
	EndGlobalSection
	GlobalSection(ExtensibilityGlobals) = postSolution
		SolutionGuid = {4CE7C6D7-7067-4EE2-A648-14A5976E6A26}
	EndGlobalSection
EndGlobal
