
Microsoft Visual Studio Solution File, Format Version 12.00
# Visual Studio Version 18
VisualStudioVersion = 18.4.11626.88 stable
MinimumVisualStudioVersion = 10.0.40219.1
Project("{FAE04EC0-301F-11D3-BF4B-00C04F79EFBC}") = "Extract_Table_Data", "Extract_Table_Data\Extract_Table_Data.csproj", "{B2DD477F-3F6B-4694-945C-F09C956531C0}"
EndProject
Global
	GlobalSection(SolutionConfigurationPlatforms) = preSolution
		Debug|Any CPU = Debug|Any CPU
		Release|Any CPU = Release|Any CPU
	EndGlobalSection
	GlobalSection(ProjectConfigurationPlatforms) = postSolution
		{B2DD477F-3F6B-4694-945C-F09C956531C0}.Debug|Any CPU.ActiveCfg = Debug|Any CPU
		{B2DD477F-3F6B-4694-945C-F09C956531C0}.Debug|Any CPU.Build.0 = Debug|Any CPU
		{B2DD477F-3F6B-4694-945C-F09C956531C0}.Release|Any CPU.ActiveCfg = Release|Any CPU
		{B2DD477F-3F6B-4694-945C-F09C956531C0}.Release|Any CPU.Build.0 = Release|Any CPU
	EndGlobalSection
	GlobalSection(SolutionProperties) = preSolution
		HideSolutionNode = FALSE
	EndGlobalSection
	GlobalSection(ExtensibilityGlobals) = postSolution
		SolutionGuid = {5E4A2D3B-932B-457E-BEB3-FD9D59CABEB4}
	EndGlobalSection
EndGlobal
