
Microsoft Visual Studio Solution File, Format Version 12.00
# Visual Studio Version 17
VisualStudioVersion = 17.3.32819.101
MinimumVisualStudioVersion = 10.0.40219.1
Project("{FAE04EC0-301F-11D3-BF4B-00C04F79EFBC}") = "Access-a-webpage-using-HTTP-GET", "Access-a-webpage-using-HTTP-GET\Access-a-webpage-using-HTTP-GET.csproj", "{AA81EC72-B27C-4FBD-B238-131C5AF9A69B}"
EndProject
Global
	GlobalSection(SolutionConfigurationPlatforms) = preSolution
		Debug|Any CPU = Debug|Any CPU
		Release|Any CPU = Release|Any CPU
	EndGlobalSection
	GlobalSection(ProjectConfigurationPlatforms) = postSolution
		{AA81EC72-B27C-4FBD-B238-131C5AF9A69B}.Debug|Any CPU.ActiveCfg = Debug|Any CPU
		{AA81EC72-B27C-4FBD-B238-131C5AF9A69B}.Debug|Any CPU.Build.0 = Debug|Any CPU
		{AA81EC72-B27C-4FBD-B238-131C5AF9A69B}.Release|Any CPU.ActiveCfg = Release|Any CPU
		{AA81EC72-B27C-4FBD-B238-131C5AF9A69B}.Release|Any CPU.Build.0 = Release|Any CPU
	EndGlobalSection
	GlobalSection(SolutionProperties) = preSolution
		HideSolutionNode = FALSE
	EndGlobalSection
	GlobalSection(ExtensibilityGlobals) = postSolution
		SolutionGuid = {7C6F1D60-429C-4B1C-9B54-647BE6F6A089}
	EndGlobalSection
EndGlobal
