
Microsoft Visual Studio Solution File, Format Version 12.00
# Visual Studio Version 17
VisualStudioVersion = 17.1.32407.343
MinimumVisualStudioVersion = 10.0.40219.1
Project("{FAE04EC0-301F-11D3-BF4B-00C04F79EFBC}") = "Fill-the-combobox-field-in-an-existing-PDF-document", "Fill-the-combobox-field-in-an-existing-PDF-document\Fill-the-combobox-field-in-an-existing-PDF-document.csproj", "{F8CB6151-0D87-4415-819B-54F9CB2AD58D}"
EndProject
Global
	GlobalSection(SolutionConfigurationPlatforms) = preSolution
		Debug|Any CPU = Debug|Any CPU
		Release|Any CPU = Release|Any CPU
	EndGlobalSection
	GlobalSection(ProjectConfigurationPlatforms) = postSolution
		{F8CB6151-0D87-4415-819B-54F9CB2AD58D}.Debug|Any CPU.ActiveCfg = Debug|Any CPU
		{F8CB6151-0D87-4415-819B-54F9CB2AD58D}.Debug|Any CPU.Build.0 = Debug|Any CPU
		{F8CB6151-0D87-4415-819B-54F9CB2AD58D}.Release|Any CPU.ActiveCfg = Release|Any CPU
		{F8CB6151-0D87-4415-819B-54F9CB2AD58D}.Release|Any CPU.Build.0 = Release|Any CPU
	EndGlobalSection
	GlobalSection(SolutionProperties) = preSolution
		HideSolutionNode = FALSE
	EndGlobalSection
	GlobalSection(ExtensibilityGlobals) = postSolution
		SolutionGuid = {5D34E482-29FA-4F15-8774-FFC68F666BB3}
	EndGlobalSection
EndGlobal
