
Microsoft Visual Studio Solution File, Format Version 12.00
# Visual Studio Version 17
VisualStudioVersion = 17.3.32819.101
MinimumVisualStudioVersion = 10.0.40219.1
Project("{FAE04EC0-301F-11D3-BF4B-00C04F79EFBC}") = "Convert-token-based-authenticate-webpage-to-PDF", "Convert-token-based-authenticate-webpage-to-PDF\Convert-token-based-authenticate-webpage-to-PDF.csproj", "{06D9DBCD-DD82-43FF-ABE9-F2350875305D}"
EndProject
Global
	GlobalSection(SolutionConfigurationPlatforms) = preSolution
		Debug|Any CPU = Debug|Any CPU
		Release|Any CPU = Release|Any CPU
	EndGlobalSection
	GlobalSection(ProjectConfigurationPlatforms) = postSolution
		{06D9DBCD-DD82-43FF-ABE9-F2350875305D}.Debug|Any CPU.ActiveCfg = Debug|Any CPU
		{06D9DBCD-DD82-43FF-ABE9-F2350875305D}.Debug|Any CPU.Build.0 = Debug|Any CPU
		{06D9DBCD-DD82-43FF-ABE9-F2350875305D}.Release|Any CPU.ActiveCfg = Release|Any CPU
		{06D9DBCD-DD82-43FF-ABE9-F2350875305D}.Release|Any CPU.Build.0 = Release|Any CPU
	EndGlobalSection
	GlobalSection(SolutionProperties) = preSolution
		HideSolutionNode = FALSE
	EndGlobalSection
	GlobalSection(ExtensibilityGlobals) = postSolution
		SolutionGuid = {6B92EF03-8862-469B-8F7A-7448AD272D92}
	EndGlobalSection
EndGlobal
