
Microsoft Visual Studio Solution File, Format Version 12.00
# Visual Studio Version 17
VisualStudioVersion = 17.6.33829.357
MinimumVisualStudioVersion = 10.0.40219.1
Project("{FAE04EC0-301F-11D3-BF4B-00C04F79EFBC}") = "HelloWorldSample", "HelloWorldSample\HelloWorldSample.csproj", "{385C3CBF-55AC-4E74-80A6-E1711CDD30D4}"
EndProject
Global
	GlobalSection(SolutionConfigurationPlatforms) = preSolution
		Debug|Any CPU = Debug|Any CPU
		Release|Any CPU = Release|Any CPU
	EndGlobalSection
	GlobalSection(ProjectConfigurationPlatforms) = postSolution
		{385C3CBF-55AC-4E74-80A6-E1711CDD30D4}.Debug|Any CPU.ActiveCfg = Debug|Any CPU
		{385C3CBF-55AC-4E74-80A6-E1711CDD30D4}.Debug|Any CPU.Build.0 = Debug|Any CPU
		{385C3CBF-55AC-4E74-80A6-E1711CDD30D4}.Release|Any CPU.ActiveCfg = Release|Any CPU
		{385C3CBF-55AC-4E74-80A6-E1711CDD30D4}.Release|Any CPU.Build.0 = Release|Any CPU
	EndGlobalSection
	GlobalSection(SolutionProperties) = preSolution
		HideSolutionNode = FALSE
	EndGlobalSection
	GlobalSection(ExtensibilityGlobals) = postSolution
		SolutionGuid = {23BAF787-34A6-4A66-B756-CA8D19FECEAD}
	EndGlobalSection
EndGlobal
