
Microsoft Visual Studio Solution File, Format Version 12.00
# Visual Studio Version 18
VisualStudioVersion = 18.5.11716.220 stable
MinimumVisualStudioVersion = 10.0.40219.1
Project("{FAE04EC0-301F-11D3-BF4B-00C04F79EFBC}") = "Extract-table-data-as-md-from-pdf", "Extract-table-data-as-md-from-pdf\Extract-table-data-as-md-from-pdf.csproj", "{966488A5-6BD0-4E04-B21F-F94BBB51CF97}"
EndProject
Global
	GlobalSection(SolutionConfigurationPlatforms) = preSolution
		Debug|Any CPU = Debug|Any CPU
		Release|Any CPU = Release|Any CPU
	EndGlobalSection
	GlobalSection(ProjectConfigurationPlatforms) = postSolution
		{966488A5-6BD0-4E04-B21F-F94BBB51CF97}.Debug|Any CPU.ActiveCfg = Debug|Any CPU
		{966488A5-6BD0-4E04-B21F-F94BBB51CF97}.Debug|Any CPU.Build.0 = Debug|Any CPU
		{966488A5-6BD0-4E04-B21F-F94BBB51CF97}.Release|Any CPU.ActiveCfg = Release|Any CPU
		{966488A5-6BD0-4E04-B21F-F94BBB51CF97}.Release|Any CPU.Build.0 = Release|Any CPU
	EndGlobalSection
	GlobalSection(SolutionProperties) = preSolution
		HideSolutionNode = FALSE
	EndGlobalSection
	GlobalSection(ExtensibilityGlobals) = postSolution
		SolutionGuid = {AB115D6D-2324-40E5-844D-F6B9A308B5FE}
	EndGlobalSection
EndGlobal
