
Microsoft Visual Studio Solution File, Format Version 12.00
# Visual Studio Version 17
VisualStudioVersion = 17.1.32407.343
MinimumVisualStudioVersion = 10.0.40219.1
Project("{FAE04EC0-301F-11D3-BF4B-00C04F79EFBC}") = "Perform-incremental-update-for-the-PDF-document", "Perform-incremental-update-for-the-PDF-document\Perform-incremental-update-for-the-PDF-document.csproj", "{9B080F57-0D34-400B-B81D-617FC54CE72E}"
EndProject
Global
	GlobalSection(SolutionConfigurationPlatforms) = preSolution
		Debug|Any CPU = Debug|Any CPU
		Release|Any CPU = Release|Any CPU
	EndGlobalSection
	GlobalSection(ProjectConfigurationPlatforms) = postSolution
		{9B080F57-0D34-400B-B81D-617FC54CE72E}.Debug|Any CPU.ActiveCfg = Debug|Any CPU
		{9B080F57-0D34-400B-B81D-617FC54CE72E}.Debug|Any CPU.Build.0 = Debug|Any CPU
		{9B080F57-0D34-400B-B81D-617FC54CE72E}.Release|Any CPU.ActiveCfg = Release|Any CPU
		{9B080F57-0D34-400B-B81D-617FC54CE72E}.Release|Any CPU.Build.0 = Release|Any CPU
	EndGlobalSection
	GlobalSection(SolutionProperties) = preSolution
		HideSolutionNode = FALSE
	EndGlobalSection
	GlobalSection(ExtensibilityGlobals) = postSolution
		SolutionGuid = {0B108DB7-260A-4EA4-9565-BB7F61C96B20}
	EndGlobalSection
EndGlobal
