
Microsoft Visual Studio Solution File, Format Version 12.00
# Visual Studio Version 17
VisualStudioVersion = 17.1.32407.343
MinimumVisualStudioVersion = 10.0.40219.1
Project("{FAE04EC0-301F-11D3-BF4B-00C04F79EFBC}") = "Removing-annotations-from-an-existing-PDF-document", "Removing-annotations-from-an-existing-PDF-document\Removing-annotations-from-an-existing-PDF-document.csproj", "{77C05828-1E84-43BF-A76D-C2B03616C7BF}"
EndProject
Global
	GlobalSection(SolutionConfigurationPlatforms) = preSolution
		Debug|Any CPU = Debug|Any CPU
		Release|Any CPU = Release|Any CPU
	EndGlobalSection
	GlobalSection(ProjectConfigurationPlatforms) = postSolution
		{77C05828-1E84-43BF-A76D-C2B03616C7BF}.Debug|Any CPU.ActiveCfg = Debug|Any CPU
		{77C05828-1E84-43BF-A76D-C2B03616C7BF}.Debug|Any CPU.Build.0 = Debug|Any CPU
		{77C05828-1E84-43BF-A76D-C2B03616C7BF}.Release|Any CPU.ActiveCfg = Release|Any CPU
		{77C05828-1E84-43BF-A76D-C2B03616C7BF}.Release|Any CPU.Build.0 = Release|Any CPU
	EndGlobalSection
	GlobalSection(SolutionProperties) = preSolution
		HideSolutionNode = FALSE
	EndGlobalSection
	GlobalSection(ExtensibilityGlobals) = postSolution
		SolutionGuid = {BF29765E-A9E8-453E-9D18-F06B60C26058}
	EndGlobalSection
EndGlobal
