
Microsoft Visual Studio Solution File, Format Version 12.00
# Visual Studio Version 17
VisualStudioVersion = 17.1.32407.343
MinimumVisualStudioVersion = 10.0.40219.1
Project("{FAE04EC0-301F-11D3-BF4B-00C04F79EFBC}") = "Draw-pattern-on-the-redacted-area-in-PDF-document", "Draw-pattern-on-the-redacted-area-in-PDF-document\Draw-pattern-on-the-redacted-area-in-PDF-document.csproj", "{A6196A14-E655-4FD2-87FC-F766D279FC6B}"
EndProject
Global
	GlobalSection(SolutionConfigurationPlatforms) = preSolution
		Debug|Any CPU = Debug|Any CPU
		Release|Any CPU = Release|Any CPU
	EndGlobalSection
	GlobalSection(ProjectConfigurationPlatforms) = postSolution
		{A6196A14-E655-4FD2-87FC-F766D279FC6B}.Debug|Any CPU.ActiveCfg = Debug|Any CPU
		{A6196A14-E655-4FD2-87FC-F766D279FC6B}.Debug|Any CPU.Build.0 = Debug|Any CPU
		{A6196A14-E655-4FD2-87FC-F766D279FC6B}.Release|Any CPU.ActiveCfg = Release|Any CPU
		{A6196A14-E655-4FD2-87FC-F766D279FC6B}.Release|Any CPU.Build.0 = Release|Any CPU
	EndGlobalSection
	GlobalSection(SolutionProperties) = preSolution
		HideSolutionNode = FALSE
	EndGlobalSection
	GlobalSection(ExtensibilityGlobals) = postSolution
		SolutionGuid = {58F05A51-5FA2-469C-9192-087D069C3729}
	EndGlobalSection
EndGlobal
