
Microsoft Visual Studio Solution File, Format Version 12.00
# Visual Studio Version 17
VisualStudioVersion = 17.3.32819.101
MinimumVisualStudioVersion = 10.0.40219.1
Project("{FAE04EC0-301F-11D3-BF4B-00C04F79EFBC}") = "Converting-multipage-TIFF-to-PDF-document", "Converting-multipage-TIFF-to-PDF-document\Converting-multipage-TIFF-to-PDF-document.csproj", "{814C4E22-B39F-4A34-ABE2-D0BECC209801}"
EndProject
Global
	GlobalSection(SolutionConfigurationPlatforms) = preSolution
		Debug|Any CPU = Debug|Any CPU
		Release|Any CPU = Release|Any CPU
	EndGlobalSection
	GlobalSection(ProjectConfigurationPlatforms) = postSolution
		{814C4E22-B39F-4A34-ABE2-D0BECC209801}.Debug|Any CPU.ActiveCfg = Debug|Any CPU
		{814C4E22-B39F-4A34-ABE2-D0BECC209801}.Debug|Any CPU.Build.0 = Debug|Any CPU
		{814C4E22-B39F-4A34-ABE2-D0BECC209801}.Release|Any CPU.ActiveCfg = Release|Any CPU
		{814C4E22-B39F-4A34-ABE2-D0BECC209801}.Release|Any CPU.Build.0 = Release|Any CPU
	EndGlobalSection
	GlobalSection(SolutionProperties) = preSolution
		HideSolutionNode = FALSE
	EndGlobalSection
	GlobalSection(ExtensibilityGlobals) = postSolution
		SolutionGuid = {2DC7D5C4-54BF-472D-91FC-832446B06E6F}
	EndGlobalSection
EndGlobal
