
Microsoft Visual Studio Solution File, Format Version 12.00
# Visual Studio Version 17
VisualStudioVersion = 17.1.32407.343
MinimumVisualStudioVersion = 10.0.40219.1
Project("{FAE04EC0-301F-11D3-BF4B-00C04F79EFBC}") = "Draw-path-in-a-new-PDF-document", "Draw-path-in-a-new-PDF-document\Draw-path-in-a-new-PDF-document.csproj", "{C1A7BAB5-04D3-4FF6-9047-6793EE0BB7E6}"
EndProject
Global
	GlobalSection(SolutionConfigurationPlatforms) = preSolution
		Debug|Any CPU = Debug|Any CPU
		Release|Any CPU = Release|Any CPU
	EndGlobalSection
	GlobalSection(ProjectConfigurationPlatforms) = postSolution
		{C1A7BAB5-04D3-4FF6-9047-6793EE0BB7E6}.Debug|Any CPU.ActiveCfg = Debug|Any CPU
		{C1A7BAB5-04D3-4FF6-9047-6793EE0BB7E6}.Debug|Any CPU.Build.0 = Debug|Any CPU
		{C1A7BAB5-04D3-4FF6-9047-6793EE0BB7E6}.Release|Any CPU.ActiveCfg = Release|Any CPU
		{C1A7BAB5-04D3-4FF6-9047-6793EE0BB7E6}.Release|Any CPU.Build.0 = Release|Any CPU
	EndGlobalSection
	GlobalSection(SolutionProperties) = preSolution
		HideSolutionNode = FALSE
	EndGlobalSection
	GlobalSection(ExtensibilityGlobals) = postSolution
		SolutionGuid = {C8A923AE-8E62-4248-A99C-7E3FE47CA126}
	EndGlobalSection
EndGlobal
