
Microsoft Visual Studio Solution File, Format Version 12.00
# Visual Studio Version 17
VisualStudioVersion = 17.1.32407.343
MinimumVisualStudioVersion = 10.0.40219.1
Project("{FAE04EC0-301F-11D3-BF4B-00C04F79EFBC}") = "Apply-string-formatting-for-whole-table-in-a-PDF", "Apply-string-formatting-for-whole-table-in-a-PDF\Apply-string-formatting-for-whole-table-in-a-PDF.csproj", "{708FBD8A-D016-47B9-848D-0EC45985147D}"
EndProject
Global
	GlobalSection(SolutionConfigurationPlatforms) = preSolution
		Debug|Any CPU = Debug|Any CPU
		Release|Any CPU = Release|Any CPU
	EndGlobalSection
	GlobalSection(ProjectConfigurationPlatforms) = postSolution
		{708FBD8A-D016-47B9-848D-0EC45985147D}.Debug|Any CPU.ActiveCfg = Debug|Any CPU
		{708FBD8A-D016-47B9-848D-0EC45985147D}.Debug|Any CPU.Build.0 = Debug|Any CPU
		{708FBD8A-D016-47B9-848D-0EC45985147D}.Release|Any CPU.ActiveCfg = Release|Any CPU
		{708FBD8A-D016-47B9-848D-0EC45985147D}.Release|Any CPU.Build.0 = Release|Any CPU
	EndGlobalSection
	GlobalSection(SolutionProperties) = preSolution
		HideSolutionNode = FALSE
	EndGlobalSection
	GlobalSection(ExtensibilityGlobals) = postSolution
		SolutionGuid = {E8265109-A675-4C24-AC16-1A78AB225E8A}
	EndGlobalSection
EndGlobal
