
Microsoft Visual Studio Solution File, Format Version 12.00
# Visual Studio Version 17
VisualStudioVersion = 17.1.32407.343
MinimumVisualStudioVersion = 10.0.40219.1
Project("{FAE04EC0-301F-11D3-BF4B-00C04F79EFBC}") = "Get-the-field-from-collection-using-TryGetField", "Get-the-field-from-collection-using-TryGetField\Get-the-field-from-collection-using-TryGetField.csproj", "{73707B3A-F79B-4C58-AE9F-EF841FCAA1CF}"
EndProject
Global
	GlobalSection(SolutionConfigurationPlatforms) = preSolution
		Debug|Any CPU = Debug|Any CPU
		Release|Any CPU = Release|Any CPU
	EndGlobalSection
	GlobalSection(ProjectConfigurationPlatforms) = postSolution
		{73707B3A-F79B-4C58-AE9F-EF841FCAA1CF}.Debug|Any CPU.ActiveCfg = Debug|Any CPU
		{73707B3A-F79B-4C58-AE9F-EF841FCAA1CF}.Debug|Any CPU.Build.0 = Debug|Any CPU
		{73707B3A-F79B-4C58-AE9F-EF841FCAA1CF}.Release|Any CPU.ActiveCfg = Release|Any CPU
		{73707B3A-F79B-4C58-AE9F-EF841FCAA1CF}.Release|Any CPU.Build.0 = Release|Any CPU
	EndGlobalSection
	GlobalSection(SolutionProperties) = preSolution
		HideSolutionNode = FALSE
	EndGlobalSection
	GlobalSection(ExtensibilityGlobals) = postSolution
		SolutionGuid = {93D83958-B595-4FC0-8E91-8B10E811183C}
	EndGlobalSection
EndGlobal
