
Microsoft Visual Studio Solution File, Format Version 12.00
# Visual Studio Version 17
VisualStudioVersion = 17.1.32407.343
MinimumVisualStudioVersion = 10.0.40219.1
Project("{FAE04EC0-301F-11D3-BF4B-00C04F79EFBC}") = "Redaction-without-fill-color-and-appearance", "Redaction-without-fill-color-and-appearance\Redaction-without-fill-color-and-appearance.csproj", "{FC7B9C2B-6572-41AB-B140-7C3936062C5E}"
EndProject
Global
	GlobalSection(SolutionConfigurationPlatforms) = preSolution
		Debug|Any CPU = Debug|Any CPU
		Release|Any CPU = Release|Any CPU
	EndGlobalSection
	GlobalSection(ProjectConfigurationPlatforms) = postSolution
		{FC7B9C2B-6572-41AB-B140-7C3936062C5E}.Debug|Any CPU.ActiveCfg = Debug|Any CPU
		{FC7B9C2B-6572-41AB-B140-7C3936062C5E}.Debug|Any CPU.Build.0 = Debug|Any CPU
		{FC7B9C2B-6572-41AB-B140-7C3936062C5E}.Release|Any CPU.ActiveCfg = Release|Any CPU
		{FC7B9C2B-6572-41AB-B140-7C3936062C5E}.Release|Any CPU.Build.0 = Release|Any CPU
	EndGlobalSection
	GlobalSection(SolutionProperties) = preSolution
		HideSolutionNode = FALSE
	EndGlobalSection
	GlobalSection(ExtensibilityGlobals) = postSolution
		SolutionGuid = {A70AA9B9-2947-4E18-8E0C-4D97C2DF74CC}
	EndGlobalSection
EndGlobal
