
Microsoft Visual Studio Solution File, Format Version 12.00
# Visual Studio Version 17
VisualStudioVersion = 17.1.32407.343
MinimumVisualStudioVersion = 10.0.40219.1
Project("{FAE04EC0-301F-11D3-BF4B-00C04F79EFBC}") = "Encrypt-all-contents-of-the-PDF-document", "Encrypt-all-contents-of-the-PDF-document\Encrypt-all-contents-of-the-PDF-document.csproj", "{F820E23B-CF1C-4A0F-9C5C-B36B6AEEFBD7}"
EndProject
Global
	GlobalSection(SolutionConfigurationPlatforms) = preSolution
		Debug|Any CPU = Debug|Any CPU
		Release|Any CPU = Release|Any CPU
	EndGlobalSection
	GlobalSection(ProjectConfigurationPlatforms) = postSolution
		{F820E23B-CF1C-4A0F-9C5C-B36B6AEEFBD7}.Debug|Any CPU.ActiveCfg = Debug|Any CPU
		{F820E23B-CF1C-4A0F-9C5C-B36B6AEEFBD7}.Debug|Any CPU.Build.0 = Debug|Any CPU
		{F820E23B-CF1C-4A0F-9C5C-B36B6AEEFBD7}.Release|Any CPU.ActiveCfg = Release|Any CPU
		{F820E23B-CF1C-4A0F-9C5C-B36B6AEEFBD7}.Release|Any CPU.Build.0 = Release|Any CPU
	EndGlobalSection
	GlobalSection(SolutionProperties) = preSolution
		HideSolutionNode = FALSE
	EndGlobalSection
	GlobalSection(ExtensibilityGlobals) = postSolution
		SolutionGuid = {26BFA905-2D45-4719-B8B8-0C5C56B18C49}
	EndGlobalSection
EndGlobal
