
Microsoft Visual Studio Solution File, Format Version 12.00
# Visual Studio Version 17
VisualStudioVersion = 17.12.35707.178 d17.12
MinimumVisualStudioVersion = 10.0.40219.1
Project("{FAE04EC0-301F-11D3-BF4B-00C04F79EFBC}") = "Font_Subsetting_in_PDFA_conversion", "Font_Subsetting_in_PDFA_conversion\Font_Subsetting_in_PDFA_conversion.csproj", "{A6B4226C-2B95-4A14-9AF4-465525D9DD48}"
EndProject
Global
	GlobalSection(SolutionConfigurationPlatforms) = preSolution
		Debug|Any CPU = Debug|Any CPU
		Release|Any CPU = Release|Any CPU
	EndGlobalSection
	GlobalSection(ProjectConfigurationPlatforms) = postSolution
		{A6B4226C-2B95-4A14-9AF4-465525D9DD48}.Debug|Any CPU.ActiveCfg = Debug|Any CPU
		{A6B4226C-2B95-4A14-9AF4-465525D9DD48}.Debug|Any CPU.Build.0 = Debug|Any CPU
		{A6B4226C-2B95-4A14-9AF4-465525D9DD48}.Release|Any CPU.ActiveCfg = Release|Any CPU
		{A6B4226C-2B95-4A14-9AF4-465525D9DD48}.Release|Any CPU.Build.0 = Release|Any CPU
	EndGlobalSection
	GlobalSection(SolutionProperties) = preSolution
		HideSolutionNode = FALSE
	EndGlobalSection
EndGlobal
