
Microsoft Visual Studio Solution File, Format Version 12.00
# Visual Studio Version 17
VisualStudioVersion = 17.1.32407.343
MinimumVisualStudioVersion = 10.0.40219.1
Project("{FAE04EC0-301F-11D3-BF4B-00C04F79EFBC}") = "Fill-radio-button-field-in-an-existing-PDF-document", "Fill-radio-button-field-in-an-existing-PDF-document\Fill-radio-button-field-in-an-existing-PDF-document.csproj", "{77935906-C540-458F-8C70-A9AF21BEB71E}"
EndProject
Global
	GlobalSection(SolutionConfigurationPlatforms) = preSolution
		Debug|Any CPU = Debug|Any CPU
		Release|Any CPU = Release|Any CPU
	EndGlobalSection
	GlobalSection(ProjectConfigurationPlatforms) = postSolution
		{77935906-C540-458F-8C70-A9AF21BEB71E}.Debug|Any CPU.ActiveCfg = Debug|Any CPU
		{77935906-C540-458F-8C70-A9AF21BEB71E}.Debug|Any CPU.Build.0 = Debug|Any CPU
		{77935906-C540-458F-8C70-A9AF21BEB71E}.Release|Any CPU.ActiveCfg = Release|Any CPU
		{77935906-C540-458F-8C70-A9AF21BEB71E}.Release|Any CPU.Build.0 = Release|Any CPU
	EndGlobalSection
	GlobalSection(SolutionProperties) = preSolution
		HideSolutionNode = FALSE
	EndGlobalSection
	GlobalSection(ExtensibilityGlobals) = postSolution
		SolutionGuid = {09B176C3-A5AD-4227-B667-D0172B47878E}
	EndGlobalSection
EndGlobal
