
Microsoft Visual Studio Solution File, Format Version 12.00
# Visual Studio Version 17
VisualStudioVersion = 17.1.32407.343
MinimumVisualStudioVersion = 10.0.40219.1
Project("{FAE04EC0-301F-11D3-BF4B-00C04F79EFBC}") = "Add-GoTo-action-to-the-PDF-document", "Add-GoTo-action-to-the-PDF-document\Add-GoTo-action-to-the-PDF-document.csproj", "{444A7F4F-9D93-4D23-95D3-5A509D5BFAFF}"
EndProject
Global
	GlobalSection(SolutionConfigurationPlatforms) = preSolution
		Debug|Any CPU = Debug|Any CPU
		Release|Any CPU = Release|Any CPU
	EndGlobalSection
	GlobalSection(ProjectConfigurationPlatforms) = postSolution
		{444A7F4F-9D93-4D23-95D3-5A509D5BFAFF}.Debug|Any CPU.ActiveCfg = Debug|Any CPU
		{444A7F4F-9D93-4D23-95D3-5A509D5BFAFF}.Debug|Any CPU.Build.0 = Debug|Any CPU
		{444A7F4F-9D93-4D23-95D3-5A509D5BFAFF}.Release|Any CPU.ActiveCfg = Release|Any CPU
		{444A7F4F-9D93-4D23-95D3-5A509D5BFAFF}.Release|Any CPU.Build.0 = Release|Any CPU
	EndGlobalSection
	GlobalSection(SolutionProperties) = preSolution
		HideSolutionNode = FALSE
	EndGlobalSection
	GlobalSection(ExtensibilityGlobals) = postSolution
		SolutionGuid = {3276BF39-95E5-48EE-81DA-93C38D83E7FA}
	EndGlobalSection
EndGlobal
