
Microsoft Visual Studio Solution File, Format Version 12.00
# Visual Studio Version 17
VisualStudioVersion = 17.14.36408.4 d17.14
MinimumVisualStudioVersion = 10.0.40219.1
Project("{FAE04EC0-301F-11D3-BF4B-00C04F79EFBC}") = "ServerSideApplication", "ServerSideApplication\ServerSideApplication.csproj", "{37F9F8D1-D097-494C-B823-40C96E173633}"
EndProject
Global
	GlobalSection(SolutionConfigurationPlatforms) = preSolution
		Debug|Any CPU = Debug|Any CPU
		Release|Any CPU = Release|Any CPU
	EndGlobalSection
	GlobalSection(ProjectConfigurationPlatforms) = postSolution
		{37F9F8D1-D097-494C-B823-40C96E173633}.Debug|Any CPU.ActiveCfg = Debug|Any CPU
		{37F9F8D1-D097-494C-B823-40C96E173633}.Debug|Any CPU.Build.0 = Debug|Any CPU
		{37F9F8D1-D097-494C-B823-40C96E173633}.Release|Any CPU.ActiveCfg = Release|Any CPU
		{37F9F8D1-D097-494C-B823-40C96E173633}.Release|Any CPU.Build.0 = Release|Any CPU
	EndGlobalSection
	GlobalSection(SolutionProperties) = preSolution
		HideSolutionNode = FALSE
	EndGlobalSection
	GlobalSection(ExtensibilityGlobals) = postSolution
		SolutionGuid = {26C71B77-FF13-4740-94D5-61C220C1983C}
	EndGlobalSection
EndGlobal
