
Microsoft Visual Studio Solution File, Format Version 12.00
# Visual Studio Version 17
VisualStudioVersion = 17.1.32407.343
MinimumVisualStudioVersion = 10.0.40219.1
Project("{FAE04EC0-301F-11D3-BF4B-00C04F79EFBC}") = "Creating-the-new-PDFA3B-document", "Creating-the-new-PDFA3B-document\Creating-the-new-PDFA3B-document.csproj", "{DB6727B8-78B1-43DA-B104-E04C3506D8FE}"
EndProject
Global
	GlobalSection(SolutionConfigurationPlatforms) = preSolution
		Debug|Any CPU = Debug|Any CPU
		Release|Any CPU = Release|Any CPU
	EndGlobalSection
	GlobalSection(ProjectConfigurationPlatforms) = postSolution
		{DB6727B8-78B1-43DA-B104-E04C3506D8FE}.Debug|Any CPU.ActiveCfg = Debug|Any CPU
		{DB6727B8-78B1-43DA-B104-E04C3506D8FE}.Debug|Any CPU.Build.0 = Debug|Any CPU
		{DB6727B8-78B1-43DA-B104-E04C3506D8FE}.Release|Any CPU.ActiveCfg = Release|Any CPU
		{DB6727B8-78B1-43DA-B104-E04C3506D8FE}.Release|Any CPU.Build.0 = Release|Any CPU
	EndGlobalSection
	GlobalSection(SolutionProperties) = preSolution
		HideSolutionNode = FALSE
	EndGlobalSection
	GlobalSection(ExtensibilityGlobals) = postSolution
		SolutionGuid = {7471E91A-9DB0-4C1B-84D3-3899ACF93620}
	EndGlobalSection
EndGlobal
