
Microsoft Visual Studio Solution File, Format Version 12.00
# Visual Studio Version 17
VisualStudioVersion = 17.1.32407.343
MinimumVisualStudioVersion = 10.0.40219.1
Project("{FAE04EC0-301F-11D3-BF4B-00C04F79EFBC}") = "Adding-an-action-to-the-bookmark-in-the-PDF-document", "Adding-an-action-to-the-bookmark-in-the-PDF-document\Adding-an-action-to-the-bookmark-in-the-PDF-document.csproj", "{674518DA-3D4A-4C01-9BBB-6F730924DE84}"
EndProject
Global
	GlobalSection(SolutionConfigurationPlatforms) = preSolution
		Debug|Any CPU = Debug|Any CPU
		Release|Any CPU = Release|Any CPU
	EndGlobalSection
	GlobalSection(ProjectConfigurationPlatforms) = postSolution
		{674518DA-3D4A-4C01-9BBB-6F730924DE84}.Debug|Any CPU.ActiveCfg = Debug|Any CPU
		{674518DA-3D4A-4C01-9BBB-6F730924DE84}.Debug|Any CPU.Build.0 = Debug|Any CPU
		{674518DA-3D4A-4C01-9BBB-6F730924DE84}.Release|Any CPU.ActiveCfg = Release|Any CPU
		{674518DA-3D4A-4C01-9BBB-6F730924DE84}.Release|Any CPU.Build.0 = Release|Any CPU
	EndGlobalSection
	GlobalSection(SolutionProperties) = preSolution
		HideSolutionNode = FALSE
	EndGlobalSection
	GlobalSection(ExtensibilityGlobals) = postSolution
		SolutionGuid = {11FBF674-D730-4B5B-80C0-A66D55D368BB}
	EndGlobalSection
EndGlobal
