
Microsoft Visual Studio Solution File, Format Version 12.00
# Visual Studio Version 17
VisualStudioVersion = 17.6.33801.468
MinimumVisualStudioVersion = 10.0.40219.1
Project("{FAE04EC0-301F-11D3-BF4B-00C04F79EFBC}") = "Open_and_save_PDF_document_Xamarin.UWP", "Open_and_save_PDF_document_Xamarin\Open_and_save_PDF_document_Xamarin.UWP\Open_and_save_PDF_document_Xamarin.UWP.csproj", "{70F0578E-2AAB-4D1D-BDC9-20F546F0F156}"
EndProject
Project("{FAE04EC0-301F-11D3-BF4B-00C04F79EFBC}") = "Open_and_save_PDF_document_Xamarin.Android", "Open_and_save_PDF_document_Xamarin\Open_and_save_PDF_document_Xamarin.Android\Open_and_save_PDF_document_Xamarin.Android.csproj", "{C1CBF781-2CE4-410E-BB1C-7B986B1B485E}"
EndProject
Project("{FAE04EC0-301F-11D3-BF4B-00C04F79EFBC}") = "Open_and_save_PDF_document_Xamarin.iOS", "Open_and_save_PDF_document_Xamarin\Open_and_save_PDF_document_Xamarin.iOS\Open_and_save_PDF_document_Xamarin.iOS.csproj", "{5AD10876-2006-4DC9-94A0-0DE8A8F327D9}"
EndProject
Project("{FAE04EC0-301F-11D3-BF4B-00C04F79EFBC}") = "Open_and_save_PDF_document_Xamarin", "Open_and_save_PDF_document_Xamarin\Open_and_save_PDF_document_Xamarin\Open_and_save_PDF_document_Xamarin.csproj", "{9358A447-6F57-4F67-8D04-CDF9D19B13B2}"
EndProject
Global
	GlobalSection(SolutionConfigurationPlatforms) = preSolution
		Debug|Any CPU = Debug|Any CPU
		Debug|ARM = Debug|ARM
		Debug|iPhone = Debug|iPhone
		Debug|iPhoneSimulator = Debug|iPhoneSimulator
		Debug|x64 = Debug|x64
		Debug|x86 = Debug|x86
		Release|Any CPU = Release|Any CPU
		Release|ARM = Release|ARM
		Release|iPhone = Release|iPhone
		Release|iPhoneSimulator = Release|iPhoneSimulator
		Release|x64 = Release|x64
		Release|x86 = Release|x86
	EndGlobalSection
	GlobalSection(ProjectConfigurationPlatforms) = postSolution
		{70F0578E-2AAB-4D1D-BDC9-20F546F0F156}.Debug|Any CPU.ActiveCfg = Debug|x64
		{70F0578E-2AAB-4D1D-BDC9-20F546F0F156}.Debug|Any CPU.Build.0 = Debug|x64
		{70F0578E-2AAB-4D1D-BDC9-20F546F0F156}.Debug|Any CPU.Deploy.0 = Debug|x64
		{70F0578E-2AAB-4D1D-BDC9-20F546F0F156}.Debug|ARM.ActiveCfg = Debug|ARM
		{70F0578E-2AAB-4D1D-BDC9-20F546F0F156}.Debug|ARM.Build.0 = Debug|ARM
		{70F0578E-2AAB-4D1D-BDC9-20F546F0F156}.Debug|ARM.Deploy.0 = Debug|ARM
		{70F0578E-2AAB-4D1D-BDC9-20F546F0F156}.Debug|iPhone.ActiveCfg = Debug|x64
		{70F0578E-2AAB-4D1D-BDC9-20F546F0F156}.Debug|iPhone.Build.0 = Debug|x64
		{70F0578E-2AAB-4D1D-BDC9-20F546F0F156}.Debug|iPhone.Deploy.0 = Debug|x64
		{70F0578E-2AAB-4D1D-BDC9-20F546F0F156}.Debug|iPhoneSimulator.ActiveCfg = Debug|x64
		{70F0578E-2AAB-4D1D-BDC9-20F546F0F156}.Debug|iPhoneSimulator.Build.0 = Debug|x64
		{70F0578E-2AAB-4D1D-BDC9-20F546F0F156}.Debug|iPhoneSimulator.Deploy.0 = Debug|x64
		{70F0578E-2AAB-4D1D-BDC9-20F546F0F156}.Debug|x64.ActiveCfg = Debug|x64
		{70F0578E-2AAB-4D1D-BDC9-20F546F0F156}.Debug|x64.Build.0 = Debug|x64
		{70F0578E-2AAB-4D1D-BDC9-20F546F0F156}.Debug|x64.Deploy.0 = Debug|x64
		{70F0578E-2AAB-4D1D-BDC9-20F546F0F156}.Debug|x86.ActiveCfg = Debug|x86
		{70F0578E-2AAB-4D1D-BDC9-20F546F0F156}.Debug|x86.Build.0 = Debug|x86
		{70F0578E-2AAB-4D1D-BDC9-20F546F0F156}.Debug|x86.Deploy.0 = Debug|x86
		{70F0578E-2AAB-4D1D-BDC9-20F546F0F156}.Release|Any CPU.ActiveCfg = Release|x64
		{70F0578E-2AAB-4D1D-BDC9-20F546F0F156}.Release|Any CPU.Build.0 = Release|x64
		{70F0578E-2AAB-4D1D-BDC9-20F546F0F156}.Release|Any CPU.Deploy.0 = Release|x64
		{70F0578E-2AAB-4D1D-BDC9-20F546F0F156}.Release|ARM.ActiveCfg = Release|ARM
		{70F0578E-2AAB-4D1D-BDC9-20F546F0F156}.Release|ARM.Build.0 = Release|ARM
		{70F0578E-2AAB-4D1D-BDC9-20F546F0F156}.Release|ARM.Deploy.0 = Release|ARM
		{70F0578E-2AAB-4D1D-BDC9-20F546F0F156}.Release|iPhone.ActiveCfg = Release|x64
		{70F0578E-2AAB-4D1D-BDC9-20F546F0F156}.Release|iPhone.Build.0 = Release|x64
		{70F0578E-2AAB-4D1D-BDC9-20F546F0F156}.Release|iPhone.Deploy.0 = Release|x64
		{70F0578E-2AAB-4D1D-BDC9-20F546F0F156}.Release|iPhoneSimulator.ActiveCfg = Release|x64
		{70F0578E-2AAB-4D1D-BDC9-20F546F0F156}.Release|iPhoneSimulator.Build.0 = Release|x64
		{70F0578E-2AAB-4D1D-BDC9-20F546F0F156}.Release|iPhoneSimulator.Deploy.0 = Release|x64
		{70F0578E-2AAB-4D1D-BDC9-20F546F0F156}.Release|x64.ActiveCfg = Release|x64
		{70F0578E-2AAB-4D1D-BDC9-20F546F0F156}.Release|x64.Build.0 = Release|x64
		{70F0578E-2AAB-4D1D-BDC9-20F546F0F156}.Release|x64.Deploy.0 = Release|x64
		{70F0578E-2AAB-4D1D-BDC9-20F546F0F156}.Release|x86.ActiveCfg = Release|x86
		{70F0578E-2AAB-4D1D-BDC9-20F546F0F156}.Release|x86.Build.0 = Release|x86
		{70F0578E-2AAB-4D1D-BDC9-20F546F0F156}.Release|x86.Deploy.0 = Release|x86
		{C1CBF781-2CE4-410E-BB1C-7B986B1B485E}.Debug|Any CPU.ActiveCfg = Debug|Any CPU
		{C1CBF781-2CE4-410E-BB1C-7B986B1B485E}.Debug|Any CPU.Build.0 = Debug|Any CPU
		{C1CBF781-2CE4-410E-BB1C-7B986B1B485E}.Debug|Any CPU.Deploy.0 = Debug|Any CPU
		{C1CBF781-2CE4-410E-BB1C-7B986B1B485E}.Debug|ARM.ActiveCfg = Debug|Any CPU
		{C1CBF781-2CE4-410E-BB1C-7B986B1B485E}.Debug|ARM.Build.0 = Debug|Any CPU
		{C1CBF781-2CE4-410E-BB1C-7B986B1B485E}.Debug|ARM.Deploy.0 = Debug|Any CPU
		{C1CBF781-2CE4-410E-BB1C-7B986B1B485E}.Debug|iPhone.ActiveCfg = Debug|Any CPU
		{C1CBF781-2CE4-410E-BB1C-7B986B1B485E}.Debug|iPhone.Build.0 = Debug|Any CPU
		{C1CBF781-2CE4-410E-BB1C-7B986B1B485E}.Debug|iPhone.Deploy.0 = Debug|Any CPU
		{C1CBF781-2CE4-410E-BB1C-7B986B1B485E}.Debug|iPhoneSimulator.ActiveCfg = Debug|Any CPU
		{C1CBF781-2CE4-410E-BB1C-7B986B1B485E}.Debug|iPhoneSimulator.Build.0 = Debug|Any CPU
		{C1CBF781-2CE4-410E-BB1C-7B986B1B485E}.Debug|iPhoneSimulator.Deploy.0 = Debug|Any CPU
		{C1CBF781-2CE4-410E-BB1C-7B986B1B485E}.Debug|x64.ActiveCfg = Debug|Any CPU
		{C1CBF781-2CE4-410E-BB1C-7B986B1B485E}.Debug|x64.Build.0 = Debug|Any CPU
		{C1CBF781-2CE4-410E-BB1C-7B986B1B485E}.Debug|x64.Deploy.0 = Debug|Any CPU
		{C1CBF781-2CE4-410E-BB1C-7B986B1B485E}.Debug|x86.ActiveCfg = Debug|Any CPU
		{C1CBF781-2CE4-410E-BB1C-7B986B1B485E}.Debug|x86.Build.0 = Debug|Any CPU
		{C1CBF781-2CE4-410E-BB1C-7B986B1B485E}.Debug|x86.Deploy.0 = Debug|Any CPU
		{C1CBF781-2CE4-410E-BB1C-7B986B1B485E}.Release|Any CPU.ActiveCfg = Release|Any CPU
		{C1CBF781-2CE4-410E-BB1C-7B986B1B485E}.Release|Any CPU.Build.0 = Release|Any CPU
		{C1CBF781-2CE4-410E-BB1C-7B986B1B485E}.Release|Any CPU.Deploy.0 = Release|Any CPU
		{C1CBF781-2CE4-410E-BB1C-7B986B1B485E}.Release|ARM.ActiveCfg = Release|Any CPU
		{C1CBF781-2CE4-410E-BB1C-7B986B1B485E}.Release|ARM.Build.0 = Release|Any CPU
		{C1CBF781-2CE4-410E-BB1C-7B986B1B485E}.Release|ARM.Deploy.0 = Release|Any CPU
		{C1CBF781-2CE4-410E-BB1C-7B986B1B485E}.Release|iPhone.ActiveCfg = Release|Any CPU
		{C1CBF781-2CE4-410E-BB1C-7B986B1B485E}.Release|iPhone.Build.0 = Release|Any CPU
		{C1CBF781-2CE4-410E-BB1C-7B986B1B485E}.Release|iPhone.Deploy.0 = Release|Any CPU
		{C1CBF781-2CE4-410E-BB1C-7B986B1B485E}.Release|iPhoneSimulator.ActiveCfg = Release|Any CPU
		{C1CBF781-2CE4-410E-BB1C-7B986B1B485E}.Release|iPhoneSimulator.Build.0 = Release|Any CPU
		{C1CBF781-2CE4-410E-BB1C-7B986B1B485E}.Release|iPhoneSimulator.Deploy.0 = Release|Any CPU
		{C1CBF781-2CE4-410E-BB1C-7B986B1B485E}.Release|x64.ActiveCfg = Release|Any CPU
		{C1CBF781-2CE4-410E-BB1C-7B986B1B485E}.Release|x64.Build.0 = Release|Any CPU
		{C1CBF781-2CE4-410E-BB1C-7B986B1B485E}.Release|x64.Deploy.0 = Release|Any CPU
		{C1CBF781-2CE4-410E-BB1C-7B986B1B485E}.Release|x86.ActiveCfg = Release|Any CPU
		{C1CBF781-2CE4-410E-BB1C-7B986B1B485E}.Release|x86.Build.0 = Release|Any CPU
		{C1CBF781-2CE4-410E-BB1C-7B986B1B485E}.Release|x86.Deploy.0 = Release|Any CPU
		{5AD10876-2006-4DC9-94A0-0DE8A8F327D9}.Debug|Any CPU.ActiveCfg = Debug|iPhoneSimulator
		{5AD10876-2006-4DC9-94A0-0DE8A8F327D9}.Debug|Any CPU.Build.0 = Debug|iPhoneSimulator
		{5AD10876-2006-4DC9-94A0-0DE8A8F327D9}.Debug|Any CPU.Deploy.0 = Debug|iPhoneSimulator
		{5AD10876-2006-4DC9-94A0-0DE8A8F327D9}.Debug|ARM.ActiveCfg = Debug|iPhoneSimulator
		{5AD10876-2006-4DC9-94A0-0DE8A8F327D9}.Debug|ARM.Build.0 = Debug|iPhoneSimulator
		{5AD10876-2006-4DC9-94A0-0DE8A8F327D9}.Debug|ARM.Deploy.0 = Debug|iPhoneSimulator
		{5AD10876-2006-4DC9-94A0-0DE8A8F327D9}.Debug|iPhone.ActiveCfg = Debug|iPhone
		{5AD10876-2006-4DC9-94A0-0DE8A8F327D9}.Debug|iPhone.Build.0 = Debug|iPhone
		{5AD10876-2006-4DC9-94A0-0DE8A8F327D9}.Debug|iPhone.Deploy.0 = Debug|iPhone
		{5AD10876-2006-4DC9-94A0-0DE8A8F327D9}.Debug|iPhoneSimulator.ActiveCfg = Debug|iPhoneSimulator
		{5AD10876-2006-4DC9-94A0-0DE8A8F327D9}.Debug|iPhoneSimulator.Build.0 = Debug|iPhoneSimulator
		{5AD10876-2006-4DC9-94A0-0DE8A8F327D9}.Debug|iPhoneSimulator.Deploy.0 = Debug|iPhoneSimulator
		{5AD10876-2006-4DC9-94A0-0DE8A8F327D9}.Debug|x64.ActiveCfg = Debug|iPhone
		{5AD10876-2006-4DC9-94A0-0DE8A8F327D9}.Debug|x64.Build.0 = Debug|iPhone
		{5AD10876-2006-4DC9-94A0-0DE8A8F327D9}.Debug|x64.Deploy.0 = Debug|iPhone
		{5AD10876-2006-4DC9-94A0-0DE8A8F327D9}.Debug|x86.ActiveCfg = Debug|iPhoneSimulator
		{5AD10876-2006-4DC9-94A0-0DE8A8F327D9}.Debug|x86.Build.0 = Debug|iPhoneSimulator
		{5AD10876-2006-4DC9-94A0-0DE8A8F327D9}.Debug|x86.Deploy.0 = Debug|iPhoneSimulator
		{5AD10876-2006-4DC9-94A0-0DE8A8F327D9}.Release|Any CPU.ActiveCfg = Release|iPhoneSimulator
		{5AD10876-2006-4DC9-94A0-0DE8A8F327D9}.Release|Any CPU.Build.0 = Release|iPhoneSimulator
		{5AD10876-2006-4DC9-94A0-0DE8A8F327D9}.Release|Any CPU.Deploy.0 = Release|iPhoneSimulator
		{5AD10876-2006-4DC9-94A0-0DE8A8F327D9}.Release|ARM.ActiveCfg = Release|iPhoneSimulator
		{5AD10876-2006-4DC9-94A0-0DE8A8F327D9}.Release|ARM.Build.0 = Release|iPhoneSimulator
		{5AD10876-2006-4DC9-94A0-0DE8A8F327D9}.Release|ARM.Deploy.0 = Release|iPhoneSimulator
		{5AD10876-2006-4DC9-94A0-0DE8A8F327D9}.Release|iPhone.ActiveCfg = Release|iPhone
		{5AD10876-2006-4DC9-94A0-0DE8A8F327D9}.Release|iPhone.Build.0 = Release|iPhone
		{5AD10876-2006-4DC9-94A0-0DE8A8F327D9}.Release|iPhone.Deploy.0 = Release|iPhone
		{5AD10876-2006-4DC9-94A0-0DE8A8F327D9}.Release|iPhoneSimulator.ActiveCfg = Release|iPhoneSimulator
		{5AD10876-2006-4DC9-94A0-0DE8A8F327D9}.Release|iPhoneSimulator.Build.0 = Release|iPhoneSimulator
		{5AD10876-2006-4DC9-94A0-0DE8A8F327D9}.Release|iPhoneSimulator.Deploy.0 = Release|iPhoneSimulator
		{5AD10876-2006-4DC9-94A0-0DE8A8F327D9}.Release|x64.ActiveCfg = Release|iPhoneSimulator
		{5AD10876-2006-4DC9-94A0-0DE8A8F327D9}.Release|x64.Build.0 = Release|iPhoneSimulator
		{5AD10876-2006-4DC9-94A0-0DE8A8F327D9}.Release|x64.Deploy.0 = Release|iPhoneSimulator
		{5AD10876-2006-4DC9-94A0-0DE8A8F327D9}.Release|x86.ActiveCfg = Release|iPhoneSimulator
		{5AD10876-2006-4DC9-94A0-0DE8A8F327D9}.Release|x86.Build.0 = Release|iPhoneSimulator
		{5AD10876-2006-4DC9-94A0-0DE8A8F327D9}.Release|x86.Deploy.0 = Release|iPhoneSimulator
		{9358A447-6F57-4F67-8D04-CDF9D19B13B2}.Debug|Any CPU.ActiveCfg = Debug|Any CPU
		{9358A447-6F57-4F67-8D04-CDF9D19B13B2}.Debug|Any CPU.Build.0 = Debug|Any CPU
		{9358A447-6F57-4F67-8D04-CDF9D19B13B2}.Debug|Any CPU.Deploy.0 = Debug|Any CPU
		{9358A447-6F57-4F67-8D04-CDF9D19B13B2}.Debug|ARM.ActiveCfg = Debug|Any CPU
		{9358A447-6F57-4F67-8D04-CDF9D19B13B2}.Debug|ARM.Build.0 = Debug|Any CPU
		{9358A447-6F57-4F67-8D04-CDF9D19B13B2}.Debug|ARM.Deploy.0 = Debug|Any CPU
		{9358A447-6F57-4F67-8D04-CDF9D19B13B2}.Debug|iPhone.ActiveCfg = Debug|Any CPU
		{9358A447-6F57-4F67-8D04-CDF9D19B13B2}.Debug|iPhone.Build.0 = Debug|Any CPU
		{9358A447-6F57-4F67-8D04-CDF9D19B13B2}.Debug|iPhone.Deploy.0 = Debug|Any CPU
		{9358A447-6F57-4F67-8D04-CDF9D19B13B2}.Debug|iPhoneSimulator.ActiveCfg = Debug|Any CPU
		{9358A447-6F57-4F67-8D04-CDF9D19B13B2}.Debug|iPhoneSimulator.Build.0 = Debug|Any CPU
		{9358A447-6F57-4F67-8D04-CDF9D19B13B2}.Debug|iPhoneSimulator.Deploy.0 = Debug|Any CPU
		{9358A447-6F57-4F67-8D04-CDF9D19B13B2}.Debug|x64.ActiveCfg = Debug|Any CPU
		{9358A447-6F57-4F67-8D04-CDF9D19B13B2}.Debug|x64.Build.0 = Debug|Any CPU
		{9358A447-6F57-4F67-8D04-CDF9D19B13B2}.Debug|x64.Deploy.0 = Debug|Any CPU
		{9358A447-6F57-4F67-8D04-CDF9D19B13B2}.Debug|x86.ActiveCfg = Debug|Any CPU
		{9358A447-6F57-4F67-8D04-CDF9D19B13B2}.Debug|x86.Build.0 = Debug|Any CPU
		{9358A447-6F57-4F67-8D04-CDF9D19B13B2}.Debug|x86.Deploy.0 = Debug|Any CPU
		{9358A447-6F57-4F67-8D04-CDF9D19B13B2}.Release|Any CPU.ActiveCfg = Release|Any CPU
		{9358A447-6F57-4F67-8D04-CDF9D19B13B2}.Release|Any CPU.Build.0 = Release|Any CPU
		{9358A447-6F57-4F67-8D04-CDF9D19B13B2}.Release|Any CPU.Deploy.0 = Release|Any CPU
		{9358A447-6F57-4F67-8D04-CDF9D19B13B2}.Release|ARM.ActiveCfg = Release|Any CPU
		{9358A447-6F57-4F67-8D04-CDF9D19B13B2}.Release|ARM.Build.0 = Release|Any CPU
		{9358A447-6F57-4F67-8D04-CDF9D19B13B2}.Release|ARM.Deploy.0 = Release|Any CPU
		{9358A447-6F57-4F67-8D04-CDF9D19B13B2}.Release|iPhone.ActiveCfg = Release|Any CPU
		{9358A447-6F57-4F67-8D04-CDF9D19B13B2}.Release|iPhone.Build.0 = Release|Any CPU
		{9358A447-6F57-4F67-8D04-CDF9D19B13B2}.Release|iPhone.Deploy.0 = Release|Any CPU
		{9358A447-6F57-4F67-8D04-CDF9D19B13B2}.Release|iPhoneSimulator.ActiveCfg = Release|Any CPU
		{9358A447-6F57-4F67-8D04-CDF9D19B13B2}.Release|iPhoneSimulator.Build.0 = Release|Any CPU
		{9358A447-6F57-4F67-8D04-CDF9D19B13B2}.Release|iPhoneSimulator.Deploy.0 = Release|Any CPU
		{9358A447-6F57-4F67-8D04-CDF9D19B13B2}.Release|x64.ActiveCfg = Release|Any CPU
		{9358A447-6F57-4F67-8D04-CDF9D19B13B2}.Release|x64.Build.0 = Release|Any CPU
		{9358A447-6F57-4F67-8D04-CDF9D19B13B2}.Release|x64.Deploy.0 = Release|Any CPU
		{9358A447-6F57-4F67-8D04-CDF9D19B13B2}.Release|x86.ActiveCfg = Release|Any CPU
		{9358A447-6F57-4F67-8D04-CDF9D19B13B2}.Release|x86.Build.0 = Release|Any CPU
		{9358A447-6F57-4F67-8D04-CDF9D19B13B2}.Release|x86.Deploy.0 = Release|Any CPU
	EndGlobalSection
	GlobalSection(SolutionProperties) = preSolution
		HideSolutionNode = FALSE
	EndGlobalSection
	GlobalSection(ExtensibilityGlobals) = postSolution
		SolutionGuid = {9459512D-BCCF-4494-B745-D94B7EABB41D}
	EndGlobalSection
EndGlobal
