
Microsoft Visual Studio Solution File, Format Version 12.00
# Visual Studio Version 17
VisualStudioVersion = 17.1.32407.343
MinimumVisualStudioVersion = 10.0.40219.1
Project("{FAE04EC0-301F-11D3-BF4B-00C04F79EFBC}") = "Importing-annotations-from-XFDF-file-to-PDF-document", "Importing-annotations-from-XFDF-file-to-PDF-document\Importing-annotations-from-XFDF-file-to-PDF-document.csproj", "{30FEB580-A1BC-48BA-95BF-F59B16515AF0}"
EndProject
Global
	GlobalSection(SolutionConfigurationPlatforms) = preSolution
		Debug|Any CPU = Debug|Any CPU
		Release|Any CPU = Release|Any CPU
	EndGlobalSection
	GlobalSection(ProjectConfigurationPlatforms) = postSolution
		{30FEB580-A1BC-48BA-95BF-F59B16515AF0}.Debug|Any CPU.ActiveCfg = Debug|Any CPU
		{30FEB580-A1BC-48BA-95BF-F59B16515AF0}.Debug|Any CPU.Build.0 = Debug|Any CPU
		{30FEB580-A1BC-48BA-95BF-F59B16515AF0}.Release|Any CPU.ActiveCfg = Release|Any CPU
		{30FEB580-A1BC-48BA-95BF-F59B16515AF0}.Release|Any CPU.Build.0 = Release|Any CPU
	EndGlobalSection
	GlobalSection(SolutionProperties) = preSolution
		HideSolutionNode = FALSE
	EndGlobalSection
	GlobalSection(ExtensibilityGlobals) = postSolution
		SolutionGuid = {3F19816B-A637-4077-A94E-B0D3B30D926E}
	EndGlobalSection
EndGlobal
