
Microsoft Visual Studio Solution File, Format Version 12.00
# Visual Studio Version 17
VisualStudioVersion = 17.1.32407.343
MinimumVisualStudioVersion = 10.0.40219.1
Project("{FAE04EC0-301F-11D3-BF4B-00C04F79EFBC}") = "Create-a-PDF-document-with-custom-page-size", "Create-a-PDF-document-with-custom-page-size\Create-a-PDF-document-with-custom-page-size.csproj", "{2B8F4238-8965-4318-BADF-ED73273A33B6}"
EndProject
Global
	GlobalSection(SolutionConfigurationPlatforms) = preSolution
		Debug|Any CPU = Debug|Any CPU
		Release|Any CPU = Release|Any CPU
	EndGlobalSection
	GlobalSection(ProjectConfigurationPlatforms) = postSolution
		{2B8F4238-8965-4318-BADF-ED73273A33B6}.Debug|Any CPU.ActiveCfg = Debug|Any CPU
		{2B8F4238-8965-4318-BADF-ED73273A33B6}.Debug|Any CPU.Build.0 = Debug|Any CPU
		{2B8F4238-8965-4318-BADF-ED73273A33B6}.Release|Any CPU.ActiveCfg = Release|Any CPU
		{2B8F4238-8965-4318-BADF-ED73273A33B6}.Release|Any CPU.Build.0 = Release|Any CPU
	EndGlobalSection
	GlobalSection(SolutionProperties) = preSolution
		HideSolutionNode = FALSE
	EndGlobalSection
	GlobalSection(ExtensibilityGlobals) = postSolution
		SolutionGuid = {5CF83D2A-7E85-4146-A893-EFDE822C6C2F}
	EndGlobalSection
EndGlobal
