
Microsoft Visual Studio Solution File, Format Version 12.00
# Visual Studio Version 17
VisualStudioVersion = 17.8.34330.188
MinimumVisualStudioVersion = 10.0.40219.1
Project("{FAE04EC0-301F-11D3-BF4B-00C04F79EFBC}") = "Merge-PDF-without-compromising-accessibility-tags", "Merge-PDF-without-compromising-accessibility-tags\Merge-PDF-without-compromising-accessibility-tags.csproj", "{8A90913D-85DA-4783-866B-07AFD31C24EA}"
EndProject
Global
	GlobalSection(SolutionConfigurationPlatforms) = preSolution
		Debug|Any CPU = Debug|Any CPU
		Release|Any CPU = Release|Any CPU
	EndGlobalSection
	GlobalSection(ProjectConfigurationPlatforms) = postSolution
		{8A90913D-85DA-4783-866B-07AFD31C24EA}.Debug|Any CPU.ActiveCfg = Debug|Any CPU
		{8A90913D-85DA-4783-866B-07AFD31C24EA}.Debug|Any CPU.Build.0 = Debug|Any CPU
		{8A90913D-85DA-4783-866B-07AFD31C24EA}.Release|Any CPU.ActiveCfg = Release|Any CPU
		{8A90913D-85DA-4783-866B-07AFD31C24EA}.Release|Any CPU.Build.0 = Release|Any CPU
	EndGlobalSection
	GlobalSection(SolutionProperties) = preSolution
		HideSolutionNode = FALSE
	EndGlobalSection
	GlobalSection(ExtensibilityGlobals) = postSolution
		SolutionGuid = {96E27875-8979-4CDE-826F-2C236D45090B}
	EndGlobalSection
EndGlobal
