
Microsoft Visual Studio Solution File, Format Version 12.00
# Visual Studio Version 17
VisualStudioVersion = 17.14.36616.10 d17.14
MinimumVisualStudioVersion = 10.0.40219.1
Project("{FAE04EC0-301F-11D3-BF4B-00C04F79EFBC}") = "Add-a-date-field-to-a-PDF", "Add-a-date-field-to-a-PDF\Add-a-date-field-to-a-PDF.csproj", "{71619404-6DD3-491A-9E25-60ED84C70B45}"
EndProject
Global
	GlobalSection(SolutionConfigurationPlatforms) = preSolution
		Debug|Any CPU = Debug|Any CPU
		Release|Any CPU = Release|Any CPU
	EndGlobalSection
	GlobalSection(ProjectConfigurationPlatforms) = postSolution
		{71619404-6DD3-491A-9E25-60ED84C70B45}.Debug|Any CPU.ActiveCfg = Debug|Any CPU
		{71619404-6DD3-491A-9E25-60ED84C70B45}.Debug|Any CPU.Build.0 = Debug|Any CPU
		{71619404-6DD3-491A-9E25-60ED84C70B45}.Release|Any CPU.ActiveCfg = Release|Any CPU
		{71619404-6DD3-491A-9E25-60ED84C70B45}.Release|Any CPU.Build.0 = Release|Any CPU
	EndGlobalSection
	GlobalSection(SolutionProperties) = preSolution
		HideSolutionNode = FALSE
	EndGlobalSection
	GlobalSection(ExtensibilityGlobals) = postSolution
		SolutionGuid = {F78ABE0B-3D7A-4559-8E7D-439CDB9EA435}
	EndGlobalSection
EndGlobal
