
Microsoft Visual Studio Solution File, Format Version 12.00
# Visual Studio 15
VisualStudioVersion = 15.0.28307.1000
MinimumVisualStudioVersion = 10.0.40219.1
Project("{FAE04EC0-301F-11D3-BF4B-00C04F79EFBC}") = "Fill-form-in-an-existing-PDF-document", "Fill-form-in-an-existing-PDF-document\Fill-form-in-an-existing-PDF-document.csproj", "{8CED8297-D670-48D3-854F-94D55528D366}"
EndProject
Global
	GlobalSection(SolutionConfigurationPlatforms) = preSolution
		Debug|Any CPU = Debug|Any CPU
		Release|Any CPU = Release|Any CPU
	EndGlobalSection
	GlobalSection(ProjectConfigurationPlatforms) = postSolution
		{8CED8297-D670-48D3-854F-94D55528D366}.Debug|Any CPU.ActiveCfg = Debug|Any CPU
		{8CED8297-D670-48D3-854F-94D55528D366}.Debug|Any CPU.Build.0 = Debug|Any CPU
		{8CED8297-D670-48D3-854F-94D55528D366}.Release|Any CPU.ActiveCfg = Release|Any CPU
		{8CED8297-D670-48D3-854F-94D55528D366}.Release|Any CPU.Build.0 = Release|Any CPU
	EndGlobalSection
	GlobalSection(SolutionProperties) = preSolution
		HideSolutionNode = FALSE
	EndGlobalSection
	GlobalSection(ExtensibilityGlobals) = postSolution
		SolutionGuid = {0950DE58-B989-42B7-A113-B91D5A23A065}
	EndGlobalSection
EndGlobal
