
Microsoft Visual Studio Solution File, Format Version 12.00
# Visual Studio Version 17
VisualStudioVersion = 17.3.32819.101
MinimumVisualStudioVersion = 10.0.40219.1
Project("{FAE04EC0-301F-11D3-BF4B-00C04F79EFBC}") = "Convert-PDF-to-HTML", "Convert-PDF-to-HTML\Convert-PDF-to-HTML.csproj", "{6A6BCFB0-E8F1-4B05-9CE3-18E68B58F6E6}"
EndProject
Global
	GlobalSection(SolutionConfigurationPlatforms) = preSolution
		Debug|Any CPU = Debug|Any CPU
		Release|Any CPU = Release|Any CPU
	EndGlobalSection
	GlobalSection(ProjectConfigurationPlatforms) = postSolution
		{6A6BCFB0-E8F1-4B05-9CE3-18E68B58F6E6}.Debug|Any CPU.ActiveCfg = Debug|Any CPU
		{6A6BCFB0-E8F1-4B05-9CE3-18E68B58F6E6}.Debug|Any CPU.Build.0 = Debug|Any CPU
		{6A6BCFB0-E8F1-4B05-9CE3-18E68B58F6E6}.Release|Any CPU.ActiveCfg = Release|Any CPU
		{6A6BCFB0-E8F1-4B05-9CE3-18E68B58F6E6}.Release|Any CPU.Build.0 = Release|Any CPU
	EndGlobalSection
	GlobalSection(SolutionProperties) = preSolution
		HideSolutionNode = FALSE
	EndGlobalSection
	GlobalSection(ExtensibilityGlobals) = postSolution
		SolutionGuid = {B02776AE-F9D8-474D-8472-E6FDA515AF42}
	EndGlobalSection
EndGlobal
