
Microsoft Visual Studio Solution File, Format Version 12.00
# Visual Studio Version 17
VisualStudioVersion = 17.1.32407.343
MinimumVisualStudioVersion = 10.0.40219.1
Project("{FAE04EC0-301F-11D3-BF4B-00C04F79EFBC}") = "Flattening-annotations-without-calling-save-method", "Flattening-annotations-without-calling-save-method\Flattening-annotations-without-calling-save-method.csproj", "{2B8BDE8D-39E0-4464-8CE2-185F13715CDB}"
EndProject
Global
	GlobalSection(SolutionConfigurationPlatforms) = preSolution
		Debug|Any CPU = Debug|Any CPU
		Release|Any CPU = Release|Any CPU
	EndGlobalSection
	GlobalSection(ProjectConfigurationPlatforms) = postSolution
		{2B8BDE8D-39E0-4464-8CE2-185F13715CDB}.Debug|Any CPU.ActiveCfg = Debug|Any CPU
		{2B8BDE8D-39E0-4464-8CE2-185F13715CDB}.Debug|Any CPU.Build.0 = Debug|Any CPU
		{2B8BDE8D-39E0-4464-8CE2-185F13715CDB}.Release|Any CPU.ActiveCfg = Release|Any CPU
		{2B8BDE8D-39E0-4464-8CE2-185F13715CDB}.Release|Any CPU.Build.0 = Release|Any CPU
	EndGlobalSection
	GlobalSection(SolutionProperties) = preSolution
		HideSolutionNode = FALSE
	EndGlobalSection
	GlobalSection(ExtensibilityGlobals) = postSolution
		SolutionGuid = {5707EE56-BCCA-42D2-B27D-212D337BAC0F}
	EndGlobalSection
EndGlobal
