
Microsoft Visual Studio Solution File, Format Version 12.00
# Visual Studio Version 17
VisualStudioVersion = 17.1.32407.343
MinimumVisualStudioVersion = 10.0.40219.1
Project("{FAE04EC0-301F-11D3-BF4B-00C04F79EFBC}") = "Add-PdfEan13-barcode-to-a-PDF-document", "Add-PdfEan13-barcode-to-a-PDF-document\Add-PdfEan13-barcode-to-a-PDF-document.csproj", "{9E12AFAC-E6A6-4B40-BF7E-3AB7507265AA}"
EndProject
Global
	GlobalSection(SolutionConfigurationPlatforms) = preSolution
		Debug|Any CPU = Debug|Any CPU
		Release|Any CPU = Release|Any CPU
	EndGlobalSection
	GlobalSection(ProjectConfigurationPlatforms) = postSolution
		{9E12AFAC-E6A6-4B40-BF7E-3AB7507265AA}.Debug|Any CPU.ActiveCfg = Debug|Any CPU
		{9E12AFAC-E6A6-4B40-BF7E-3AB7507265AA}.Debug|Any CPU.Build.0 = Debug|Any CPU
		{9E12AFAC-E6A6-4B40-BF7E-3AB7507265AA}.Release|Any CPU.ActiveCfg = Release|Any CPU
		{9E12AFAC-E6A6-4B40-BF7E-3AB7507265AA}.Release|Any CPU.Build.0 = Release|Any CPU
	EndGlobalSection
	GlobalSection(SolutionProperties) = preSolution
		HideSolutionNode = FALSE
	EndGlobalSection
	GlobalSection(ExtensibilityGlobals) = postSolution
		SolutionGuid = {D01CF70E-0C7B-4BD4-9BF2-E36E44416BB9}
	EndGlobalSection
EndGlobal
