
Microsoft Visual Studio Solution File, Format Version 12.00
# Visual Studio 15
VisualStudioVersion = 15.0.28307.1000
MinimumVisualStudioVersion = 10.0.40219.1
Project("{FAE04EC0-301F-11D3-BF4B-00C04F79EFBC}") = "Create-PDF-document-with-image", "Create-PDF-document-with-image\Create-PDF-document-with-image.csproj", "{36D89ACB-C022-42C1-B905-FD046FCFE1C7}"
EndProject
Global
	GlobalSection(SolutionConfigurationPlatforms) = preSolution
		Debug|ARM = Debug|ARM
		Debug|ARM64 = Debug|ARM64
		Debug|x64 = Debug|x64
		Debug|x86 = Debug|x86
		Release|ARM = Release|ARM
		Release|ARM64 = Release|ARM64
		Release|x64 = Release|x64
		Release|x86 = Release|x86
	EndGlobalSection
	GlobalSection(ProjectConfigurationPlatforms) = postSolution
		{36D89ACB-C022-42C1-B905-FD046FCFE1C7}.Debug|ARM.ActiveCfg = Debug|ARM
		{36D89ACB-C022-42C1-B905-FD046FCFE1C7}.Debug|ARM.Build.0 = Debug|ARM
		{36D89ACB-C022-42C1-B905-FD046FCFE1C7}.Debug|ARM.Deploy.0 = Debug|ARM
		{36D89ACB-C022-42C1-B905-FD046FCFE1C7}.Debug|ARM64.ActiveCfg = Debug|ARM64
		{36D89ACB-C022-42C1-B905-FD046FCFE1C7}.Debug|ARM64.Build.0 = Debug|ARM64
		{36D89ACB-C022-42C1-B905-FD046FCFE1C7}.Debug|ARM64.Deploy.0 = Debug|ARM64
		{36D89ACB-C022-42C1-B905-FD046FCFE1C7}.Debug|x64.ActiveCfg = Debug|x64
		{36D89ACB-C022-42C1-B905-FD046FCFE1C7}.Debug|x64.Build.0 = Debug|x64
		{36D89ACB-C022-42C1-B905-FD046FCFE1C7}.Debug|x64.Deploy.0 = Debug|x64
		{36D89ACB-C022-42C1-B905-FD046FCFE1C7}.Debug|x86.ActiveCfg = Debug|x86
		{36D89ACB-C022-42C1-B905-FD046FCFE1C7}.Debug|x86.Build.0 = Debug|x86
		{36D89ACB-C022-42C1-B905-FD046FCFE1C7}.Debug|x86.Deploy.0 = Debug|x86
		{36D89ACB-C022-42C1-B905-FD046FCFE1C7}.Release|ARM.ActiveCfg = Release|ARM
		{36D89ACB-C022-42C1-B905-FD046FCFE1C7}.Release|ARM.Build.0 = Release|ARM
		{36D89ACB-C022-42C1-B905-FD046FCFE1C7}.Release|ARM.Deploy.0 = Release|ARM
		{36D89ACB-C022-42C1-B905-FD046FCFE1C7}.Release|ARM64.ActiveCfg = Release|ARM64
		{36D89ACB-C022-42C1-B905-FD046FCFE1C7}.Release|ARM64.Build.0 = Release|ARM64
		{36D89ACB-C022-42C1-B905-FD046FCFE1C7}.Release|ARM64.Deploy.0 = Release|ARM64
		{36D89ACB-C022-42C1-B905-FD046FCFE1C7}.Release|x64.ActiveCfg = Release|x64
		{36D89ACB-C022-42C1-B905-FD046FCFE1C7}.Release|x64.Build.0 = Release|x64
		{36D89ACB-C022-42C1-B905-FD046FCFE1C7}.Release|x64.Deploy.0 = Release|x64
		{36D89ACB-C022-42C1-B905-FD046FCFE1C7}.Release|x86.ActiveCfg = Release|x86
		{36D89ACB-C022-42C1-B905-FD046FCFE1C7}.Release|x86.Build.0 = Release|x86
		{36D89ACB-C022-42C1-B905-FD046FCFE1C7}.Release|x86.Deploy.0 = Release|x86
	EndGlobalSection
	GlobalSection(SolutionProperties) = preSolution
		HideSolutionNode = FALSE
	EndGlobalSection
	GlobalSection(ExtensibilityGlobals) = postSolution
		SolutionGuid = {ACE04A6B-C423-457B-8D4D-F3DA491EF673}
	EndGlobalSection
EndGlobal
