
Microsoft Visual Studio Solution File, Format Version 12.00
# Visual Studio Version 17
VisualStudioVersion = 17.1.32407.343
MinimumVisualStudioVersion = 10.0.40219.1
Project("{FAE04EC0-301F-11D3-BF4B-00C04F79EFBC}") = "Adjusting-the-HTML-content-size-in-PDF-document", "Adjusting-the-HTML-content-size-in-PDF-document\Adjusting-the-HTML-content-size-in-PDF-document.csproj", "{59EA2254-544C-4F09-9A32-C142B4C3895A}"
EndProject
Global
	GlobalSection(SolutionConfigurationPlatforms) = preSolution
		Debug|Any CPU = Debug|Any CPU
		Release|Any CPU = Release|Any CPU
	EndGlobalSection
	GlobalSection(ProjectConfigurationPlatforms) = postSolution
		{59EA2254-544C-4F09-9A32-C142B4C3895A}.Debug|Any CPU.ActiveCfg = Debug|Any CPU
		{59EA2254-544C-4F09-9A32-C142B4C3895A}.Debug|Any CPU.Build.0 = Debug|Any CPU
		{59EA2254-544C-4F09-9A32-C142B4C3895A}.Release|Any CPU.ActiveCfg = Release|Any CPU
		{59EA2254-544C-4F09-9A32-C142B4C3895A}.Release|Any CPU.Build.0 = Release|Any CPU
	EndGlobalSection
	GlobalSection(SolutionProperties) = preSolution
		HideSolutionNode = FALSE
	EndGlobalSection
	GlobalSection(ExtensibilityGlobals) = postSolution
		SolutionGuid = {86809970-8E97-4F05-B084-14CE43BC0564}
	EndGlobalSection
EndGlobal
