
Microsoft Visual Studio Solution File, Format Version 12.00
# Visual Studio Version 18
VisualStudioVersion = 18.4.11626.88 stable
MinimumVisualStudioVersion = 10.0.40219.1
Project("{FAE04EC0-301F-11D3-BF4B-00C04F79EFBC}") = "Recognize-forms-using-Stream", "Recognize-forms-using-Stream\Recognize-forms-using-Stream.csproj", "{EB44E1A8-103A-57C9-0983-C1BA2A1B7158}"
EndProject
Global
	GlobalSection(SolutionConfigurationPlatforms) = preSolution
		Debug|Any CPU = Debug|Any CPU
		Release|Any CPU = Release|Any CPU
	EndGlobalSection
	GlobalSection(ProjectConfigurationPlatforms) = postSolution
		{EB44E1A8-103A-57C9-0983-C1BA2A1B7158}.Debug|Any CPU.ActiveCfg = Debug|Any CPU
		{EB44E1A8-103A-57C9-0983-C1BA2A1B7158}.Debug|Any CPU.Build.0 = Debug|Any CPU
		{EB44E1A8-103A-57C9-0983-C1BA2A1B7158}.Release|Any CPU.ActiveCfg = Release|Any CPU
		{EB44E1A8-103A-57C9-0983-C1BA2A1B7158}.Release|Any CPU.Build.0 = Release|Any CPU
	EndGlobalSection
	GlobalSection(SolutionProperties) = preSolution
		HideSolutionNode = FALSE
	EndGlobalSection
EndGlobal
