
Microsoft Visual Studio Solution File, Format Version 12.00
# Visual Studio Version 17
VisualStudioVersion = 17.4.32916.344
MinimumVisualStudioVersion = 10.0.40219.1
Project("{FAE04EC0-301F-11D3-BF4B-00C04F79EFBC}") = "Create_PDF_with_image_NET", "Create_PDF_with_image_NET\Create_PDF_with_image_NET.csproj", "{5D18929A-62C0-4188-8868-68DBDE42FA69}"
EndProject
Global
	GlobalSection(SolutionConfigurationPlatforms) = preSolution
		Debug|Any CPU = Debug|Any CPU
		Release|Any CPU = Release|Any CPU
	EndGlobalSection
	GlobalSection(ProjectConfigurationPlatforms) = postSolution
		{5D18929A-62C0-4188-8868-68DBDE42FA69}.Debug|Any CPU.ActiveCfg = Debug|Any CPU
		{5D18929A-62C0-4188-8868-68DBDE42FA69}.Debug|Any CPU.Build.0 = Debug|Any CPU
		{5D18929A-62C0-4188-8868-68DBDE42FA69}.Release|Any CPU.ActiveCfg = Release|Any CPU
		{5D18929A-62C0-4188-8868-68DBDE42FA69}.Release|Any CPU.Build.0 = Release|Any CPU
	EndGlobalSection
	GlobalSection(SolutionProperties) = preSolution
		HideSolutionNode = FALSE
	EndGlobalSection
	GlobalSection(ExtensibilityGlobals) = postSolution
		SolutionGuid = {7E4AD0A3-B013-4F48-9E29-C3FCE414AF40}
	EndGlobalSection
EndGlobal
