
Microsoft Visual Studio Solution File, Format Version 12.00
# Visual Studio Version 17
VisualStudioVersion = 17.13.35617.110 d17.13
MinimumVisualStudioVersion = 10.0.40219.1
Project("{FAE04EC0-301F-11D3-BF4B-00C04F79EFBC}") = "Display_unicode_text_in_formfields_of_PDF_document", "Display_unicode_text_in_formfields_of_PDF_document\Display_unicode_text_in_formfields_of_PDF_document.csproj", "{8DE76E38-6547-4345-A1A2-34A10F488A23}"
EndProject
Global
	GlobalSection(SolutionConfigurationPlatforms) = preSolution
		Debug|Any CPU = Debug|Any CPU
		Release|Any CPU = Release|Any CPU
	EndGlobalSection
	GlobalSection(ProjectConfigurationPlatforms) = postSolution
		{8DE76E38-6547-4345-A1A2-34A10F488A23}.Debug|Any CPU.ActiveCfg = Debug|Any CPU
		{8DE76E38-6547-4345-A1A2-34A10F488A23}.Debug|Any CPU.Build.0 = Debug|Any CPU
		{8DE76E38-6547-4345-A1A2-34A10F488A23}.Release|Any CPU.ActiveCfg = Release|Any CPU
		{8DE76E38-6547-4345-A1A2-34A10F488A23}.Release|Any CPU.Build.0 = Release|Any CPU
	EndGlobalSection
	GlobalSection(SolutionProperties) = preSolution
		HideSolutionNode = FALSE
	EndGlobalSection
	GlobalSection(ExtensibilityGlobals) = postSolution
		SolutionGuid = {7A440092-D71E-4040-BCAD-C7E01DCEA5CE}
	EndGlobalSection
EndGlobal
