
Microsoft Visual Studio Solution File, Format Version 12.00
# Visual Studio Version 17
VisualStudioVersion = 17.1.32407.343
MinimumVisualStudioVersion = 10.0.40219.1
Project("{FAE04EC0-301F-11D3-BF4B-00C04F79EFBC}") = "Adding-radio-button-in-new-PDF-document", "Adding-radio-button-in-new-PDF-document\Adding-radio-button-in-new-PDF-document.csproj", "{5F45BC1B-47C7-4208-AA92-6F1FC1826824}"
EndProject
Global
	GlobalSection(SolutionConfigurationPlatforms) = preSolution
		Debug|Any CPU = Debug|Any CPU
		Release|Any CPU = Release|Any CPU
	EndGlobalSection
	GlobalSection(ProjectConfigurationPlatforms) = postSolution
		{5F45BC1B-47C7-4208-AA92-6F1FC1826824}.Debug|Any CPU.ActiveCfg = Debug|Any CPU
		{5F45BC1B-47C7-4208-AA92-6F1FC1826824}.Debug|Any CPU.Build.0 = Debug|Any CPU
		{5F45BC1B-47C7-4208-AA92-6F1FC1826824}.Release|Any CPU.ActiveCfg = Release|Any CPU
		{5F45BC1B-47C7-4208-AA92-6F1FC1826824}.Release|Any CPU.Build.0 = Release|Any CPU
	EndGlobalSection
	GlobalSection(SolutionProperties) = preSolution
		HideSolutionNode = FALSE
	EndGlobalSection
	GlobalSection(ExtensibilityGlobals) = postSolution
		SolutionGuid = {A99351B7-82DF-4CF8-AA61-998C2CB37769}
	EndGlobalSection
EndGlobal
