
Microsoft Visual Studio Solution File, Format Version 12.00
# Visual Studio 15
VisualStudioVersion = 15.0.28307.1000
MinimumVisualStudioVersion = 10.0.40219.1
Project("{FAE04EC0-301F-11D3-BF4B-00C04F79EFBC}") = "Merge-multiple-PDF-documents", "Merge-multiple-PDF-documents\Merge-multiple-PDF-documents.csproj", "{AFF1B3ED-8D01-43B9-8AF3-72F53F169817}"
EndProject
Global
	GlobalSection(SolutionConfigurationPlatforms) = preSolution
		Debug|Any CPU = Debug|Any CPU
		Release|Any CPU = Release|Any CPU
	EndGlobalSection
	GlobalSection(ProjectConfigurationPlatforms) = postSolution
		{AFF1B3ED-8D01-43B9-8AF3-72F53F169817}.Debug|Any CPU.ActiveCfg = Debug|Any CPU
		{AFF1B3ED-8D01-43B9-8AF3-72F53F169817}.Debug|Any CPU.Build.0 = Debug|Any CPU
		{AFF1B3ED-8D01-43B9-8AF3-72F53F169817}.Release|Any CPU.ActiveCfg = Release|Any CPU
		{AFF1B3ED-8D01-43B9-8AF3-72F53F169817}.Release|Any CPU.Build.0 = Release|Any CPU
	EndGlobalSection
	GlobalSection(SolutionProperties) = preSolution
		HideSolutionNode = FALSE
	EndGlobalSection
	GlobalSection(ExtensibilityGlobals) = postSolution
		SolutionGuid = {4F4450F1-D55B-4272-9747-E89305711804}
	EndGlobalSection
EndGlobal
