
Microsoft Visual Studio Solution File, Format Version 12.00
# Visual Studio Version 17
VisualStudioVersion = 17.1.32407.343
MinimumVisualStudioVersion = 10.0.40219.1
Project("{FAE04EC0-301F-11D3-BF4B-00C04F79EFBC}") = "Set-user-password-when-accessing-the-attachment", "Set-user-password-when-accessing-the-attachment\Set-user-password-when-accessing-the-attachment.csproj", "{8E5180F8-835C-4924-ABC5-06121199B810}"
EndProject
Global
	GlobalSection(SolutionConfigurationPlatforms) = preSolution
		Debug|Any CPU = Debug|Any CPU
		Release|Any CPU = Release|Any CPU
	EndGlobalSection
	GlobalSection(ProjectConfigurationPlatforms) = postSolution
		{8E5180F8-835C-4924-ABC5-06121199B810}.Debug|Any CPU.ActiveCfg = Debug|Any CPU
		{8E5180F8-835C-4924-ABC5-06121199B810}.Debug|Any CPU.Build.0 = Debug|Any CPU
		{8E5180F8-835C-4924-ABC5-06121199B810}.Release|Any CPU.ActiveCfg = Release|Any CPU
		{8E5180F8-835C-4924-ABC5-06121199B810}.Release|Any CPU.Build.0 = Release|Any CPU
	EndGlobalSection
	GlobalSection(SolutionProperties) = preSolution
		HideSolutionNode = FALSE
	EndGlobalSection
	GlobalSection(ExtensibilityGlobals) = postSolution
		SolutionGuid = {574FF89E-0D2D-42B0-AEDF-D93881981E21}
	EndGlobalSection
EndGlobal
