
Microsoft Visual Studio Solution File, Format Version 12.00
# Visual Studio Version 17
VisualStudioVersion = 17.1.32407.343
MinimumVisualStudioVersion = 10.0.40219.1
Project("{FAE04EC0-301F-11D3-BF4B-00C04F79EFBC}") = "Add-PdfEan8-barcode-to-a-PDF-document", "Add-PdfEan8-barcode-to-a-PDF-document\Add-PdfEan8-barcode-to-a-PDF-document.csproj", "{EE36BD7F-D385-4DC3-BDE4-63340B17E689}"
EndProject
Global
	GlobalSection(SolutionConfigurationPlatforms) = preSolution
		Debug|Any CPU = Debug|Any CPU
		Release|Any CPU = Release|Any CPU
	EndGlobalSection
	GlobalSection(ProjectConfigurationPlatforms) = postSolution
		{EE36BD7F-D385-4DC3-BDE4-63340B17E689}.Debug|Any CPU.ActiveCfg = Debug|Any CPU
		{EE36BD7F-D385-4DC3-BDE4-63340B17E689}.Debug|Any CPU.Build.0 = Debug|Any CPU
		{EE36BD7F-D385-4DC3-BDE4-63340B17E689}.Release|Any CPU.ActiveCfg = Release|Any CPU
		{EE36BD7F-D385-4DC3-BDE4-63340B17E689}.Release|Any CPU.Build.0 = Release|Any CPU
	EndGlobalSection
	GlobalSection(SolutionProperties) = preSolution
		HideSolutionNode = FALSE
	EndGlobalSection
	GlobalSection(ExtensibilityGlobals) = postSolution
		SolutionGuid = {D208DB9A-7E1A-4138-9975-A816D96DC447}
	EndGlobalSection
EndGlobal
