
Microsoft Visual Studio Solution File, Format Version 12.00
# Visual Studio Version 17
VisualStudioVersion = 17.1.32407.343
MinimumVisualStudioVersion = 10.0.40219.1
Project("{FAE04EC0-301F-11D3-BF4B-00C04F79EFBC}") = "Create-custom-style-TOC-when-converting-HTML-to-PDF", "Create-custom-style-TOC-when-converting-HTML-to-PDF\Create-custom-style-TOC-when-converting-HTML-to-PDF.csproj", "{84B57B42-B5D9-43CD-986A-2CC68D2A427C}"
EndProject
Global
	GlobalSection(SolutionConfigurationPlatforms) = preSolution
		Debug|Any CPU = Debug|Any CPU
		Release|Any CPU = Release|Any CPU
	EndGlobalSection
	GlobalSection(ProjectConfigurationPlatforms) = postSolution
		{84B57B42-B5D9-43CD-986A-2CC68D2A427C}.Debug|Any CPU.ActiveCfg = Debug|Any CPU
		{84B57B42-B5D9-43CD-986A-2CC68D2A427C}.Debug|Any CPU.Build.0 = Debug|Any CPU
		{84B57B42-B5D9-43CD-986A-2CC68D2A427C}.Release|Any CPU.ActiveCfg = Release|Any CPU
		{84B57B42-B5D9-43CD-986A-2CC68D2A427C}.Release|Any CPU.Build.0 = Release|Any CPU
	EndGlobalSection
	GlobalSection(SolutionProperties) = preSolution
		HideSolutionNode = FALSE
	EndGlobalSection
	GlobalSection(ExtensibilityGlobals) = postSolution
		SolutionGuid = {69F7DBB1-15A4-464F-A7AD-64CE5C2B57A9}
	EndGlobalSection
EndGlobal
