
Microsoft Visual Studio Solution File, Format Version 12.00
# Visual Studio Version 17
VisualStudioVersion = 17.1.32407.343
MinimumVisualStudioVersion = 10.0.40219.1
Project("{FAE04EC0-301F-11D3-BF4B-00C04F79EFBC}") = "Add-complex-script-to-all-the-supported-fields-in-PDF", "Add-complex-script-to-all-the-supported-fields-in-PDF\Add-complex-script-to-all-the-supported-fields-in-PDF.csproj", "{E4AA9B7C-F48B-4CF0-B3F2-5A46356F159D}"
EndProject
Global
	GlobalSection(SolutionConfigurationPlatforms) = preSolution
		Debug|Any CPU = Debug|Any CPU
		Release|Any CPU = Release|Any CPU
	EndGlobalSection
	GlobalSection(ProjectConfigurationPlatforms) = postSolution
		{E4AA9B7C-F48B-4CF0-B3F2-5A46356F159D}.Debug|Any CPU.ActiveCfg = Debug|Any CPU
		{E4AA9B7C-F48B-4CF0-B3F2-5A46356F159D}.Debug|Any CPU.Build.0 = Debug|Any CPU
		{E4AA9B7C-F48B-4CF0-B3F2-5A46356F159D}.Release|Any CPU.ActiveCfg = Release|Any CPU
		{E4AA9B7C-F48B-4CF0-B3F2-5A46356F159D}.Release|Any CPU.Build.0 = Release|Any CPU
	EndGlobalSection
	GlobalSection(SolutionProperties) = preSolution
		HideSolutionNode = FALSE
	EndGlobalSection
	GlobalSection(ExtensibilityGlobals) = postSolution
		SolutionGuid = {6329D791-72F2-47C0-AE46-7AA774B5FF95}
	EndGlobalSection
EndGlobal
