
Microsoft Visual Studio Solution File, Format Version 12.00
# Visual Studio Version 17
VisualStudioVersion = 17.6.33417.168
MinimumVisualStudioVersion = 10.0.40219.1
Project("{FAE04EC0-301F-11D3-BF4B-00C04F79EFBC}") = "Creating-Tagged-PDF-with-nested-elements", "Creating-Tagged-PDF-with-nested-elements\Creating-Tagged-PDF-with-nested-elements.csproj", "{BEE61CA6-12C6-49F9-945F-8F40A67F7869}"
EndProject
Global
	GlobalSection(SolutionConfigurationPlatforms) = preSolution
		Debug|Any CPU = Debug|Any CPU
		Release|Any CPU = Release|Any CPU
	EndGlobalSection
	GlobalSection(ProjectConfigurationPlatforms) = postSolution
		{BEE61CA6-12C6-49F9-945F-8F40A67F7869}.Debug|Any CPU.ActiveCfg = Debug|Any CPU
		{BEE61CA6-12C6-49F9-945F-8F40A67F7869}.Debug|Any CPU.Build.0 = Debug|Any CPU
		{BEE61CA6-12C6-49F9-945F-8F40A67F7869}.Release|Any CPU.ActiveCfg = Release|Any CPU
		{BEE61CA6-12C6-49F9-945F-8F40A67F7869}.Release|Any CPU.Build.0 = Release|Any CPU
	EndGlobalSection
	GlobalSection(SolutionProperties) = preSolution
		HideSolutionNode = FALSE
	EndGlobalSection
	GlobalSection(ExtensibilityGlobals) = postSolution
		SolutionGuid = {8BFC8C72-D452-40E7-82D8-0473A35E1B4C}
	EndGlobalSection
EndGlobal
