
Microsoft Visual Studio Solution File, Format Version 12.00
# Visual Studio Version 17
VisualStudioVersion = 17.1.32407.343
MinimumVisualStudioVersion = 10.0.40219.1
Project("{FAE04EC0-301F-11D3-BF4B-00C04F79EFBC}") = "Validate-all-signatures-in-digitally-signed-PDF", "Validate-all-signatures-in-digitally-signed-PDF\Validate-all-signatures-in-digitally-signed-PDF.csproj", "{60A36B35-14A4-4030-B16A-22F2C859505C}"
EndProject
Global
	GlobalSection(SolutionConfigurationPlatforms) = preSolution
		Debug|Any CPU = Debug|Any CPU
		Release|Any CPU = Release|Any CPU
	EndGlobalSection
	GlobalSection(ProjectConfigurationPlatforms) = postSolution
		{60A36B35-14A4-4030-B16A-22F2C859505C}.Debug|Any CPU.ActiveCfg = Debug|Any CPU
		{60A36B35-14A4-4030-B16A-22F2C859505C}.Debug|Any CPU.Build.0 = Debug|Any CPU
		{60A36B35-14A4-4030-B16A-22F2C859505C}.Release|Any CPU.ActiveCfg = Release|Any CPU
		{60A36B35-14A4-4030-B16A-22F2C859505C}.Release|Any CPU.Build.0 = Release|Any CPU
	EndGlobalSection
	GlobalSection(SolutionProperties) = preSolution
		HideSolutionNode = FALSE
	EndGlobalSection
	GlobalSection(ExtensibilityGlobals) = postSolution
		SolutionGuid = {5E1937DC-C16F-4C4A-B401-5ACA031D891A}
	EndGlobalSection
EndGlobal
