
Microsoft Visual Studio Solution File, Format Version 12.00
# Visual Studio Version 17
VisualStudioVersion = 17.13.35617.110 d17.13
MinimumVisualStudioVersion = 10.0.40219.1
Project("{FAE04EC0-301F-11D3-BF4B-00C04F79EFBC}") = "Adding-an-Nested-list-to-PDF-document", "Adding-an-Nested-list-to-PDF-document\Adding-an-Nested-list-to-PDF-document.csproj", "{E18E9969-6272-490E-BB9D-56B67061905C}"
EndProject
Global
	GlobalSection(SolutionConfigurationPlatforms) = preSolution
		Debug|Any CPU = Debug|Any CPU
		Release|Any CPU = Release|Any CPU
	EndGlobalSection
	GlobalSection(ProjectConfigurationPlatforms) = postSolution
		{E18E9969-6272-490E-BB9D-56B67061905C}.Debug|Any CPU.ActiveCfg = Debug|Any CPU
		{E18E9969-6272-490E-BB9D-56B67061905C}.Debug|Any CPU.Build.0 = Debug|Any CPU
		{E18E9969-6272-490E-BB9D-56B67061905C}.Release|Any CPU.ActiveCfg = Release|Any CPU
		{E18E9969-6272-490E-BB9D-56B67061905C}.Release|Any CPU.Build.0 = Release|Any CPU
	EndGlobalSection
	GlobalSection(SolutionProperties) = preSolution
		HideSolutionNode = FALSE
	EndGlobalSection
	GlobalSection(ExtensibilityGlobals) = postSolution
		SolutionGuid = {F4A9FDC3-77EC-469D-806F-1160EC64B5C3}
	EndGlobalSection
EndGlobal
