
Microsoft Visual Studio Solution File, Format Version 12.00
# Visual Studio Version 17
VisualStudioVersion = 17.10.35122.118
MinimumVisualStudioVersion = 10.0.40219.1
Project("{FAE04EC0-301F-11D3-BF4B-00C04F79EFBC}") = "TimestampingPDFwithExternalSigning", "TimestampingPDFwithExternalSigning\TimestampingPDFwithExternalSigning.csproj", "{076C52CD-6650-441A-848E-DF80295CDFD5}"
EndProject
Global
	GlobalSection(SolutionConfigurationPlatforms) = preSolution
		Debug|Any CPU = Debug|Any CPU
		Release|Any CPU = Release|Any CPU
	EndGlobalSection
	GlobalSection(ProjectConfigurationPlatforms) = postSolution
		{076C52CD-6650-441A-848E-DF80295CDFD5}.Debug|Any CPU.ActiveCfg = Debug|Any CPU
		{076C52CD-6650-441A-848E-DF80295CDFD5}.Debug|Any CPU.Build.0 = Debug|Any CPU
		{076C52CD-6650-441A-848E-DF80295CDFD5}.Release|Any CPU.ActiveCfg = Release|Any CPU
		{076C52CD-6650-441A-848E-DF80295CDFD5}.Release|Any CPU.Build.0 = Release|Any CPU
	EndGlobalSection
	GlobalSection(SolutionProperties) = preSolution
		HideSolutionNode = FALSE
	EndGlobalSection
	GlobalSection(ExtensibilityGlobals) = postSolution
		SolutionGuid = {EEFF8B02-E955-4312-AB2F-1774A09D5BD9}
	EndGlobalSection
EndGlobal
