
Microsoft Visual Studio Solution File, Format Version 12.00
# Visual Studio Version 17
VisualStudioVersion = 17.3.32819.101
MinimumVisualStudioVersion = 10.0.40219.1
Project("{FAE04EC0-301F-11D3-BF4B-00C04F79EFBC}") = "Create-nested-table-in-a-PDF-document", "Create-nested-table-in-a-PDF-document\Create-nested-table-in-a-PDF-document.csproj", "{39114F62-F07D-416B-82B9-1E7737189706}"
EndProject
Global
	GlobalSection(SolutionConfigurationPlatforms) = preSolution
		Debug|Any CPU = Debug|Any CPU
		Release|Any CPU = Release|Any CPU
	EndGlobalSection
	GlobalSection(ProjectConfigurationPlatforms) = postSolution
		{39114F62-F07D-416B-82B9-1E7737189706}.Debug|Any CPU.ActiveCfg = Debug|Any CPU
		{39114F62-F07D-416B-82B9-1E7737189706}.Debug|Any CPU.Build.0 = Debug|Any CPU
		{39114F62-F07D-416B-82B9-1E7737189706}.Release|Any CPU.ActiveCfg = Release|Any CPU
		{39114F62-F07D-416B-82B9-1E7737189706}.Release|Any CPU.Build.0 = Release|Any CPU
	EndGlobalSection
	GlobalSection(SolutionProperties) = preSolution
		HideSolutionNode = FALSE
	EndGlobalSection
	GlobalSection(ExtensibilityGlobals) = postSolution
		SolutionGuid = {F7EE5633-D3FB-4CDB-9923-DEAC7A7B665C}
	EndGlobalSection
EndGlobal
