
Microsoft Visual Studio Solution File, Format Version 12.00
# Visual Studio Version 17
VisualStudioVersion = 17.1.32407.343
MinimumVisualStudioVersion = 10.0.40219.1
Project("{FAE04EC0-301F-11D3-BF4B-00C04F79EFBC}") = "Draw-shape-on-PDF-with-tiling-brush", "Draw-shape-on-PDF-with-tiling-brush\Draw-shape-on-PDF-with-tiling-brush.csproj", "{103411CA-A262-4362-963B-D97D75BB9115}"
EndProject
Global
	GlobalSection(SolutionConfigurationPlatforms) = preSolution
		Debug|Any CPU = Debug|Any CPU
		Release|Any CPU = Release|Any CPU
	EndGlobalSection
	GlobalSection(ProjectConfigurationPlatforms) = postSolution
		{103411CA-A262-4362-963B-D97D75BB9115}.Debug|Any CPU.ActiveCfg = Debug|Any CPU
		{103411CA-A262-4362-963B-D97D75BB9115}.Debug|Any CPU.Build.0 = Debug|Any CPU
		{103411CA-A262-4362-963B-D97D75BB9115}.Release|Any CPU.ActiveCfg = Release|Any CPU
		{103411CA-A262-4362-963B-D97D75BB9115}.Release|Any CPU.Build.0 = Release|Any CPU
	EndGlobalSection
	GlobalSection(SolutionProperties) = preSolution
		HideSolutionNode = FALSE
	EndGlobalSection
	GlobalSection(ExtensibilityGlobals) = postSolution
		SolutionGuid = {914CD547-A83F-4F58-9B10-6DDF4029AABF}
	EndGlobalSection
EndGlobal
