
Microsoft Visual Studio Solution File, Format Version 12.00
# Visual Studio Version 17
VisualStudioVersion = 17.1.32407.343
MinimumVisualStudioVersion = 10.0.40219.1
Project("{FAE04EC0-301F-11D3-BF4B-00C04F79EFBC}") = "Add-digital-signature-using-X509Certificate2", "Add-digital-signature-using-X509Certificate2\Add-digital-signature-using-X509Certificate2.csproj", "{9A86D81C-B6A9-464C-90BF-4727EF2C5A6C}"
EndProject
Global
	GlobalSection(SolutionConfigurationPlatforms) = preSolution
		Debug|Any CPU = Debug|Any CPU
		Release|Any CPU = Release|Any CPU
	EndGlobalSection
	GlobalSection(ProjectConfigurationPlatforms) = postSolution
		{9A86D81C-B6A9-464C-90BF-4727EF2C5A6C}.Debug|Any CPU.ActiveCfg = Debug|Any CPU
		{9A86D81C-B6A9-464C-90BF-4727EF2C5A6C}.Debug|Any CPU.Build.0 = Debug|Any CPU
		{9A86D81C-B6A9-464C-90BF-4727EF2C5A6C}.Release|Any CPU.ActiveCfg = Release|Any CPU
		{9A86D81C-B6A9-464C-90BF-4727EF2C5A6C}.Release|Any CPU.Build.0 = Release|Any CPU
	EndGlobalSection
	GlobalSection(SolutionProperties) = preSolution
		HideSolutionNode = FALSE
	EndGlobalSection
	GlobalSection(ExtensibilityGlobals) = postSolution
		SolutionGuid = {BD43B739-0B8E-48BB-ACB9-AE78536A2121}
	EndGlobalSection
EndGlobal
