
Microsoft Visual Studio Solution File, Format Version 12.00
# Visual Studio 15
VisualStudioVersion = 15.0.28307.1000
MinimumVisualStudioVersion = 10.0.40219.1
Project("{FAE04EC0-301F-11D3-BF4B-00C04F79EFBC}") = "Add-file-link-annotation-in-PDF", "Add-file-link-annotation-in-PDF\Add-file-link-annotation-in-PDF.csproj", "{E8468D8F-592B-4DD5-BEAD-521A0F25E713}"
EndProject
Global
	GlobalSection(SolutionConfigurationPlatforms) = preSolution
		Debug|Any CPU = Debug|Any CPU
		Release|Any CPU = Release|Any CPU
	EndGlobalSection
	GlobalSection(ProjectConfigurationPlatforms) = postSolution
		{E8468D8F-592B-4DD5-BEAD-521A0F25E713}.Debug|Any CPU.ActiveCfg = Debug|Any CPU
		{E8468D8F-592B-4DD5-BEAD-521A0F25E713}.Debug|Any CPU.Build.0 = Debug|Any CPU
		{E8468D8F-592B-4DD5-BEAD-521A0F25E713}.Release|Any CPU.ActiveCfg = Release|Any CPU
		{E8468D8F-592B-4DD5-BEAD-521A0F25E713}.Release|Any CPU.Build.0 = Release|Any CPU
	EndGlobalSection
	GlobalSection(SolutionProperties) = preSolution
		HideSolutionNode = FALSE
	EndGlobalSection
	GlobalSection(ExtensibilityGlobals) = postSolution
		SolutionGuid = {C4CB4A00-966F-4C04-A325-5D97E450CF71}
	EndGlobalSection
EndGlobal
