
Microsoft Visual Studio Solution File, Format Version 12.00
# Visual Studio Version 17
VisualStudioVersion = 17.12.35527.113 d17.12
MinimumVisualStudioVersion = 10.0.40219.1
Project("{FAE04EC0-301F-11D3-BF4B-00C04F79EFBC}") = "Exporting-Newly-Added-Annotations-XFDF-File", "Exporting-Newly-Added-Annotations-XFDF-File\Exporting-Newly-Added-Annotations-XFDF-File.csproj", "{5351DD92-0CDF-4645-B3D9-0FB14EEF738C}"
EndProject
Global
	GlobalSection(SolutionConfigurationPlatforms) = preSolution
		Debug|Any CPU = Debug|Any CPU
		Release|Any CPU = Release|Any CPU
	EndGlobalSection
	GlobalSection(ProjectConfigurationPlatforms) = postSolution
		{5351DD92-0CDF-4645-B3D9-0FB14EEF738C}.Debug|Any CPU.ActiveCfg = Debug|Any CPU
		{5351DD92-0CDF-4645-B3D9-0FB14EEF738C}.Debug|Any CPU.Build.0 = Debug|Any CPU
		{5351DD92-0CDF-4645-B3D9-0FB14EEF738C}.Release|Any CPU.ActiveCfg = Release|Any CPU
		{5351DD92-0CDF-4645-B3D9-0FB14EEF738C}.Release|Any CPU.Build.0 = Release|Any CPU
	EndGlobalSection
	GlobalSection(SolutionProperties) = preSolution
		HideSolutionNode = FALSE
	EndGlobalSection
EndGlobal
