
Microsoft Visual Studio Solution File, Format Version 12.00
# Visual Studio 15
VisualStudioVersion = 15.0.28307.1000
MinimumVisualStudioVersion = 10.0.40219.1
Project("{FAE04EC0-301F-11D3-BF4B-00C04F79EFBC}") = "Create-PDF-document-with-table", "Create-PDF-document-with-table\Create-PDF-document-with-table.csproj", "{4A52A269-2606-411A-B7A5-E97E96A2A8C1}"
EndProject
Global
	GlobalSection(SolutionConfigurationPlatforms) = preSolution
		Debug|Any CPU = Debug|Any CPU
		Release|Any CPU = Release|Any CPU
	EndGlobalSection
	GlobalSection(ProjectConfigurationPlatforms) = postSolution
		{4A52A269-2606-411A-B7A5-E97E96A2A8C1}.Debug|Any CPU.ActiveCfg = Debug|Any CPU
		{4A52A269-2606-411A-B7A5-E97E96A2A8C1}.Debug|Any CPU.Build.0 = Debug|Any CPU
		{4A52A269-2606-411A-B7A5-E97E96A2A8C1}.Release|Any CPU.ActiveCfg = Release|Any CPU
		{4A52A269-2606-411A-B7A5-E97E96A2A8C1}.Release|Any CPU.Build.0 = Release|Any CPU
	EndGlobalSection
	GlobalSection(SolutionProperties) = preSolution
		HideSolutionNode = FALSE
	EndGlobalSection
	GlobalSection(ExtensibilityGlobals) = postSolution
		SolutionGuid = {8045326C-3322-41D1-96FB-12C16BBD9075}
	EndGlobalSection
EndGlobal
