
Microsoft Visual Studio Solution File, Format Version 12.00
# Visual Studio Version 17
VisualStudioVersion = 17.1.32407.343
MinimumVisualStudioVersion = 10.0.40219.1
Project("{FAE04EC0-301F-11D3-BF4B-00C04F79EFBC}") = "Convert-HTML-string-to-PDF-document", "Convert-HTML-string-to-PDF-document\Convert-HTML-string-to-PDF-document.csproj", "{29501FBA-41EA-46A9-A5B7-02FCE1BD9AC4}"
EndProject
Global
	GlobalSection(SolutionConfigurationPlatforms) = preSolution
		Debug|Any CPU = Debug|Any CPU
		Release|Any CPU = Release|Any CPU
	EndGlobalSection
	GlobalSection(ProjectConfigurationPlatforms) = postSolution
		{29501FBA-41EA-46A9-A5B7-02FCE1BD9AC4}.Debug|Any CPU.ActiveCfg = Debug|Any CPU
		{29501FBA-41EA-46A9-A5B7-02FCE1BD9AC4}.Debug|Any CPU.Build.0 = Debug|Any CPU
		{29501FBA-41EA-46A9-A5B7-02FCE1BD9AC4}.Release|Any CPU.ActiveCfg = Release|Any CPU
		{29501FBA-41EA-46A9-A5B7-02FCE1BD9AC4}.Release|Any CPU.Build.0 = Release|Any CPU
	EndGlobalSection
	GlobalSection(SolutionProperties) = preSolution
		HideSolutionNode = FALSE
	EndGlobalSection
	GlobalSection(ExtensibilityGlobals) = postSolution
		SolutionGuid = {6BA5836D-895F-4B58-8AA2-004FB10639C5}
	EndGlobalSection
EndGlobal
