
Microsoft Visual Studio Solution File, Format Version 12.00
# Visual Studio Version 17
VisualStudioVersion = 17.1.32407.343
MinimumVisualStudioVersion = 10.0.40219.1
Project("{FAE04EC0-301F-11D3-BF4B-00C04F79EFBC}") = "Add-Code39-barcode-to-the-PDF-document", "Add-Code39-barcode-to-the-PDF-document\Add-Code39-barcode-to-the-PDF-document.csproj", "{DBB8866E-5A25-488C-8D9B-F07AC647790A}"
EndProject
Global
	GlobalSection(SolutionConfigurationPlatforms) = preSolution
		Debug|Any CPU = Debug|Any CPU
		Release|Any CPU = Release|Any CPU
	EndGlobalSection
	GlobalSection(ProjectConfigurationPlatforms) = postSolution
		{DBB8866E-5A25-488C-8D9B-F07AC647790A}.Debug|Any CPU.ActiveCfg = Debug|Any CPU
		{DBB8866E-5A25-488C-8D9B-F07AC647790A}.Debug|Any CPU.Build.0 = Debug|Any CPU
		{DBB8866E-5A25-488C-8D9B-F07AC647790A}.Release|Any CPU.ActiveCfg = Release|Any CPU
		{DBB8866E-5A25-488C-8D9B-F07AC647790A}.Release|Any CPU.Build.0 = Release|Any CPU
	EndGlobalSection
	GlobalSection(SolutionProperties) = preSolution
		HideSolutionNode = FALSE
	EndGlobalSection
	GlobalSection(ExtensibilityGlobals) = postSolution
		SolutionGuid = {7AD3ECCA-12D5-4E2D-BA8F-6A92226B0A38}
	EndGlobalSection
EndGlobal
