
Microsoft Visual Studio Solution File, Format Version 12.00
# Visual Studio Version 17
VisualStudioVersion = 17.1.32407.343
MinimumVisualStudioVersion = 10.0.40219.1
Project("{FAE04EC0-301F-11D3-BF4B-00C04F79EFBC}") = "Modify-comments-in-the-existing-PDF-annotation", "Modify-comments-in-the-existing-PDF-annotation\Modify-comments-in-the-existing-PDF-annotation.csproj", "{D8AB332F-6383-40FE-9B17-C0A2887950D7}"
EndProject
Global
	GlobalSection(SolutionConfigurationPlatforms) = preSolution
		Debug|Any CPU = Debug|Any CPU
		Release|Any CPU = Release|Any CPU
	EndGlobalSection
	GlobalSection(ProjectConfigurationPlatforms) = postSolution
		{D8AB332F-6383-40FE-9B17-C0A2887950D7}.Debug|Any CPU.ActiveCfg = Debug|Any CPU
		{D8AB332F-6383-40FE-9B17-C0A2887950D7}.Debug|Any CPU.Build.0 = Debug|Any CPU
		{D8AB332F-6383-40FE-9B17-C0A2887950D7}.Release|Any CPU.ActiveCfg = Release|Any CPU
		{D8AB332F-6383-40FE-9B17-C0A2887950D7}.Release|Any CPU.Build.0 = Release|Any CPU
	EndGlobalSection
	GlobalSection(SolutionProperties) = preSolution
		HideSolutionNode = FALSE
	EndGlobalSection
	GlobalSection(ExtensibilityGlobals) = postSolution
		SolutionGuid = {AA738C96-B15D-4A21-9522-B895F77112FB}
	EndGlobalSection
EndGlobal
