
Microsoft Visual Studio Solution File, Format Version 12.00
# Visual Studio Version 17
VisualStudioVersion = 17.3.32819.101
MinimumVisualStudioVersion = 10.0.40219.1
Project("{FAE04EC0-301F-11D3-BF4B-00C04F79EFBC}") = "Merge_password_protected_PDF_files_NET", "Merge_password_protected_PDF_files_NET\Merge_password_protected_PDF_files_NET.csproj", "{C7678D75-86BD-4698-88BC-5B75FA73A3A4}"
EndProject
Global
	GlobalSection(SolutionConfigurationPlatforms) = preSolution
		Debug|Any CPU = Debug|Any CPU
		Release|Any CPU = Release|Any CPU
	EndGlobalSection
	GlobalSection(ProjectConfigurationPlatforms) = postSolution
		{C7678D75-86BD-4698-88BC-5B75FA73A3A4}.Debug|Any CPU.ActiveCfg = Debug|Any CPU
		{C7678D75-86BD-4698-88BC-5B75FA73A3A4}.Debug|Any CPU.Build.0 = Debug|Any CPU
		{C7678D75-86BD-4698-88BC-5B75FA73A3A4}.Release|Any CPU.ActiveCfg = Release|Any CPU
		{C7678D75-86BD-4698-88BC-5B75FA73A3A4}.Release|Any CPU.Build.0 = Release|Any CPU
	EndGlobalSection
	GlobalSection(SolutionProperties) = preSolution
		HideSolutionNode = FALSE
	EndGlobalSection
	GlobalSection(ExtensibilityGlobals) = postSolution
		SolutionGuid = {D0EF6830-8411-4A70-969E-72B6C2556133}
	EndGlobalSection
EndGlobal
