
Microsoft Visual Studio Solution File, Format Version 12.00
# Visual Studio Version 17
VisualStudioVersion = 17.8.34330.188
MinimumVisualStudioVersion = 10.0.40219.1
Project("{FAE04EC0-301F-11D3-BF4B-00C04F79EFBC}") = "CreatePdfDemoSample", "CreatePdfDemoSample\CreatePdfDemoSample.csproj", "{C710FE8F-6EA8-4610-85BA-2E857B2B1A58}"
EndProject
Global
	GlobalSection(SolutionConfigurationPlatforms) = preSolution
		Debug|Any CPU = Debug|Any CPU
		Release|Any CPU = Release|Any CPU
	EndGlobalSection
	GlobalSection(ProjectConfigurationPlatforms) = postSolution
		{C710FE8F-6EA8-4610-85BA-2E857B2B1A58}.Debug|Any CPU.ActiveCfg = Debug|Any CPU
		{C710FE8F-6EA8-4610-85BA-2E857B2B1A58}.Debug|Any CPU.Build.0 = Debug|Any CPU
		{C710FE8F-6EA8-4610-85BA-2E857B2B1A58}.Debug|Any CPU.Deploy.0 = Debug|Any CPU
		{C710FE8F-6EA8-4610-85BA-2E857B2B1A58}.Release|Any CPU.ActiveCfg = Release|Any CPU
		{C710FE8F-6EA8-4610-85BA-2E857B2B1A58}.Release|Any CPU.Build.0 = Release|Any CPU
		{C710FE8F-6EA8-4610-85BA-2E857B2B1A58}.Release|Any CPU.Deploy.0 = Release|Any CPU
	EndGlobalSection
	GlobalSection(SolutionProperties) = preSolution
		HideSolutionNode = FALSE
	EndGlobalSection
	GlobalSection(ExtensibilityGlobals) = postSolution
		SolutionGuid = {746F8B53-294C-4495-A6CD-97ED596BCCEA}
	EndGlobalSection
EndGlobal
