
Microsoft Visual Studio Solution File, Format Version 12.00
# Visual Studio 15
VisualStudioVersion = 15.0.28307.1000
MinimumVisualStudioVersion = 10.0.40219.1
Project("{FAE04EC0-301F-11D3-BF4B-00C04F79EFBC}") = "Navigate-to-external-document", "Navigate-to-external-document\Navigate-to-external-document.csproj", "{074CE173-E9EF-4D27-90BC-CD3227FF5971}"
EndProject
Global
	GlobalSection(SolutionConfigurationPlatforms) = preSolution
		Debug|Any CPU = Debug|Any CPU
		Release|Any CPU = Release|Any CPU
	EndGlobalSection
	GlobalSection(ProjectConfigurationPlatforms) = postSolution
		{074CE173-E9EF-4D27-90BC-CD3227FF5971}.Debug|Any CPU.ActiveCfg = Debug|Any CPU
		{074CE173-E9EF-4D27-90BC-CD3227FF5971}.Debug|Any CPU.Build.0 = Debug|Any CPU
		{074CE173-E9EF-4D27-90BC-CD3227FF5971}.Release|Any CPU.ActiveCfg = Release|Any CPU
		{074CE173-E9EF-4D27-90BC-CD3227FF5971}.Release|Any CPU.Build.0 = Release|Any CPU
	EndGlobalSection
	GlobalSection(SolutionProperties) = preSolution
		HideSolutionNode = FALSE
	EndGlobalSection
	GlobalSection(ExtensibilityGlobals) = postSolution
		SolutionGuid = {50F72D36-76F9-4BB7-8C76-7085CA6639E9}
	EndGlobalSection
EndGlobal
