
Microsoft Visual Studio Solution File, Format Version 12.00
# Visual Studio Version 17
VisualStudioVersion = 17.1.32407.343
MinimumVisualStudioVersion = 10.0.40219.1
Project("{FAE04EC0-301F-11D3-BF4B-00C04F79EFBC}") = "Add-a-mask-to-TIFF-image", "Add-a-mask-to-TIFF-image\Add-a-mask-to-TIFF-image.csproj", "{37B24FF3-EA4E-445C-9DBC-6074CC9B4B9B}"
EndProject
Global
	GlobalSection(SolutionConfigurationPlatforms) = preSolution
		Debug|Any CPU = Debug|Any CPU
		Release|Any CPU = Release|Any CPU
	EndGlobalSection
	GlobalSection(ProjectConfigurationPlatforms) = postSolution
		{37B24FF3-EA4E-445C-9DBC-6074CC9B4B9B}.Debug|Any CPU.ActiveCfg = Debug|Any CPU
		{37B24FF3-EA4E-445C-9DBC-6074CC9B4B9B}.Debug|Any CPU.Build.0 = Debug|Any CPU
		{37B24FF3-EA4E-445C-9DBC-6074CC9B4B9B}.Release|Any CPU.ActiveCfg = Release|Any CPU
		{37B24FF3-EA4E-445C-9DBC-6074CC9B4B9B}.Release|Any CPU.Build.0 = Release|Any CPU
	EndGlobalSection
	GlobalSection(SolutionProperties) = preSolution
		HideSolutionNode = FALSE
	EndGlobalSection
	GlobalSection(ExtensibilityGlobals) = postSolution
		SolutionGuid = {DC0E78C8-5C4F-45D1-95E5-0B49F29E3035}
	EndGlobalSection
EndGlobal
