
Microsoft Visual Studio Solution File, Format Version 12.00
# Visual Studio Version 18
VisualStudioVersion = 18.4.11626.88 stable
MinimumVisualStudioVersion = 10.0.40219.1
Project("{FAE04EC0-301F-11D3-BF4B-00C04F79EFBC}") = "Extract-border-less-table-detection", "Extract-border-less-table-detection\Extract-border-less-table-detection.csproj", "{83B2EA3C-AE8E-46CC-802F-2DE7D76D0C17}"
EndProject
Global
	GlobalSection(SolutionConfigurationPlatforms) = preSolution
		Debug|Any CPU = Debug|Any CPU
		Release|Any CPU = Release|Any CPU
	EndGlobalSection
	GlobalSection(ProjectConfigurationPlatforms) = postSolution
		{83B2EA3C-AE8E-46CC-802F-2DE7D76D0C17}.Debug|Any CPU.ActiveCfg = Debug|Any CPU
		{83B2EA3C-AE8E-46CC-802F-2DE7D76D0C17}.Debug|Any CPU.Build.0 = Debug|Any CPU
		{83B2EA3C-AE8E-46CC-802F-2DE7D76D0C17}.Release|Any CPU.ActiveCfg = Release|Any CPU
		{83B2EA3C-AE8E-46CC-802F-2DE7D76D0C17}.Release|Any CPU.Build.0 = Release|Any CPU
	EndGlobalSection
	GlobalSection(SolutionProperties) = preSolution
		HideSolutionNode = FALSE
	EndGlobalSection
	GlobalSection(ExtensibilityGlobals) = postSolution
		SolutionGuid = {B7018F64-F882-4B08-A65A-51BD9B15B5C0}
	EndGlobalSection
EndGlobal
