
Microsoft Visual Studio Solution File, Format Version 12.00
# Visual Studio Version 17
VisualStudioVersion = 17.1.32407.343
MinimumVisualStudioVersion = 10.0.40219.1
Project("{FAE04EC0-301F-11D3-BF4B-00C04F79EFBC}") = "Create-a-static-XFA-forms-in-a-PDF-document", "Create-a-static-XFA-forms-in-a-PDF-document\Create-a-static-XFA-forms-in-a-PDF-document.csproj", "{D40C2895-2616-4A59-8A59-12BEFD7ABE71}"
EndProject
Global
	GlobalSection(SolutionConfigurationPlatforms) = preSolution
		Debug|Any CPU = Debug|Any CPU
		Release|Any CPU = Release|Any CPU
	EndGlobalSection
	GlobalSection(ProjectConfigurationPlatforms) = postSolution
		{D40C2895-2616-4A59-8A59-12BEFD7ABE71}.Debug|Any CPU.ActiveCfg = Debug|Any CPU
		{D40C2895-2616-4A59-8A59-12BEFD7ABE71}.Debug|Any CPU.Build.0 = Debug|Any CPU
		{D40C2895-2616-4A59-8A59-12BEFD7ABE71}.Release|Any CPU.ActiveCfg = Release|Any CPU
		{D40C2895-2616-4A59-8A59-12BEFD7ABE71}.Release|Any CPU.Build.0 = Release|Any CPU
	EndGlobalSection
	GlobalSection(SolutionProperties) = preSolution
		HideSolutionNode = FALSE
	EndGlobalSection
	GlobalSection(ExtensibilityGlobals) = postSolution
		SolutionGuid = {2450AFA9-2B8E-4C32-B119-F5776CD91E24}
	EndGlobalSection
EndGlobal
