
Microsoft Visual Studio Solution File, Format Version 12.00
# Visual Studio Version 17
VisualStudioVersion = 17.14.36408.4 d17.14
MinimumVisualStudioVersion = 10.0.40219.1
Project("{FAE04EC0-301F-11D3-BF4B-00C04F79EFBC}") = "OCR-with-Tesseract-in-Docker-on-Linux", "OCR-with-Tesseract-in-Docker-on-Linux\OCR-with-Tesseract-in-Docker-on-Linux.csproj", "{92C3B623-ED53-4127-8161-975BCD7AA532}"
EndProject
Global
	GlobalSection(SolutionConfigurationPlatforms) = preSolution
		Debug|Any CPU = Debug|Any CPU
		Release|Any CPU = Release|Any CPU
	EndGlobalSection
	GlobalSection(ProjectConfigurationPlatforms) = postSolution
		{92C3B623-ED53-4127-8161-975BCD7AA532}.Debug|Any CPU.ActiveCfg = Debug|Any CPU
		{92C3B623-ED53-4127-8161-975BCD7AA532}.Debug|Any CPU.Build.0 = Debug|Any CPU
		{92C3B623-ED53-4127-8161-975BCD7AA532}.Release|Any CPU.ActiveCfg = Release|Any CPU
		{92C3B623-ED53-4127-8161-975BCD7AA532}.Release|Any CPU.Build.0 = Release|Any CPU
	EndGlobalSection
	GlobalSection(SolutionProperties) = preSolution
		HideSolutionNode = FALSE
	EndGlobalSection
	GlobalSection(ExtensibilityGlobals) = postSolution
		SolutionGuid = {BEF3B3F0-759C-4D53-BF94-8EB1E0E7D2FE}
	EndGlobalSection
EndGlobal
