
Microsoft Visual Studio Solution File, Format Version 12.00
# Visual Studio Version 17
VisualStudioVersion = 17.1.32407.343
MinimumVisualStudioVersion = 10.0.40219.1
Project("{FAE04EC0-301F-11D3-BF4B-00C04F79EFBC}") = "Flattening-annotations-with-popups-in-PDF", "Flattening-annotations-with-popups-in-PDF\Flattening-annotations-with-popups-in-PDF.csproj", "{8E9A2962-F738-4BCF-9F2B-897CCB428D74}"
EndProject
Global
	GlobalSection(SolutionConfigurationPlatforms) = preSolution
		Debug|Any CPU = Debug|Any CPU
		Release|Any CPU = Release|Any CPU
	EndGlobalSection
	GlobalSection(ProjectConfigurationPlatforms) = postSolution
		{8E9A2962-F738-4BCF-9F2B-897CCB428D74}.Debug|Any CPU.ActiveCfg = Debug|Any CPU
		{8E9A2962-F738-4BCF-9F2B-897CCB428D74}.Debug|Any CPU.Build.0 = Debug|Any CPU
		{8E9A2962-F738-4BCF-9F2B-897CCB428D74}.Release|Any CPU.ActiveCfg = Release|Any CPU
		{8E9A2962-F738-4BCF-9F2B-897CCB428D74}.Release|Any CPU.Build.0 = Release|Any CPU
	EndGlobalSection
	GlobalSection(SolutionProperties) = preSolution
		HideSolutionNode = FALSE
	EndGlobalSection
	GlobalSection(ExtensibilityGlobals) = postSolution
		SolutionGuid = {466F153E-39ED-41F4-831D-71CB541511F8}
	EndGlobalSection
EndGlobal
