
Microsoft Visual Studio Solution File, Format Version 12.00
# Visual Studio Version 17
VisualStudioVersion = 17.1.32407.343
MinimumVisualStudioVersion = 10.0.40219.1
Project("{FAE04EC0-301F-11D3-BF4B-00C04F79EFBC}") = "Add-a-popup-annotation-to-an-existing-PDF-document", "Add-a-popup-annotation-to-an-existing-PDF-document\Add-a-popup-annotation-to-an-existing-PDF-document.csproj", "{09592070-5859-4094-908C-4D81261AD407}"
EndProject
Global
	GlobalSection(SolutionConfigurationPlatforms) = preSolution
		Debug|Any CPU = Debug|Any CPU
		Release|Any CPU = Release|Any CPU
	EndGlobalSection
	GlobalSection(ProjectConfigurationPlatforms) = postSolution
		{09592070-5859-4094-908C-4D81261AD407}.Debug|Any CPU.ActiveCfg = Debug|Any CPU
		{09592070-5859-4094-908C-4D81261AD407}.Debug|Any CPU.Build.0 = Debug|Any CPU
		{09592070-5859-4094-908C-4D81261AD407}.Release|Any CPU.ActiveCfg = Release|Any CPU
		{09592070-5859-4094-908C-4D81261AD407}.Release|Any CPU.Build.0 = Release|Any CPU
	EndGlobalSection
	GlobalSection(SolutionProperties) = preSolution
		HideSolutionNode = FALSE
	EndGlobalSection
	GlobalSection(ExtensibilityGlobals) = postSolution
		SolutionGuid = {CF09E42F-7DE6-4DF1-BD0E-4AD815DF16EB}
	EndGlobalSection
EndGlobal
