
Microsoft Visual Studio Solution File, Format Version 12.00
# Visual Studio Version 17
VisualStudioVersion = 17.1.32407.343
MinimumVisualStudioVersion = 10.0.40219.1
Project("{FAE04EC0-301F-11D3-BF4B-00C04F79EFBC}") = "Add-nested-layers-in-the-PDF-document", "Add-nested-layers-in-the-PDF-document\Add-nested-layers-in-the-PDF-document.csproj", "{E1A731ED-5BA8-4492-AF40-3A3256170E8C}"
EndProject
Global
	GlobalSection(SolutionConfigurationPlatforms) = preSolution
		Debug|Any CPU = Debug|Any CPU
		Release|Any CPU = Release|Any CPU
	EndGlobalSection
	GlobalSection(ProjectConfigurationPlatforms) = postSolution
		{E1A731ED-5BA8-4492-AF40-3A3256170E8C}.Debug|Any CPU.ActiveCfg = Debug|Any CPU
		{E1A731ED-5BA8-4492-AF40-3A3256170E8C}.Debug|Any CPU.Build.0 = Debug|Any CPU
		{E1A731ED-5BA8-4492-AF40-3A3256170E8C}.Release|Any CPU.ActiveCfg = Release|Any CPU
		{E1A731ED-5BA8-4492-AF40-3A3256170E8C}.Release|Any CPU.Build.0 = Release|Any CPU
	EndGlobalSection
	GlobalSection(SolutionProperties) = preSolution
		HideSolutionNode = FALSE
	EndGlobalSection
	GlobalSection(ExtensibilityGlobals) = postSolution
		SolutionGuid = {C79D3F6B-1D77-49CD-8E0D-34AC4D46A0C4}
	EndGlobalSection
EndGlobal
