
Microsoft Visual Studio Solution File, Format Version 12.00
# Visual Studio Version 17
VisualStudioVersion = 17.3.32819.101
MinimumVisualStudioVersion = 10.0.40219.1
Project("{FAE04EC0-301F-11D3-BF4B-00C04F79EFBC}") = "Modify-the-existing-form-field-in-PDF-document", "Modify-the-existing-form-field-in-PDF-document\Modify-the-existing-form-field-in-PDF-document.csproj", "{DE66F6E1-55F7-4119-BCEC-C368C7B60FBE}"
EndProject
Global
	GlobalSection(SolutionConfigurationPlatforms) = preSolution
		Debug|Any CPU = Debug|Any CPU
		Release|Any CPU = Release|Any CPU
	EndGlobalSection
	GlobalSection(ProjectConfigurationPlatforms) = postSolution
		{DE66F6E1-55F7-4119-BCEC-C368C7B60FBE}.Debug|Any CPU.ActiveCfg = Debug|Any CPU
		{DE66F6E1-55F7-4119-BCEC-C368C7B60FBE}.Debug|Any CPU.Build.0 = Debug|Any CPU
		{DE66F6E1-55F7-4119-BCEC-C368C7B60FBE}.Release|Any CPU.ActiveCfg = Release|Any CPU
		{DE66F6E1-55F7-4119-BCEC-C368C7B60FBE}.Release|Any CPU.Build.0 = Release|Any CPU
	EndGlobalSection
	GlobalSection(SolutionProperties) = preSolution
		HideSolutionNode = FALSE
	EndGlobalSection
	GlobalSection(ExtensibilityGlobals) = postSolution
		SolutionGuid = {BAE1A961-FAED-4C49-B7E2-CA0EF8D03C58}
	EndGlobalSection
EndGlobal
