
Microsoft Visual Studio Solution File, Format Version 12.00
# Visual Studio Version 17
VisualStudioVersion = 17.1.32407.343
MinimumVisualStudioVersion = 10.0.40219.1
Project("{FAE04EC0-301F-11D3-BF4B-00C04F79EFBC}") = "Adding-attachment-to-a-PDF-document", "Adding-attachment-to-a-PDF-document\Adding-attachment-to-a-PDF-document.csproj", "{CF6C4C9C-A9F6-4C5B-90E7-046DA33765CE}"
EndProject
Global
	GlobalSection(SolutionConfigurationPlatforms) = preSolution
		Debug|Any CPU = Debug|Any CPU
		Release|Any CPU = Release|Any CPU
	EndGlobalSection
	GlobalSection(ProjectConfigurationPlatforms) = postSolution
		{CF6C4C9C-A9F6-4C5B-90E7-046DA33765CE}.Debug|Any CPU.ActiveCfg = Debug|Any CPU
		{CF6C4C9C-A9F6-4C5B-90E7-046DA33765CE}.Debug|Any CPU.Build.0 = Debug|Any CPU
		{CF6C4C9C-A9F6-4C5B-90E7-046DA33765CE}.Release|Any CPU.ActiveCfg = Release|Any CPU
		{CF6C4C9C-A9F6-4C5B-90E7-046DA33765CE}.Release|Any CPU.Build.0 = Release|Any CPU
	EndGlobalSection
	GlobalSection(SolutionProperties) = preSolution
		HideSolutionNode = FALSE
	EndGlobalSection
	GlobalSection(ExtensibilityGlobals) = postSolution
		SolutionGuid = {3B9561AB-79AC-439B-862F-30C4E017A13C}
	EndGlobalSection
EndGlobal
