
Microsoft Visual Studio Solution File, Format Version 12.00
# Visual Studio Version 17
VisualStudioVersion = 17.1.32407.343
MinimumVisualStudioVersion = 10.0.40219.1
Project("{FAE04EC0-301F-11D3-BF4B-00C04F79EFBC}") = "Add-tag-for-the-text-element-in-PDF-document", "Add-tag-for-the-text-element-in-PDF-document\Add-tag-for-the-text-element-in-PDF-document.csproj", "{E57B6A14-9153-4872-9AC0-8E4C4192BCAF}"
EndProject
Global
	GlobalSection(SolutionConfigurationPlatforms) = preSolution
		Debug|Any CPU = Debug|Any CPU
		Release|Any CPU = Release|Any CPU
	EndGlobalSection
	GlobalSection(ProjectConfigurationPlatforms) = postSolution
		{E57B6A14-9153-4872-9AC0-8E4C4192BCAF}.Debug|Any CPU.ActiveCfg = Debug|Any CPU
		{E57B6A14-9153-4872-9AC0-8E4C4192BCAF}.Debug|Any CPU.Build.0 = Debug|Any CPU
		{E57B6A14-9153-4872-9AC0-8E4C4192BCAF}.Release|Any CPU.ActiveCfg = Release|Any CPU
		{E57B6A14-9153-4872-9AC0-8E4C4192BCAF}.Release|Any CPU.Build.0 = Release|Any CPU
	EndGlobalSection
	GlobalSection(SolutionProperties) = preSolution
		HideSolutionNode = FALSE
	EndGlobalSection
	GlobalSection(ExtensibilityGlobals) = postSolution
		SolutionGuid = {56B1E0E1-541B-4803-94F2-2E97022E2695}
	EndGlobalSection
EndGlobal
