
Microsoft Visual Studio Solution File, Format Version 12.00
# Visual Studio Version 18
VisualStudioVersion = 18.9.12120.119 stable
MinimumVisualStudioVersion = 10.0.40219.1
Project("{FAE04EC0-301F-11D3-BF4B-00C04F79EFBC}") = "Convert-data-as-HTML-from-PDF", "Convert-data-as-HTML-from-PDF\Convert-data-as-HTML-from-PDF.csproj", "{FDBD77B9-89B8-E1B9-739F-054D5E3DA61C}"
EndProject
Global
	GlobalSection(SolutionConfigurationPlatforms) = preSolution
		Debug|Any CPU = Debug|Any CPU
		Release|Any CPU = Release|Any CPU
	EndGlobalSection
	GlobalSection(ProjectConfigurationPlatforms) = postSolution
		{FDBD77B9-89B8-E1B9-739F-054D5E3DA61C}.Debug|Any CPU.ActiveCfg = Debug|Any CPU
		{FDBD77B9-89B8-E1B9-739F-054D5E3DA61C}.Debug|Any CPU.Build.0 = Debug|Any CPU
		{FDBD77B9-89B8-E1B9-739F-054D5E3DA61C}.Release|Any CPU.ActiveCfg = Release|Any CPU
		{FDBD77B9-89B8-E1B9-739F-054D5E3DA61C}.Release|Any CPU.Build.0 = Release|Any CPU
	EndGlobalSection
	GlobalSection(SolutionProperties) = preSolution
		HideSolutionNode = FALSE
	EndGlobalSection
EndGlobal
